{
	"name": "@auriserve/plugin-elements-base",
	"version": "0.0.1",
	"lockfileVersion": 2,
	"requires": true,
	"packages": {
		"": {
			"name": "@auriserve/plugin-elements-base",
			"version": "0.0.1",
			"license": "MIT",
			"dependencies": {
				"auriserve": "file:../../api/build",
				"common": "file:../../common/build"
			},
			"devDependencies": {
				"@types/elements": "file:../elements",
				"@types/hydrated": "file:../hydrated",
				"@types/routes": "file:../routes",
				"preact": "^10.10.2",
				"webpack-gen": "file:../../webpack-gen"
			}
		},
		"../../api/build": {
			"name": "@auriserve/api",
			"version": "0.0.0",
			"license": "MIT",
			"dependencies": {
				"common": "file:../../common/build/"
			}
		},
		"../../common/build": {
			"name": "@auriserve/common",
			"version": "0.0.0",
			"license": "MIT",
			"dependencies": {
				"dayjs": "^1.10.5"
			}
		},
		"../../webpack-gen": {
			"version": "0.0.1",
			"dev": true,
			"license": "MIT",
			"dependencies": {
				"js-yaml": "^4.1.0",
				"minimist": "^1.2.6"
			},
			"bin": {
				"webpack-gen": "build/Main.js"
			},
			"devDependencies": {
				"@babel/core": "^7.18.13",
				"@babel/plugin-transform-react-jsx": "^7.18.10",
				"@babel/preset-env": "^7.18.10",
				"@babel/preset-typescript": "^7.18.6",
				"@types/js-yaml": "^4.0.5",
				"@types/minimist": "^1.2.2",
				"babel-loader": "^8.2.5",
				"css-loader": "^6.7.1",
				"eslint-webpack-plugin": "^3.2.0",
				"fork-ts-checker-webpack-plugin": "^7.2.13",
				"mini-css-extract-plugin": "^2.6.1",
				"nodemon": "^2.0.19",
				"postcss-loader": "^7.0.1",
				"postcss-minify": "^1.1.0",
				"postcss-nested": "^5.0.6",
				"typescript": "^4.7.4",
				"webpack-merge": "^5.8.0"
			}
		},
		"../elements": {
			"name": "@auriserve/plugin-elements",
			"version": "0.0.1",
			"dev": true,
			"license": "MIT",
			"dependencies": {
				"common": "file:../../common/build"
			},
			"devDependencies": {
				"preact": "^10.10.2",
				"preact-render-to-string": "^5.2.1",
				"webpack-gen": "file:../../webpack-gen"
			}
		},
		"../hydrated": {
			"name": "@auriserve/plugin-hydrated",
			"version": "0.0.1",
			"dev": true,
			"license": "MIT",
			"dependencies": {
				"auriserve": "file:../../api/build",
				"common": "file:../../common/build"
			},
			"devDependencies": {
				"@types/elements": "file:../elements",
				"preact": "^10.10.2",
				"webpack-gen": "file:../../webpack-gen"
			}
		},
		"../preact": {
			"name": "@auriserve/plugin-preact",
			"version": "1.0.0",
			"extraneous": true,
			"license": "MIT",
			"dependencies": {
				"auriserve": "file:../../api/build",
				"common": "file:../../common/build",
				"preact": "^10.6.4",
				"preact-render-to-string": "^5.1.19"
			},
			"devDependencies": {
				"@babel/core": "^7.16.7",
				"@babel/preset-typescript": "^7.16.7",
				"@typescript-eslint/eslint-plugin": "^5.9.1",
				"@typescript-eslint/parser": "^5.9.1",
				"babel-loader": "^8.2.3",
				"fork-ts-checker-webpack-plugin": "^6.5.0",
				"ts-loader": "^9.2.6",
				"webpack-cli": "^4.9.1"
			}
		},
		"../routes": {
			"name": "@auriserve/plugin-routes",
			"version": "0.0.1",
			"dev": true,
			"license": "UNLICENSED",
			"dependencies": {
				"auriserve": "file:../../api/build",
				"common": "file:../../common/build"
			},
			"devDependencies": {
				"webpack-gen": "file:../../webpack-gen"
			}
		},
		"node_modules/@types/elements": {
			"resolved": "../elements",
			"link": true
		},
		"node_modules/@types/hydrated": {
			"resolved": "../hydrated",
			"link": true
		},
		"node_modules/@types/routes": {
			"resolved": "../routes",
			"link": true
		},
		"node_modules/auriserve": {
			"resolved": "../../api/build",
			"link": true
		},
		"node_modules/common": {
			"resolved": "../../common/build",
			"link": true
		},
		"node_modules/preact": {
			"version": "10.10.2",
			"resolved": "https://registry.npmjs.org/preact/-/preact-10.10.2.tgz",
			"integrity": "sha512-GUXSsfwq4NKhlLYY5ctfNE0IjFk7Xo4952yPI8yMkXdhzeQmQ+FahZITe7CeHXMPyKBVQ8SoCmGNIy9TSOdhgQ==",
			"dev": true,
			"funding": {
				"type": "opencollective",
				"url": "https://opencollective.com/preact"
			}
		},
		"node_modules/webpack-gen": {
			"resolved": "../../webpack-gen",
			"link": true
		}
	},
	"dependencies": {
		"@types/elements": {
			"version": "file:../elements",
			"requires": {
				"common": "file:../../common/build",
				"preact": "^10.10.2",
				"preact-render-to-string": "^5.2.1",
				"webpack-gen": "file:../../webpack-gen"
			}
		},
		"@types/hydrated": {
			"version": "file:../hydrated",
			"requires": {
				"@types/elements": "file:../elements",
				"auriserve": "file:../../api/build",
				"common": "file:../../common/build",
				"preact": "^10.10.2",
				"webpack-gen": "file:../../webpack-gen"
			}
		},
		"@types/routes": {
			"version": "file:../routes",
			"requires": {
				"auriserve": "file:../../api/build",
				"common": "file:../../common/build",
				"webpack-gen": "file:../../webpack-gen"
			}
		},
		"auriserve": {
			"version": "file:../../api/build",
			"requires": {
				"common": "file:../../common/build"
			}
		},
		"common": {
			"version": "file:../../common/build",
			"requires": {
				"dayjs": "^1.10.5"
			}
		},
		"preact": {
			"version": "10.10.2",
			"resolved": "https://registry.npmjs.org/preact/-/preact-10.10.2.tgz",
			"integrity": "sha512-GUXSsfwq4NKhlLYY5ctfNE0IjFk7Xo4952yPI8yMkXdhzeQmQ+FahZITe7CeHXMPyKBVQ8SoCmGNIy9TSOdhgQ==",
			"dev": true
		},
		"webpack-gen": {
			"version": "file:../../webpack-gen",
			"requires": {
				"@babel/core": "^7.18.13",
				"@babel/plugin-transform-react-jsx": "^7.18.10",
				"@babel/preset-env": "^7.18.10",
				"@babel/preset-typescript": "^7.18.6",
				"@types/js-yaml": "^4.0.5",
				"@types/minimist": "^1.2.2",
				"babel-loader": "^8.2.5",
				"css-loader": "^6.7.1",
				"eslint-webpack-plugin": "^3.2.0",
				"fork-ts-checker-webpack-plugin": "^7.2.13",
				"js-yaml": "^4.1.0",
				"mini-css-extract-plugin": "^2.6.1",
				"minimist": "^1.2.6",
				"nodemon": "^2.0.19",
				"postcss-loader": "^7.0.1",
				"postcss-minify": "^1.1.0",
				"postcss-nested": "^5.0.6",
				"typescript": "^4.7.4",
				"webpack-merge": "^5.8.0"
			}
		}
	}
}
