{
	"name": "@auriserve/plugin-dashboard",
	"version": "0.0.1",
	"lockfileVersion": 2,
	"requires": true,
	"packages": {
		"": {
			"name": "@auriserve/plugin-dashboard",
			"version": "0.0.1",
			"license": "AGPL-3.0-only",
			"dependencies": {
				"@headlessui/react": "^1.6.6",
				"@twind/preset-tailwind": "^1.0.0-next.35",
				"auriserve": "file:../../api/build",
				"common": "file:../../common/build",
				"graphql": "^16.5.0",
				"preact": "^10.10.2",
				"react-router-dom": "^6.3.0",
				"twind": "^1.0.0-next.35",
				"vibin-hooks": "^0.3.0"
			},
			"devDependencies": {
				"@types/routes": "file:../routes",
				"@types/users": "file:../users",
				"webpack-gen": "file:../../webpack-gen"
			}
		},
		"../../api/build": {
			"name": "@auriserve/api",
			"version": "0.0.0",
			"license": "MIT",
			"dependencies": {
				"common": "file:../../common/build/"
			}
		},
		"../../common/build": {
			"name": "@auriserve/common",
			"version": "0.0.0",
			"license": "MIT",
			"dependencies": {
				"dayjs": "^1.10.5"
			}
		},
		"../../webpack-gen": {
			"version": "0.0.1",
			"dev": true,
			"license": "MIT",
			"dependencies": {
				"js-yaml": "^4.1.0",
				"minimist": "^1.2.6"
			},
			"bin": {
				"webpack-gen": "build/Main.js"
			},
			"devDependencies": {
				"@babel/core": "^7.18.13",
				"@babel/plugin-transform-react-jsx": "^7.18.10",
				"@babel/preset-env": "^7.18.10",
				"@babel/preset-typescript": "^7.18.6",
				"@types/js-yaml": "^4.0.5",
				"@types/minimist": "^1.2.2",
				"babel-loader": "^8.2.5",
				"css-loader": "^6.7.1",
				"eslint-webpack-plugin": "^3.2.0",
				"fork-ts-checker-webpack-plugin": "^7.2.13",
				"mini-css-extract-plugin": "^2.6.1",
				"nodemon": "^2.0.19",
				"postcss-loader": "^7.0.1",
				"postcss-minify": "^1.1.0",
				"postcss-nested": "^5.0.6",
				"typescript": "^4.7.4",
				"webpack-merge": "^5.8.0"
			}
		},
		"../common/build": {
			"name": "@auriserve/common",
			"version": "0.0.0",
			"extraneous": true,
			"license": "MIT",
			"dependencies": {
				"dayjs": "^1.10.5"
			}
		},
		"../routes": {
			"name": "@auriserve/plugin-routes",
			"version": "0.0.1",
			"dev": true,
			"license": "UNLICENSED",
			"dependencies": {
				"auriserve": "file:../../api/build",
				"common": "file:../../common/build"
			},
			"devDependencies": {
				"webpack-gen": "file:../../webpack-gen"
			}
		},
		"../users": {
			"name": "@auriserve/plugin-users",
			"version": "0.0.1",
			"dev": true,
			"license": "MIT",
			"dependencies": {
				"auriserve": "file:../../api/build",
				"bcryptjs": "^2.4.3",
				"common": "file:../../common/build",
				"nanoid": "^3.3.1"
			},
			"devDependencies": {
				"@types/bcryptjs": "^2.4.2",
				"preact": "^10.10.2",
				"webpack-gen": "file:../../webpack-gen"
			}
		},
		"node_modules/@babel/runtime": {
			"version": "7.18.9",
			"resolved": "https://registry.npmjs.org/@babel/runtime/-/runtime-7.18.9.tgz",
			"integrity": "sha512-lkqXDcvlFT5rvEjiu6+QYO+1GXrEHRo2LOtS7E4GtX5ESIZOgepqsZBVIj6Pv+a6zqsya9VCgiK1KAK4BvJDAw==",
			"dependencies": {
				"regenerator-runtime": "^0.13.4"
			},
			"engines": {
				"node": ">=6.9.0"
			}
		},
		"node_modules/@headlessui/react": {
			"version": "1.6.6",
			"resolved": "https://registry.npmjs.org/@headlessui/react/-/react-1.6.6.tgz",
			"integrity": "sha512-MFJtmj9Xh/hhBMhLccGbBoSk+sk61BlP6sJe4uQcVMtXZhCgGqd2GyIQzzmsdPdTEWGSF434CBi8mnhR6um46Q==",
			"engines": {
				"node": ">=10"
			},
			"peerDependencies": {
				"react": "^16 || ^17 || ^18",
				"react-dom": "^16 || ^17 || ^18"
			}
		},
		"node_modules/@swc/helpers": {
			"version": "0.3.2",
			"resolved": "https://registry.npmjs.org/@swc/helpers/-/helpers-0.3.2.tgz",
			"integrity": "sha512-qEru2uaH1vKZNCZR4rFCUZaflsBP7IWiGcIoQe22qi5tm+HEG/yPdhSba+ZCNTWk2xyYpx/nEFkncDY3orEx3w=="
		},
		"node_modules/@twind/preset-tailwind": {
			"version": "1.0.0-next.35",
			"resolved": "https://registry.npmjs.org/@twind/preset-tailwind/-/preset-tailwind-1.0.0-next.35.tgz",
			"integrity": "sha512-TdDepxEiHl+YK3SC2okoUA/ySFuIJtxuutG7cIPC7jum7QgaZGRzbNSpYqyS6lhgv7+OxMPaCjb2TTpwlGW+Eg==",
			"funding": [
				{
					"type": "Open Collective",
					"url": "https://opencollective.com/twind"
				},
				{
					"type": "Github Sponsor",
					"url": "https://github.com/sponsors/tw-in-js"
				}
			],
			"dependencies": {
				"@swc/helpers": "^0.3.2"
			},
			"engines": {
				"node": ">=12.4"
			},
			"peerDependencies": {
				"twind": "1.0.0-next.35",
				"typescript": "^4.4.0"
			},
			"peerDependenciesMeta": {
				"typescript": {
					"optional": true
				}
			}
		},
		"node_modules/@types/routes": {
			"resolved": "../routes",
			"link": true
		},
		"node_modules/@types/users": {
			"resolved": "../users",
			"link": true
		},
		"node_modules/auriserve": {
			"resolved": "../../api/build",
			"link": true
		},
		"node_modules/common": {
			"resolved": "../../common/build",
			"link": true
		},
		"node_modules/csstype": {
			"version": "3.0.10",
			"resolved": "https://registry.npmjs.org/csstype/-/csstype-3.0.10.tgz",
			"integrity": "sha512-2u44ZG2OcNUO9HDp/Jl8C07x6pU/eTR3ncV91SiK3dhG9TWvRVsCoJw14Ckx5DgWkzGA3waZWO3d7pgqpUI/XA=="
		},
		"node_modules/graphql": {
			"version": "16.5.0",
			"resolved": "https://registry.npmjs.org/graphql/-/graphql-16.5.0.tgz",
			"integrity": "sha512-qbHgh8Ix+j/qY+a/ZcJnFQ+j8ezakqPiHwPiZhV/3PgGlgf96QMBB5/f2rkiC9sgLoy/xvT6TSiaf2nTHJh5iA==",
			"engines": {
				"node": "^12.22.0 || ^14.16.0 || ^16.0.0 || >=17.0.0"
			}
		},
		"node_modules/history": {
			"version": "5.3.0",
			"resolved": "https://registry.npmjs.org/history/-/history-5.3.0.tgz",
			"integrity": "sha512-ZqaKwjjrAYUYfLG+htGaIIZ4nioX2L70ZUMIFysS3xvBsSG4x/n1V6TXV3N8ZYNuFGlDirFg32T7B6WOUPDYcQ==",
			"dependencies": {
				"@babel/runtime": "^7.7.6"
			}
		},
		"node_modules/js-tokens": {
			"version": "4.0.0",
			"resolved": "https://registry.npmjs.org/js-tokens/-/js-tokens-4.0.0.tgz",
			"integrity": "sha512-RdJUflcE3cUzKiMqQgsCu06FPu9UdIJO0beYbPhHN4k6apgJtifcoCtT9bcxOpYBtpD2kCM6Sbzg4CausW/PKQ==",
			"peer": true
		},
		"node_modules/loose-envify": {
			"version": "1.4.0",
			"resolved": "https://registry.npmjs.org/loose-envify/-/loose-envify-1.4.0.tgz",
			"integrity": "sha512-lyuxPGr/Wfhrlem2CL/UcnUc1zcqKAImBDzukY7Y5F/yQiNdko6+fRLevlw1HgMySw7f611UIY408EtxRSoK3Q==",
			"peer": true,
			"dependencies": {
				"js-tokens": "^3.0.0 || ^4.0.0"
			},
			"bin": {
				"loose-envify": "cli.js"
			}
		},
		"node_modules/object-assign": {
			"version": "4.1.1",
			"resolved": "https://registry.npmjs.org/object-assign/-/object-assign-4.1.1.tgz",
			"integrity": "sha1-IQmtx5ZYh8/AXLvUQsrIv7s2CGM=",
			"peer": true,
			"engines": {
				"node": ">=0.10.0"
			}
		},
		"node_modules/preact": {
			"version": "10.10.2",
			"resolved": "https://registry.npmjs.org/preact/-/preact-10.10.2.tgz",
			"integrity": "sha512-GUXSsfwq4NKhlLYY5ctfNE0IjFk7Xo4952yPI8yMkXdhzeQmQ+FahZITe7CeHXMPyKBVQ8SoCmGNIy9TSOdhgQ==",
			"funding": {
				"type": "opencollective",
				"url": "https://opencollective.com/preact"
			}
		},
		"node_modules/react": {
			"version": "17.0.2",
			"resolved": "https://registry.npmjs.org/react/-/react-17.0.2.tgz",
			"integrity": "sha512-gnhPt75i/dq/z3/6q/0asP78D0u592D5L1pd7M8P+dck6Fu/jJeL6iVVK23fptSUZj8Vjf++7wXA8UNclGQcbA==",
			"peer": true,
			"dependencies": {
				"loose-envify": "^1.1.0",
				"object-assign": "^4.1.1"
			},
			"engines": {
				"node": ">=0.10.0"
			}
		},
		"node_modules/react-dom": {
			"version": "17.0.2",
			"resolved": "https://registry.npmjs.org/react-dom/-/react-dom-17.0.2.tgz",
			"integrity": "sha512-s4h96KtLDUQlsENhMn1ar8t2bEa+q/YAtj8pPPdIjPDGBDIVNsrD9aXNWqspUe6AzKCIG0C1HZZLqLV7qpOBGA==",
			"peer": true,
			"dependencies": {
				"loose-envify": "^1.1.0",
				"object-assign": "^4.1.1",
				"scheduler": "^0.20.2"
			},
			"peerDependencies": {
				"react": "17.0.2"
			}
		},
		"node_modules/react-router": {
			"version": "6.3.0",
			"resolved": "https://registry.npmjs.org/react-router/-/react-router-6.3.0.tgz",
			"integrity": "sha512-7Wh1DzVQ+tlFjkeo+ujvjSqSJmkt1+8JO+T5xklPlgrh70y7ogx75ODRW0ThWhY7S+6yEDks8TYrtQe/aoboBQ==",
			"dependencies": {
				"history": "^5.2.0"
			},
			"peerDependencies": {
				"react": ">=16.8"
			}
		},
		"node_modules/react-router-dom": {
			"version": "6.3.0",
			"resolved": "https://registry.npmjs.org/react-router-dom/-/react-router-dom-6.3.0.tgz",
			"integrity": "sha512-uaJj7LKytRxZNQV8+RbzJWnJ8K2nPsOOEuX7aQstlMZKQT0164C+X2w6bnkqU3sjtLvpd5ojrezAyfZ1+0sStw==",
			"dependencies": {
				"history": "^5.2.0",
				"react-router": "6.3.0"
			},
			"peerDependencies": {
				"react": ">=16.8",
				"react-dom": ">=16.8"
			}
		},
		"node_modules/regenerator-runtime": {
			"version": "0.13.9",
			"resolved": "https://registry.npmjs.org/regenerator-runtime/-/regenerator-runtime-0.13.9.tgz",
			"integrity": "sha512-p3VT+cOEgxFsRRA9X4lkI1E+k2/CtnKtU4gcxyaCUreilL/vqI6CdZ3wxVUx3UOUg+gnUOQQcRI7BmSI656MYA=="
		},
		"node_modules/scheduler": {
			"version": "0.20.2",
			"resolved": "https://registry.npmjs.org/scheduler/-/scheduler-0.20.2.tgz",
			"integrity": "sha512-2eWfGgAqqWFGqtdMmcL5zCMK1U8KlXv8SQFGglL3CEtd0aDVDWgeF/YoCmvln55m5zSk3J/20hTaSBeSObsQDQ==",
			"peer": true,
			"dependencies": {
				"loose-envify": "^1.1.0",
				"object-assign": "^4.1.1"
			}
		},
		"node_modules/twind": {
			"version": "1.0.0-next.35",
			"resolved": "https://registry.npmjs.org/twind/-/twind-1.0.0-next.35.tgz",
			"integrity": "sha512-DYNxEPOmGW8KoIsZYy5SeD0Iqzmly1C44T5qIM34ipnlZ2Z5y4mGkY3DXI3UVwSKfNb1GIe0abWHMSuOJLk7Uw==",
			"funding": [
				{
					"type": "Open Collective",
					"url": "https://opencollective.com/twind"
				},
				{
					"type": "Github Sponsor",
					"url": "https://github.com/sponsors/tw-in-js"
				}
			],
			"dependencies": {
				"@swc/helpers": "^0.3.2",
				"csstype": "^3.0.10"
			},
			"engines": {
				"node": ">=12.4"
			},
			"peerDependencies": {
				"typescript": "^4.4.0"
			},
			"peerDependenciesMeta": {
				"typescript": {
					"optional": true
				}
			}
		},
		"node_modules/typescript": {
			"version": "4.5.4",
			"resolved": "https://registry.npmjs.org/typescript/-/typescript-4.5.4.tgz",
			"integrity": "sha512-VgYs2A2QIRuGphtzFV7aQJduJ2gyfTljngLzjpfW9FoYZF6xuw1W0vW9ghCKLfcWrCFxK81CSGRAvS1pn4fIUg==",
			"optional": true,
			"peer": true,
			"bin": {
				"tsc": "bin/tsc",
				"tsserver": "bin/tsserver"
			},
			"engines": {
				"node": ">=4.2.0"
			}
		},
		"node_modules/vibin-hooks": {
			"version": "0.3.0",
			"resolved": "https://registry.npmjs.org/vibin-hooks/-/vibin-hooks-0.3.0.tgz",
			"integrity": "sha512-oLNEE28sAxtD/7VjUj2wm3TcpJz7A4ln4MufkSDslI8F0kbhrAE04pM8p1+9G+ym3/b2f6JN4dVqUAVdFfB3/A==",
			"peerDependencies": {
				"react": ">16.0.0"
			}
		},
		"node_modules/webpack-gen": {
			"resolved": "../../webpack-gen",
			"link": true
		}
	},
	"dependencies": {
		"@babel/runtime": {
			"version": "7.18.9",
			"resolved": "https://registry.npmjs.org/@babel/runtime/-/runtime-7.18.9.tgz",
			"integrity": "sha512-lkqXDcvlFT5rvEjiu6+QYO+1GXrEHRo2LOtS7E4GtX5ESIZOgepqsZBVIj6Pv+a6zqsya9VCgiK1KAK4BvJDAw==",
			"requires": {
				"regenerator-runtime": "^0.13.4"
			}
		},
		"@headlessui/react": {
			"version": "1.6.6",
			"resolved": "https://registry.npmjs.org/@headlessui/react/-/react-1.6.6.tgz",
			"integrity": "sha512-MFJtmj9Xh/hhBMhLccGbBoSk+sk61BlP6sJe4uQcVMtXZhCgGqd2GyIQzzmsdPdTEWGSF434CBi8mnhR6um46Q==",
			"requires": {}
		},
		"@swc/helpers": {
			"version": "0.3.2",
			"resolved": "https://registry.npmjs.org/@swc/helpers/-/helpers-0.3.2.tgz",
			"integrity": "sha512-qEru2uaH1vKZNCZR4rFCUZaflsBP7IWiGcIoQe22qi5tm+HEG/yPdhSba+ZCNTWk2xyYpx/nEFkncDY3orEx3w=="
		},
		"@twind/preset-tailwind": {
			"version": "1.0.0-next.35",
			"resolved": "https://registry.npmjs.org/@twind/preset-tailwind/-/preset-tailwind-1.0.0-next.35.tgz",
			"integrity": "sha512-TdDepxEiHl+YK3SC2okoUA/ySFuIJtxuutG7cIPC7jum7QgaZGRzbNSpYqyS6lhgv7+OxMPaCjb2TTpwlGW+Eg==",
			"requires": {
				"@swc/helpers": "^0.3.2"
			}
		},
		"@types/routes": {
			"version": "file:../routes",
			"requires": {
				"auriserve": "file:../../api/build",
				"common": "file:../../common/build",
				"webpack-gen": "file:../../webpack-gen"
			}
		},
		"@types/users": {
			"version": "file:../users",
			"requires": {
				"@types/bcryptjs": "^2.4.2",
				"auriserve": "file:../../api/build",
				"bcryptjs": "^2.4.3",
				"common": "file:../../common/build",
				"nanoid": "^3.3.1",
				"preact": "^10.10.2",
				"webpack-gen": "file:../../webpack-gen"
			}
		},
		"auriserve": {
			"version": "file:../../api/build",
			"requires": {
				"common": "file:../../common/build"
			}
		},
		"common": {
			"version": "file:../../common/build",
			"requires": {
				"dayjs": "^1.10.5"
			}
		},
		"csstype": {
			"version": "3.0.10",
			"resolved": "https://registry.npmjs.org/csstype/-/csstype-3.0.10.tgz",
			"integrity": "sha512-2u44ZG2OcNUO9HDp/Jl8C07x6pU/eTR3ncV91SiK3dhG9TWvRVsCoJw14Ckx5DgWkzGA3waZWO3d7pgqpUI/XA=="
		},
		"graphql": {
			"version": "16.5.0",
			"resolved": "https://registry.npmjs.org/graphql/-/graphql-16.5.0.tgz",
			"integrity": "sha512-qbHgh8Ix+j/qY+a/ZcJnFQ+j8ezakqPiHwPiZhV/3PgGlgf96QMBB5/f2rkiC9sgLoy/xvT6TSiaf2nTHJh5iA=="
		},
		"history": {
			"version": "5.3.0",
			"resolved": "https://registry.npmjs.org/history/-/history-5.3.0.tgz",
			"integrity": "sha512-ZqaKwjjrAYUYfLG+htGaIIZ4nioX2L70ZUMIFysS3xvBsSG4x/n1V6TXV3N8ZYNuFGlDirFg32T7B6WOUPDYcQ==",
			"requires": {
				"@babel/runtime": "^7.7.6"
			}
		},
		"js-tokens": {
			"version": "4.0.0",
			"resolved": "https://registry.npmjs.org/js-tokens/-/js-tokens-4.0.0.tgz",
			"integrity": "sha512-RdJUflcE3cUzKiMqQgsCu06FPu9UdIJO0beYbPhHN4k6apgJtifcoCtT9bcxOpYBtpD2kCM6Sbzg4CausW/PKQ==",
			"peer": true
		},
		"loose-envify": {
			"version": "1.4.0",
			"resolved": "https://registry.npmjs.org/loose-envify/-/loose-envify-1.4.0.tgz",
			"integrity": "sha512-lyuxPGr/Wfhrlem2CL/UcnUc1zcqKAImBDzukY7Y5F/yQiNdko6+fRLevlw1HgMySw7f611UIY408EtxRSoK3Q==",
			"peer": true,
			"requires": {
				"js-tokens": "^3.0.0 || ^4.0.0"
			}
		},
		"object-assign": {
			"version": "4.1.1",
			"resolved": "https://registry.npmjs.org/object-assign/-/object-assign-4.1.1.tgz",
			"integrity": "sha1-IQmtx5ZYh8/AXLvUQsrIv7s2CGM=",
			"peer": true
		},
		"preact": {
			"version": "10.10.2",
			"resolved": "https://registry.npmjs.org/preact/-/preact-10.10.2.tgz",
			"integrity": "sha512-GUXSsfwq4NKhlLYY5ctfNE0IjFk7Xo4952yPI8yMkXdhzeQmQ+FahZITe7CeHXMPyKBVQ8SoCmGNIy9TSOdhgQ=="
		},
		"react": {
			"version": "17.0.2",
			"resolved": "https://registry.npmjs.org/react/-/react-17.0.2.tgz",
			"integrity": "sha512-gnhPt75i/dq/z3/6q/0asP78D0u592D5L1pd7M8P+dck6Fu/jJeL6iVVK23fptSUZj8Vjf++7wXA8UNclGQcbA==",
			"peer": true,
			"requires": {
				"loose-envify": "^1.1.0",
				"object-assign": "^4.1.1"
			}
		},
		"react-dom": {
			"version": "17.0.2",
			"resolved": "https://registry.npmjs.org/react-dom/-/react-dom-17.0.2.tgz",
			"integrity": "sha512-s4h96KtLDUQlsENhMn1ar8t2bEa+q/YAtj8pPPdIjPDGBDIVNsrD9aXNWqspUe6AzKCIG0C1HZZLqLV7qpOBGA==",
			"peer": true,
			"requires": {
				"loose-envify": "^1.1.0",
				"object-assign": "^4.1.1",
				"scheduler": "^0.20.2"
			}
		},
		"react-router": {
			"version": "6.3.0",
			"resolved": "https://registry.npmjs.org/react-router/-/react-router-6.3.0.tgz",
			"integrity": "sha512-7Wh1DzVQ+tlFjkeo+ujvjSqSJmkt1+8JO+T5xklPlgrh70y7ogx75ODRW0ThWhY7S+6yEDks8TYrtQe/aoboBQ==",
			"requires": {
				"history": "^5.2.0"
			}
		},
		"react-router-dom": {
			"version": "6.3.0",
			"resolved": "https://registry.npmjs.org/react-router-dom/-/react-router-dom-6.3.0.tgz",
			"integrity": "sha512-uaJj7LKytRxZNQV8+RbzJWnJ8K2nPsOOEuX7aQstlMZKQT0164C+X2w6bnkqU3sjtLvpd5ojrezAyfZ1+0sStw==",
			"requires": {
				"history": "^5.2.0",
				"react-router": "6.3.0"
			}
		},
		"regenerator-runtime": {
			"version": "0.13.9",
			"resolved": "https://registry.npmjs.org/regenerator-runtime/-/regenerator-runtime-0.13.9.tgz",
			"integrity": "sha512-p3VT+cOEgxFsRRA9X4lkI1E+k2/CtnKtU4gcxyaCUreilL/vqI6CdZ3wxVUx3UOUg+gnUOQQcRI7BmSI656MYA=="
		},
		"scheduler": {
			"version": "0.20.2",
			"resolved": "https://registry.npmjs.org/scheduler/-/scheduler-0.20.2.tgz",
			"integrity": "sha512-2eWfGgAqqWFGqtdMmcL5zCMK1U8KlXv8SQFGglL3CEtd0aDVDWgeF/YoCmvln55m5zSk3J/20hTaSBeSObsQDQ==",
			"peer": true,
			"requires": {
				"loose-envify": "^1.1.0",
				"object-assign": "^4.1.1"
			}
		},
		"twind": {
			"version": "1.0.0-next.35",
			"resolved": "https://registry.npmjs.org/twind/-/twind-1.0.0-next.35.tgz",
			"integrity": "sha512-DYNxEPOmGW8KoIsZYy5SeD0Iqzmly1C44T5qIM34ipnlZ2Z5y4mGkY3DXI3UVwSKfNb1GIe0abWHMSuOJLk7Uw==",
			"requires": {
				"@swc/helpers": "^0.3.2",
				"csstype": "^3.0.10"
			}
		},
		"typescript": {
			"version": "4.5.4",
			"resolved": "https://registry.npmjs.org/typescript/-/typescript-4.5.4.tgz",
			"integrity": "sha512-VgYs2A2QIRuGphtzFV7aQJduJ2gyfTljngLzjpfW9FoYZF6xuw1W0vW9ghCKLfcWrCFxK81CSGRAvS1pn4fIUg==",
			"optional": true,
			"peer": true
		},
		"vibin-hooks": {
			"version": "0.3.0",
			"resolved": "https://registry.npmjs.org/vibin-hooks/-/vibin-hooks-0.3.0.tgz",
			"integrity": "sha512-oLNEE28sAxtD/7VjUj2wm3TcpJz7A4ln4MufkSDslI8F0kbhrAE04pM8p1+9G+ym3/b2f6JN4dVqUAVdFfB3/A==",
			"requires": {}
		},
		"webpack-gen": {
			"version": "file:../../webpack-gen",
			"requires": {
				"@babel/core": "^7.18.13",
				"@babel/plugin-transform-react-jsx": "^7.18.10",
				"@babel/preset-env": "^7.18.10",
				"@babel/preset-typescript": "^7.18.6",
				"@types/js-yaml": "^4.0.5",
				"@types/minimist": "^1.2.2",
				"babel-loader": "^8.2.5",
				"css-loader": "^6.7.1",
				"eslint-webpack-plugin": "^3.2.0",
				"fork-ts-checker-webpack-plugin": "^7.2.13",
				"js-yaml": "^4.1.0",
				"mini-css-extract-plugin": "^2.6.1",
				"minimist": "^1.2.6",
				"nodemon": "^2.0.19",
				"postcss-loader": "^7.0.1",
				"postcss-minify": "^1.1.0",
				"postcss-nested": "^5.0.6",
				"typescript": "^4.7.4",
				"webpack-merge": "^5.8.0"
			}
		}
	}
}
