{
	"name": "@auriserve/plugin-calendar",
	"version": "0.0.1",
	"lockfileVersion": 2,
	"requires": true,
	"packages": {
		"": {
			"name": "@auriserve/plugin-calendar",
			"version": "0.0.1",
			"license": "AGPL-3.0-only",
			"dependencies": {
				"auriserve": "file:../../api/build",
				"common": "file:../../common/build",
				"ical": "^0.8.0",
				"ics": "^2.40.0",
				"rrule": "^2.7.1"
			},
			"devDependencies": {
				"@types/dashboard": "file:../dashboard",
				"@types/ical": "^0.8.0",
				"preact": "^10.10.2",
				"vibin-hooks": "^0.3.0",
				"webpack-gen": "file:../../webpack-gen"
			}
		},
		"../../api/build": {},
		"../../common/build": {},
		"../../webpack-gen": {
			"version": "0.0.1",
			"dev": true,
			"license": "MIT",
			"dependencies": {
				"js-yaml": "^4.1.0",
				"minimist": "^1.2.6"
			},
			"bin": {
				"webpack-gen": "build/Main.js"
			},
			"devDependencies": {
				"@babel/core": "^7.18.13",
				"@babel/plugin-transform-react-jsx": "^7.18.10",
				"@babel/preset-env": "^7.18.10",
				"@babel/preset-typescript": "^7.18.6",
				"@types/js-yaml": "^4.0.5",
				"@types/minimist": "^1.2.2",
				"babel-loader": "^8.2.5",
				"css-loader": "^6.7.1",
				"eslint-webpack-plugin": "^3.2.0",
				"fork-ts-checker-webpack-plugin": "^7.2.13",
				"mini-css-extract-plugin": "^2.6.1",
				"nodemon": "^2.0.19",
				"postcss-loader": "^7.0.1",
				"postcss-minify": "^1.1.0",
				"postcss-nested": "^5.0.6",
				"typescript": "^4.7.4",
				"webpack-merge": "^5.8.0"
			}
		},
		"../dashboard": {
			"name": "@auriserve/plugin-dashboard",
			"version": "0.0.1",
			"dev": true,
			"license": "AGPL-3.0-only",
			"dependencies": {
				"@headlessui/react": "^1.6.6",
				"@twind/preset-tailwind": "^1.0.0-next.35",
				"auriserve": "file:../../api/build",
				"common": "file:../../common/build",
				"graphql": "^16.5.0",
				"preact": "^10.10.2",
				"react-router-dom": "^6.3.0",
				"twind": "^1.0.0-next.35",
				"vibin-hooks": "^0.3.0"
			},
			"devDependencies": {
				"@types/routes": "file:../routes",
				"@types/users": "file:../users",
				"webpack-gen": "file:../../webpack-gen"
			}
		},
		"node_modules/@babel/runtime": {
			"version": "7.19.0",
			"resolved": "https://registry.npmjs.org/@babel/runtime/-/runtime-7.19.0.tgz",
			"integrity": "sha512-eR8Lo9hnDS7tqkO7NsV+mKvCmv5boaXFSZ70DnfhcgiEne8hv9oCEd36Klw74EtizEqLsy4YnW8UWwpBVolHZA==",
			"dependencies": {
				"regenerator-runtime": "^0.13.4"
			},
			"engines": {
				"node": ">=6.9.0"
			}
		},
		"node_modules/@types/dashboard": {
			"resolved": "../dashboard",
			"link": true
		},
		"node_modules/@types/ical": {
			"version": "0.8.0",
			"resolved": "https://registry.npmjs.org/@types/ical/-/ical-0.8.0.tgz",
			"integrity": "sha512-46KAYxAwRuCh+jRgl9k5cTaXJJkB16gWpvMVPuog9UBBb2zXTf9M0MsfWYBQ21JohFSuMZfPTvk6tohqGr1tCg==",
			"dev": true,
			"dependencies": {
				"rrule": "2.6.4"
			}
		},
		"node_modules/@types/ical/node_modules/rrule": {
			"version": "2.6.4",
			"resolved": "https://registry.npmjs.org/rrule/-/rrule-2.6.4.tgz",
			"integrity": "sha512-sLdnh4lmjUqq8liFiOUXD5kWp/FcnbDLPwq5YAc/RrN6120XOPb86Ae5zxF7ttBVq8O3LxjjORMEit1baluahA==",
			"dev": true,
			"dependencies": {
				"tslib": "^1.10.0"
			},
			"optionalDependencies": {
				"luxon": "^1.21.3"
			}
		},
		"node_modules/@types/lodash": {
			"version": "4.14.184",
			"resolved": "https://registry.npmjs.org/@types/lodash/-/lodash-4.14.184.tgz",
			"integrity": "sha512-RoZphVtHbxPZizt4IcILciSWiC6dcn+eZ8oX9IWEYfDMcocdd42f7NPI6fQj+6zI8y4E0L7gu2pcZKLGTRaV9Q=="
		},
		"node_modules/auriserve": {
			"resolved": "../../api/build",
			"link": true
		},
		"node_modules/common": {
			"resolved": "../../common/build",
			"link": true
		},
		"node_modules/ical": {
			"version": "0.8.0",
			"resolved": "https://registry.npmjs.org/ical/-/ical-0.8.0.tgz",
			"integrity": "sha512-/viUSb/RGLLnlgm0lWRlPBtVeQguQRErSPYl3ugnUaKUnzQswKqOG3M8/P1v1AB5NJwlHTuvTq1cs4mpeG2rCg==",
			"dependencies": {
				"rrule": "2.4.1"
			}
		},
		"node_modules/ical/node_modules/rrule": {
			"version": "2.4.1",
			"resolved": "https://registry.npmjs.org/rrule/-/rrule-2.4.1.tgz",
			"integrity": "sha512-+NcvhETefswZq13T8nkuEnnQ6YgUeZaqMqVbp+ZiFDPCbp3AVgQIwUvNVDdMNrP05bKZG9ddDULFp0qZZYDrxg==",
			"optionalDependencies": {
				"luxon": "^1.3.3"
			}
		},
		"node_modules/ics": {
			"version": "2.40.0",
			"resolved": "https://registry.npmjs.org/ics/-/ics-2.40.0.tgz",
			"integrity": "sha512-PPkE9ij60sGhqdTxZZzsXQPB/TCXAB/dD3NqUf1I/GkbJzPeJHHMzaoMQiYAsm1pFaHRp2OIhFDgUBihkk8s/w==",
			"dependencies": {
				"nanoid": "^3.1.23",
				"yup": "^0.32.9"
			}
		},
		"node_modules/js-tokens": {
			"version": "4.0.0",
			"resolved": "https://registry.npmjs.org/js-tokens/-/js-tokens-4.0.0.tgz",
			"integrity": "sha512-RdJUflcE3cUzKiMqQgsCu06FPu9UdIJO0beYbPhHN4k6apgJtifcoCtT9bcxOpYBtpD2kCM6Sbzg4CausW/PKQ==",
			"dev": true,
			"peer": true
		},
		"node_modules/lodash": {
			"version": "4.17.21",
			"resolved": "https://registry.npmjs.org/lodash/-/lodash-4.17.21.tgz",
			"integrity": "sha512-v2kDEe57lecTulaDIuNTPy3Ry4gLGJ6Z1O3vE1krgXZNrsQ+LFTGHVxVjcXPs17LhbZVGedAJv8XZ1tvj5FvSg=="
		},
		"node_modules/lodash-es": {
			"version": "4.17.21",
			"resolved": "https://registry.npmjs.org/lodash-es/-/lodash-es-4.17.21.tgz",
			"integrity": "sha512-mKnC+QJ9pWVzv+C4/U3rRsHapFfHvQFoFB92e52xeyGMcX6/OlIl78je1u8vePzYZSkkogMPJ2yjxxsb89cxyw=="
		},
		"node_modules/loose-envify": {
			"version": "1.4.0",
			"resolved": "https://registry.npmjs.org/loose-envify/-/loose-envify-1.4.0.tgz",
			"integrity": "sha512-lyuxPGr/Wfhrlem2CL/UcnUc1zcqKAImBDzukY7Y5F/yQiNdko6+fRLevlw1HgMySw7f611UIY408EtxRSoK3Q==",
			"dev": true,
			"peer": true,
			"dependencies": {
				"js-tokens": "^3.0.0 || ^4.0.0"
			},
			"bin": {
				"loose-envify": "cli.js"
			}
		},
		"node_modules/luxon": {
			"version": "1.28.0",
			"resolved": "https://registry.npmjs.org/luxon/-/luxon-1.28.0.tgz",
			"integrity": "sha512-TfTiyvZhwBYM/7QdAVDh+7dBTBA29v4ik0Ce9zda3Mnf8on1S5KJI8P2jKFZ8+5C0jhmr0KwJEO/Wdpm0VeWJQ==",
			"optional": true,
			"engines": {
				"node": "*"
			}
		},
		"node_modules/nanoclone": {
			"version": "0.2.1",
			"resolved": "https://registry.npmjs.org/nanoclone/-/nanoclone-0.2.1.tgz",
			"integrity": "sha512-wynEP02LmIbLpcYw8uBKpcfF6dmg2vcpKqxeH5UcoKEYdExslsdUA4ugFauuaeYdTB76ez6gJW8XAZ6CgkXYxA=="
		},
		"node_modules/nanoid": {
			"version": "3.3.4",
			"resolved": "https://registry.npmjs.org/nanoid/-/nanoid-3.3.4.tgz",
			"integrity": "sha512-MqBkQh/OHTS2egovRtLk45wEyNXwF+cokD+1YPf9u5VfJiRdAiRwB2froX5Co9Rh20xs4siNPm8naNotSD6RBw==",
			"bin": {
				"nanoid": "bin/nanoid.cjs"
			},
			"engines": {
				"node": "^10 || ^12 || ^13.7 || ^14 || >=15.0.1"
			}
		},
		"node_modules/preact": {
			"version": "10.10.6",
			"resolved": "https://registry.npmjs.org/preact/-/preact-10.10.6.tgz",
			"integrity": "sha512-w0mCL5vICUAZrh1DuHEdOWBjxdO62lvcO++jbzr8UhhYcTbFkpegLH9XX+7MadjTl/y0feoqwQ/zAnzkc/EGog==",
			"dev": true,
			"funding": {
				"type": "opencollective",
				"url": "https://opencollective.com/preact"
			}
		},
		"node_modules/property-expr": {
			"version": "2.0.5",
			"resolved": "https://registry.npmjs.org/property-expr/-/property-expr-2.0.5.tgz",
			"integrity": "sha512-IJUkICM5dP5znhCckHSv30Q4b5/JA5enCtkRHYaOVOAocnH/1BQEYTC5NMfT3AVl/iXKdr3aqQbQn9DxyWknwA=="
		},
		"node_modules/react": {
			"version": "18.2.0",
			"resolved": "https://registry.npmjs.org/react/-/react-18.2.0.tgz",
			"integrity": "sha512-/3IjMdb2L9QbBdWiW5e3P2/npwMBaU9mHCSCUzNln0ZCYbcfTsGbTJrU/kGemdH2IWmB2ioZ+zkxtmq6g09fGQ==",
			"dev": true,
			"peer": true,
			"dependencies": {
				"loose-envify": "^1.1.0"
			},
			"engines": {
				"node": ">=0.10.0"
			}
		},
		"node_modules/regenerator-runtime": {
			"version": "0.13.9",
			"resolved": "https://registry.npmjs.org/regenerator-runtime/-/regenerator-runtime-0.13.9.tgz",
			"integrity": "sha512-p3VT+cOEgxFsRRA9X4lkI1E+k2/CtnKtU4gcxyaCUreilL/vqI6CdZ3wxVUx3UOUg+gnUOQQcRI7BmSI656MYA=="
		},
		"node_modules/rrule": {
			"version": "2.7.1",
			"resolved": "https://registry.npmjs.org/rrule/-/rrule-2.7.1.tgz",
			"integrity": "sha512-4p20u/1U7WqR3Nb1hOUrm0u1nSI7sO93ZUVZEZ5HeF6Gr5OlJuyhwEGRvUHq8ZfrPsq5gfa5b9dqnUs/kPqpIw==",
			"dependencies": {
				"tslib": "^2.4.0"
			}
		},
		"node_modules/rrule/node_modules/tslib": {
			"version": "2.4.0",
			"resolved": "https://registry.npmjs.org/tslib/-/tslib-2.4.0.tgz",
			"integrity": "sha512-d6xOpEDfsi2CZVlPQzGeux8XMwLT9hssAsaPYExaQMuYskwb+x1x7J371tWlbBdWHroy99KnVB6qIkUbs5X3UQ=="
		},
		"node_modules/toposort": {
			"version": "2.0.2",
			"resolved": "https://registry.npmjs.org/toposort/-/toposort-2.0.2.tgz",
			"integrity": "sha512-0a5EOkAUp8D4moMi2W8ZF8jcga7BgZd91O/yabJCFY8az+XSzeGyTKs0Aoo897iV1Nj6guFq8orWDS96z91oGg=="
		},
		"node_modules/tslib": {
			"version": "1.14.1",
			"resolved": "https://registry.npmjs.org/tslib/-/tslib-1.14.1.tgz",
			"integrity": "sha512-Xni35NKzjgMrwevysHTCArtLDpPvye8zV/0E4EyYn43P7/7qvQwPh9BGkHewbMulVntbigmcT7rdX3BNo9wRJg==",
			"dev": true
		},
		"node_modules/vibin-hooks": {
			"version": "0.3.0",
			"resolved": "https://registry.npmjs.org/vibin-hooks/-/vibin-hooks-0.3.0.tgz",
			"integrity": "sha512-oLNEE28sAxtD/7VjUj2wm3TcpJz7A4ln4MufkSDslI8F0kbhrAE04pM8p1+9G+ym3/b2f6JN4dVqUAVdFfB3/A==",
			"dev": true,
			"peerDependencies": {
				"react": ">16.0.0"
			}
		},
		"node_modules/webpack-gen": {
			"resolved": "../../webpack-gen",
			"link": true
		},
		"node_modules/yup": {
			"version": "0.32.11",
			"resolved": "https://registry.npmjs.org/yup/-/yup-0.32.11.tgz",
			"integrity": "sha512-Z2Fe1bn+eLstG8DRR6FTavGD+MeAwyfmouhHsIUgaADz8jvFKbO/fXc2trJKZg+5EBjh4gGm3iU/t3onKlXHIg==",
			"dependencies": {
				"@babel/runtime": "^7.15.4",
				"@types/lodash": "^4.14.175",
				"lodash": "^4.17.21",
				"lodash-es": "^4.17.21",
				"nanoclone": "^0.2.1",
				"property-expr": "^2.0.4",
				"toposort": "^2.0.2"
			},
			"engines": {
				"node": ">=10"
			}
		}
	},
	"dependencies": {
		"@babel/runtime": {
			"version": "7.19.0",
			"resolved": "https://registry.npmjs.org/@babel/runtime/-/runtime-7.19.0.tgz",
			"integrity": "sha512-eR8Lo9hnDS7tqkO7NsV+mKvCmv5boaXFSZ70DnfhcgiEne8hv9oCEd36Klw74EtizEqLsy4YnW8UWwpBVolHZA==",
			"requires": {
				"regenerator-runtime": "^0.13.4"
			}
		},
		"@types/dashboard": {
			"version": "file:../dashboard",
			"requires": {
				"@headlessui/react": "^1.6.6",
				"@twind/preset-tailwind": "^1.0.0-next.35",
				"@types/routes": "file:../routes",
				"@types/users": "file:../users",
				"auriserve": "file:../../api/build",
				"common": "file:../../common/build",
				"graphql": "^16.5.0",
				"preact": "^10.10.2",
				"react-router-dom": "^6.3.0",
				"twind": "^1.0.0-next.35",
				"vibin-hooks": "^0.3.0",
				"webpack-gen": "file:../../webpack-gen"
			}
		},
		"@types/ical": {
			"version": "0.8.0",
			"resolved": "https://registry.npmjs.org/@types/ical/-/ical-0.8.0.tgz",
			"integrity": "sha512-46KAYxAwRuCh+jRgl9k5cTaXJJkB16gWpvMVPuog9UBBb2zXTf9M0MsfWYBQ21JohFSuMZfPTvk6tohqGr1tCg==",
			"dev": true,
			"requires": {
				"rrule": "2.6.4"
			},
			"dependencies": {
				"rrule": {
					"version": "2.6.4",
					"resolved": "https://registry.npmjs.org/rrule/-/rrule-2.6.4.tgz",
					"integrity": "sha512-sLdnh4lmjUqq8liFiOUXD5kWp/FcnbDLPwq5YAc/RrN6120XOPb86Ae5zxF7ttBVq8O3LxjjORMEit1baluahA==",
					"dev": true,
					"requires": {
						"luxon": "^1.21.3",
						"tslib": "^1.10.0"
					}
				}
			}
		},
		"@types/lodash": {
			"version": "4.14.184",
			"resolved": "https://registry.npmjs.org/@types/lodash/-/lodash-4.14.184.tgz",
			"integrity": "sha512-RoZphVtHbxPZizt4IcILciSWiC6dcn+eZ8oX9IWEYfDMcocdd42f7NPI6fQj+6zI8y4E0L7gu2pcZKLGTRaV9Q=="
		},
		"auriserve": {
			"version": "file:../../api/build"
		},
		"common": {
			"version": "file:../../common/build"
		},
		"ical": {
			"version": "0.8.0",
			"resolved": "https://registry.npmjs.org/ical/-/ical-0.8.0.tgz",
			"integrity": "sha512-/viUSb/RGLLnlgm0lWRlPBtVeQguQRErSPYl3ugnUaKUnzQswKqOG3M8/P1v1AB5NJwlHTuvTq1cs4mpeG2rCg==",
			"requires": {
				"rrule": "2.4.1"
			},
			"dependencies": {
				"rrule": {
					"version": "2.4.1",
					"resolved": "https://registry.npmjs.org/rrule/-/rrule-2.4.1.tgz",
					"integrity": "sha512-+NcvhETefswZq13T8nkuEnnQ6YgUeZaqMqVbp+ZiFDPCbp3AVgQIwUvNVDdMNrP05bKZG9ddDULFp0qZZYDrxg==",
					"requires": {
						"luxon": "^1.3.3"
					}
				}
			}
		},
		"ics": {
			"version": "2.40.0",
			"resolved": "https://registry.npmjs.org/ics/-/ics-2.40.0.tgz",
			"integrity": "sha512-PPkE9ij60sGhqdTxZZzsXQPB/TCXAB/dD3NqUf1I/GkbJzPeJHHMzaoMQiYAsm1pFaHRp2OIhFDgUBihkk8s/w==",
			"requires": {
				"nanoid": "^3.1.23",
				"yup": "^0.32.9"
			}
		},
		"js-tokens": {
			"version": "4.0.0",
			"resolved": "https://registry.npmjs.org/js-tokens/-/js-tokens-4.0.0.tgz",
			"integrity": "sha512-RdJUflcE3cUzKiMqQgsCu06FPu9UdIJO0beYbPhHN4k6apgJtifcoCtT9bcxOpYBtpD2kCM6Sbzg4CausW/PKQ==",
			"dev": true,
			"peer": true
		},
		"lodash": {
			"version": "4.17.21",
			"resolved": "https://registry.npmjs.org/lodash/-/lodash-4.17.21.tgz",
			"integrity": "sha512-v2kDEe57lecTulaDIuNTPy3Ry4gLGJ6Z1O3vE1krgXZNrsQ+LFTGHVxVjcXPs17LhbZVGedAJv8XZ1tvj5FvSg=="
		},
		"lodash-es": {
			"version": "4.17.21",
			"resolved": "https://registry.npmjs.org/lodash-es/-/lodash-es-4.17.21.tgz",
			"integrity": "sha512-mKnC+QJ9pWVzv+C4/U3rRsHapFfHvQFoFB92e52xeyGMcX6/OlIl78je1u8vePzYZSkkogMPJ2yjxxsb89cxyw=="
		},
		"loose-envify": {
			"version": "1.4.0",
			"resolved": "https://registry.npmjs.org/loose-envify/-/loose-envify-1.4.0.tgz",
			"integrity": "sha512-lyuxPGr/Wfhrlem2CL/UcnUc1zcqKAImBDzukY7Y5F/yQiNdko6+fRLevlw1HgMySw7f611UIY408EtxRSoK3Q==",
			"dev": true,
			"peer": true,
			"requires": {
				"js-tokens": "^3.0.0 || ^4.0.0"
			}
		},
		"luxon": {
			"version": "1.28.0",
			"resolved": "https://registry.npmjs.org/luxon/-/luxon-1.28.0.tgz",
			"integrity": "sha512-TfTiyvZhwBYM/7QdAVDh+7dBTBA29v4ik0Ce9zda3Mnf8on1S5KJI8P2jKFZ8+5C0jhmr0KwJEO/Wdpm0VeWJQ==",
			"optional": true
		},
		"nanoclone": {
			"version": "0.2.1",
			"resolved": "https://registry.npmjs.org/nanoclone/-/nanoclone-0.2.1.tgz",
			"integrity": "sha512-wynEP02LmIbLpcYw8uBKpcfF6dmg2vcpKqxeH5UcoKEYdExslsdUA4ugFauuaeYdTB76ez6gJW8XAZ6CgkXYxA=="
		},
		"nanoid": {
			"version": "3.3.4",
			"resolved": "https://registry.npmjs.org/nanoid/-/nanoid-3.3.4.tgz",
			"integrity": "sha512-MqBkQh/OHTS2egovRtLk45wEyNXwF+cokD+1YPf9u5VfJiRdAiRwB2froX5Co9Rh20xs4siNPm8naNotSD6RBw=="
		},
		"preact": {
			"version": "10.10.6",
			"resolved": "https://registry.npmjs.org/preact/-/preact-10.10.6.tgz",
			"integrity": "sha512-w0mCL5vICUAZrh1DuHEdOWBjxdO62lvcO++jbzr8UhhYcTbFkpegLH9XX+7MadjTl/y0feoqwQ/zAnzkc/EGog==",
			"dev": true
		},
		"property-expr": {
			"version": "2.0.5",
			"resolved": "https://registry.npmjs.org/property-expr/-/property-expr-2.0.5.tgz",
			"integrity": "sha512-IJUkICM5dP5znhCckHSv30Q4b5/JA5enCtkRHYaOVOAocnH/1BQEYTC5NMfT3AVl/iXKdr3aqQbQn9DxyWknwA=="
		},
		"react": {
			"version": "18.2.0",
			"resolved": "https://registry.npmjs.org/react/-/react-18.2.0.tgz",
			"integrity": "sha512-/3IjMdb2L9QbBdWiW5e3P2/npwMBaU9mHCSCUzNln0ZCYbcfTsGbTJrU/kGemdH2IWmB2ioZ+zkxtmq6g09fGQ==",
			"dev": true,
			"peer": true,
			"requires": {
				"loose-envify": "^1.1.0"
			}
		},
		"regenerator-runtime": {
			"version": "0.13.9",
			"resolved": "https://registry.npmjs.org/regenerator-runtime/-/regenerator-runtime-0.13.9.tgz",
			"integrity": "sha512-p3VT+cOEgxFsRRA9X4lkI1E+k2/CtnKtU4gcxyaCUreilL/vqI6CdZ3wxVUx3UOUg+gnUOQQcRI7BmSI656MYA=="
		},
		"rrule": {
			"version": "2.7.1",
			"resolved": "https://registry.npmjs.org/rrule/-/rrule-2.7.1.tgz",
			"integrity": "sha512-4p20u/1U7WqR3Nb1hOUrm0u1nSI7sO93ZUVZEZ5HeF6Gr5OlJuyhwEGRvUHq8ZfrPsq5gfa5b9dqnUs/kPqpIw==",
			"requires": {
				"tslib": "^2.4.0"
			},
			"dependencies": {
				"tslib": {
					"version": "2.4.0",
					"resolved": "https://registry.npmjs.org/tslib/-/tslib-2.4.0.tgz",
					"integrity": "sha512-d6xOpEDfsi2CZVlPQzGeux8XMwLT9hssAsaPYExaQMuYskwb+x1x7J371tWlbBdWHroy99KnVB6qIkUbs5X3UQ=="
				}
			}
		},
		"toposort": {
			"version": "2.0.2",
			"resolved": "https://registry.npmjs.org/toposort/-/toposort-2.0.2.tgz",
			"integrity": "sha512-0a5EOkAUp8D4moMi2W8ZF8jcga7BgZd91O/yabJCFY8az+XSzeGyTKs0Aoo897iV1Nj6guFq8orWDS96z91oGg=="
		},
		"tslib": {
			"version": "1.14.1",
			"resolved": "https://registry.npmjs.org/tslib/-/tslib-1.14.1.tgz",
			"integrity": "sha512-Xni35NKzjgMrwevysHTCArtLDpPvye8zV/0E4EyYn43P7/7qvQwPh9BGkHewbMulVntbigmcT7rdX3BNo9wRJg==",
			"dev": true
		},
		"vibin-hooks": {
			"version": "0.3.0",
			"resolved": "https://registry.npmjs.org/vibin-hooks/-/vibin-hooks-0.3.0.tgz",
			"integrity": "sha512-oLNEE28sAxtD/7VjUj2wm3TcpJz7A4ln4MufkSDslI8F0kbhrAE04pM8p1+9G+ym3/b2f6JN4dVqUAVdFfB3/A==",
			"dev": true,
			"requires": {}
		},
		"webpack-gen": {
			"version": "file:../../webpack-gen",
			"requires": {
				"@babel/core": "^7.18.13",
				"@babel/plugin-transform-react-jsx": "^7.18.10",
				"@babel/preset-env": "^7.18.10",
				"@babel/preset-typescript": "^7.18.6",
				"@types/js-yaml": "^4.0.5",
				"@types/minimist": "^1.2.2",
				"babel-loader": "^8.2.5",
				"css-loader": "^6.7.1",
				"eslint-webpack-plugin": "^3.2.0",
				"fork-ts-checker-webpack-plugin": "^7.2.13",
				"js-yaml": "^4.1.0",
				"mini-css-extract-plugin": "^2.6.1",
				"minimist": "^1.2.6",
				"nodemon": "^2.0.19",
				"postcss-loader": "^7.0.1",
				"postcss-minify": "^1.1.0",
				"postcss-nested": "^5.0.6",
				"typescript": "^4.7.4",
				"webpack-merge": "^5.8.0"
			}
		},
		"yup": {
			"version": "0.32.11",
			"resolved": "https://registry.npmjs.org/yup/-/yup-0.32.11.tgz",
			"integrity": "sha512-Z2Fe1bn+eLstG8DRR6FTavGD+MeAwyfmouhHsIUgaADz8jvFKbO/fXc2trJKZg+5EBjh4gGm3iU/t3onKlXHIg==",
			"requires": {
				"@babel/runtime": "^7.15.4",
				"@types/lodash": "^4.14.175",
				"lodash": "^4.17.21",
				"lodash-es": "^4.17.21",
				"nanoclone": "^0.2.1",
				"property-expr": "^2.0.4",
				"toposort": "^2.0.2"
			}
		}
	}
}
