{
	"name": "@auriserve/plugin-media",
	"version": "0.0.1",
	"lockfileVersion": 2,
	"requires": true,
	"packages": {
		"": {
			"name": "@auriserve/plugin-media",
			"version": "0.0.1",
			"license": "UNLICENSED",
			"dependencies": {
				"auriserve": "file:../../api/build",
				"common": "file:../../common/build",
				"escape-html": "^1.0.3",
				"image-size": "^1.0.2"
			},
			"devDependencies": {
				"@types/escape-html": "^1.0.2",
				"webpack-gen": "file:../../webpack-gen"
			}
		},
		"../../api/build": {
			"name": "@auriserve/api",
			"version": "0.0.0",
			"license": "MIT",
			"dependencies": {
				"common": "file:../../common/build/"
			}
		},
		"../../common/build": {
			"name": "@auriserve/common",
			"version": "0.0.0",
			"license": "MIT",
			"dependencies": {
				"dayjs": "^1.10.5"
			}
		},
		"../../webpack-gen": {
			"version": "0.0.1",
			"dev": true,
			"license": "MIT",
			"dependencies": {
				"js-yaml": "^4.1.0",
				"minimist": "^1.2.6"
			},
			"bin": {
				"webpack-gen": "build/Main.js"
			},
			"devDependencies": {
				"@babel/core": "^7.18.13",
				"@babel/plugin-transform-react-jsx": "^7.18.10",
				"@babel/preset-env": "^7.18.10",
				"@babel/preset-typescript": "^7.18.6",
				"@types/js-yaml": "^4.0.5",
				"@types/minimist": "^1.2.2",
				"babel-loader": "^8.2.5",
				"css-loader": "^6.7.1",
				"eslint-webpack-plugin": "^3.2.0",
				"fork-ts-checker-webpack-plugin": "^7.2.13",
				"mini-css-extract-plugin": "^2.6.1",
				"nodemon": "^2.0.19",
				"postcss-loader": "^7.0.1",
				"postcss-minify": "^1.1.0",
				"postcss-nested": "^5.0.6",
				"typescript": "^4.7.4",
				"webpack-merge": "^5.8.0"
			}
		},
		"../routes": {
			"name": "@auriserve/plugin-routes",
			"version": "0.0.1",
			"extraneous": true,
			"license": "UNLICENSED",
			"dependencies": {
				"auriserve": "file:../../api/build",
				"common": "file:../../common/build"
			},
			"devDependencies": {
				"@babel/core": "^7.18.10",
				"@babel/plugin-transform-react-jsx": "^7.18.10",
				"@babel/preset-env": "^7.18.10",
				"@babel/preset-typescript": "^7.18.6",
				"@typescript-eslint/eslint-plugin": "^5.33.0",
				"@typescript-eslint/parser": "^5.33.0",
				"babel-loader": "^8.2.5",
				"fork-ts-checker-webpack-plugin": "^7.2.13",
				"ts-loader": "^9.3.1",
				"webpack-cli": "^4.10.0",
				"webpack-gen": "file:../../webpack-gen"
			}
		},
		"node_modules/@types/escape-html": {
			"version": "1.0.2",
			"resolved": "https://registry.npmjs.org/@types/escape-html/-/escape-html-1.0.2.tgz",
			"integrity": "sha512-gaBLT8pdcexFztLSPRtriHeXY/Kn4907uOCZ4Q3lncFBkheAWOuNt53ypsF8szgxbEJ513UeBzcf4utN0EzEwA==",
			"dev": true
		},
		"node_modules/auriserve": {
			"resolved": "../../api/build",
			"link": true
		},
		"node_modules/common": {
			"resolved": "../../common/build",
			"link": true
		},
		"node_modules/escape-html": {
			"version": "1.0.3",
			"resolved": "https://registry.npmjs.org/escape-html/-/escape-html-1.0.3.tgz",
			"integrity": "sha1-Aljq5NPQwJdN4cFpGI7wBR0dGYg="
		},
		"node_modules/image-size": {
			"version": "1.0.2",
			"resolved": "https://registry.npmjs.org/image-size/-/image-size-1.0.2.tgz",
			"integrity": "sha512-xfOoWjceHntRb3qFCrh5ZFORYH8XCdYpASltMhZ/Q0KZiOwjdE/Yl2QCiWdwD+lygV5bMCvauzgu5PxBX/Yerg==",
			"dependencies": {
				"queue": "6.0.2"
			},
			"bin": {
				"image-size": "bin/image-size.js"
			},
			"engines": {
				"node": ">=14.0.0"
			}
		},
		"node_modules/inherits": {
			"version": "2.0.4",
			"resolved": "https://registry.npmjs.org/inherits/-/inherits-2.0.4.tgz",
			"integrity": "sha512-k/vGaX4/Yla3WzyMCvTQOXYeIHvqOKtnqBduzTHpzpQZzAskKMhZ2K+EnBiSM9zGSoIFeMpXKxa4dYeZIQqewQ=="
		},
		"node_modules/queue": {
			"version": "6.0.2",
			"resolved": "https://registry.npmjs.org/queue/-/queue-6.0.2.tgz",
			"integrity": "sha512-iHZWu+q3IdFZFX36ro/lKBkSvfkztY5Y7HMiPlOUjhupPcG2JMfst2KKEpu5XndviX/3UhFbRngUPNKtgvtZiA==",
			"dependencies": {
				"inherits": "~2.0.3"
			}
		},
		"node_modules/webpack-gen": {
			"resolved": "../../webpack-gen",
			"link": true
		}
	},
	"dependencies": {
		"@types/escape-html": {
			"version": "1.0.2",
			"resolved": "https://registry.npmjs.org/@types/escape-html/-/escape-html-1.0.2.tgz",
			"integrity": "sha512-gaBLT8pdcexFztLSPRtriHeXY/Kn4907uOCZ4Q3lncFBkheAWOuNt53ypsF8szgxbEJ513UeBzcf4utN0EzEwA==",
			"dev": true
		},
		"auriserve": {
			"version": "file:../../api/build",
			"requires": {
				"common": "file:../../common/build"
			}
		},
		"common": {
			"version": "file:../../common/build",
			"requires": {
				"dayjs": "^1.10.5"
			}
		},
		"escape-html": {
			"version": "1.0.3",
			"resolved": "https://registry.npmjs.org/escape-html/-/escape-html-1.0.3.tgz",
			"integrity": "sha1-Aljq5NPQwJdN4cFpGI7wBR0dGYg="
		},
		"image-size": {
			"version": "1.0.2",
			"resolved": "https://registry.npmjs.org/image-size/-/image-size-1.0.2.tgz",
			"integrity": "sha512-xfOoWjceHntRb3qFCrh5ZFORYH8XCdYpASltMhZ/Q0KZiOwjdE/Yl2QCiWdwD+lygV5bMCvauzgu5PxBX/Yerg==",
			"requires": {
				"queue": "6.0.2"
			}
		},
		"inherits": {
			"version": "2.0.4",
			"resolved": "https://registry.npmjs.org/inherits/-/inherits-2.0.4.tgz",
			"integrity": "sha512-k/vGaX4/Yla3WzyMCvTQOXYeIHvqOKtnqBduzTHpzpQZzAskKMhZ2K+EnBiSM9zGSoIFeMpXKxa4dYeZIQqewQ=="
		},
		"queue": {
			"version": "6.0.2",
			"resolved": "https://registry.npmjs.org/queue/-/queue-6.0.2.tgz",
			"integrity": "sha512-iHZWu+q3IdFZFX36ro/lKBkSvfkztY5Y7HMiPlOUjhupPcG2JMfst2KKEpu5XndviX/3UhFbRngUPNKtgvtZiA==",
			"requires": {
				"inherits": "~2.0.3"
			}
		},
		"webpack-gen": {
			"version": "file:../../webpack-gen",
			"requires": {
				"@babel/core": "^7.18.13",
				"@babel/plugin-transform-react-jsx": "^7.18.10",
				"@babel/preset-env": "^7.18.10",
				"@babel/preset-typescript": "^7.18.6",
				"@types/js-yaml": "^4.0.5",
				"@types/minimist": "^1.2.2",
				"babel-loader": "^8.2.5",
				"css-loader": "^6.7.1",
				"eslint-webpack-plugin": "^3.2.0",
				"fork-ts-checker-webpack-plugin": "^7.2.13",
				"js-yaml": "^4.1.0",
				"mini-css-extract-plugin": "^2.6.1",
				"minimist": "^1.2.6",
				"nodemon": "^2.0.19",
				"postcss-loader": "^7.0.1",
				"postcss-minify": "^1.1.0",
				"postcss-nested": "^5.0.6",
				"typescript": "^4.7.4",
				"webpack-merge": "^5.8.0"
			}
		}
	}
}
