{
	"name": "@auriserve/plugin-elements-base",
	"version": "0.0.1",
	"lockfileVersion": 2,
	"requires": true,
	"packages": {
		"": {
			"name": "@auriserve/plugin-elements-base",
			"version": "0.0.1",
			"license": "MIT",
			"dependencies": {
				"@nytimes/react-prosemirror": "^0.4.2",
				"auriserve": "file:../../api/build",
				"color": "^4.2.3",
				"common": "file:../../common/build",
				"emojilib": "^3.0.11",
				"fast-average-color": "^9.4.0",
				"orderedmap": "^2.1.1",
				"prosemirror-autocomplete": "^0.4.3",
				"prosemirror-dropcursor": "^1.8.1",
				"prosemirror-example-setup": "^1.2.2",
				"prosemirror-gapcursor": "^1.3.2",
				"prosemirror-model": "^1.19.4",
				"prosemirror-schema-basic": "^1.2.2",
				"prosemirror-schema-list": "^1.3.0",
				"prosemirror-state": "^1.4.3",
				"prosemirror-transform": "^1.8.0",
				"prosemirror-view": "^1.32.7",
				"prosemirror-virtual-cursor": "^0.4.2",
				"unicode-emoji-json": "^0.4.0",
				"vibin-hooks": "^0.6.3"
			},
			"devDependencies": {
				"@types/color": "^3.0.4",
				"@types/dashboard": "file:../dashboard",
				"@types/elements": "file:../elements",
				"@types/elements-base": "file:../elements-base",
				"@types/hydrated": "file:../hydrated",
				"@types/media": "file:../media",
				"@types/page-editor": "file:../page-editor",
				"@types/pages": "file:../pages",
				"@types/routes": "file:../routes",
				"preact": "^10.10.2",
				"webpack-gen": "file:../../webpack-gen"
			}
		},
		"../../../prosemirror-virtual-cursor": {
			"version": "0.4.2",
			"extraneous": true,
			"license": "MIT",
			"devDependencies": {
				"@antfu/ni": "^0.21.5",
				"@ocavue/eslint-config": "^1.4.0",
				"@types/node": "^20.4.8",
				"eslint": "^8.56.0",
				"prettier": "^3.0.1",
				"prosemirror-model": "^1.19.3",
				"prosemirror-state": "^1.4.3",
				"prosemirror-view": "^1.31.7",
				"tsup": "^7.2.0",
				"typescript": "^5.1.6",
				"vite": "^4.4.8",
				"vitest": "^0.34.1"
			},
			"funding": {
				"url": "https://github.com/sponsors/ocavue"
			},
			"peerDependencies": {
				"prosemirror-model": "^1.0.0",
				"prosemirror-state": "^1.0.0",
				"prosemirror-view": "^1.0.0"
			},
			"peerDependenciesMeta": {
				"prosemirror-model": {
					"optional": true
				},
				"prosemirror-state": {
					"optional": true
				},
				"prosemirror-view": {
					"optional": true
				}
			}
		},
		"../../api/build": {},
		"../../common/build": {},
		"../../webpack-gen": {
			"version": "0.0.1",
			"dev": true,
			"license": "MIT",
			"dependencies": {
				"js-yaml": "^4.1.0",
				"minimist": "^1.2.6",
				"null-loader": "^4.0.1",
				"style-loader": "^3.3.3"
			},
			"bin": {
				"webpack-gen": "build/Main.js"
			},
			"devDependencies": {
				"@babel/core": "^7.18.13",
				"@babel/plugin-transform-react-jsx": "^7.18.10",
				"@babel/preset-env": "^7.18.10",
				"@babel/preset-typescript": "^7.18.6",
				"@types/js-yaml": "^4.0.5",
				"@types/minimist": "^1.2.2",
				"@types/webpack-node-externals": "^2.5.3",
				"babel-loader": "^8.2.5",
				"css-loader": "^6.8.1",
				"eslint-webpack-plugin": "^3.2.0",
				"fork-ts-checker-webpack-plugin": "^7.2.13",
				"mini-css-extract-plugin": "^2.6.1",
				"nodemon": "^2.0.19",
				"postcss-loader": "^7.0.1",
				"postcss-minify": "^1.1.0",
				"postcss-nested": "^5.0.6",
				"typescript": "^4.7.4",
				"webpack-merge": "^5.8.0",
				"webpack-node-externals": "^3.0.0"
			}
		},
		"../dashboard": {
			"name": "@auriserve/plugin-dashboard",
			"version": "0.0.1",
			"dev": true,
			"license": "AGPL-3.0-only",
			"dependencies": {
				"@headlessui/react": "^1.6.6",
				"@twind/core": "^1.1.3",
				"@twind/preset-ext": "^1.0.7",
				"@twind/preset-line-clamp": "^1.0.7",
				"@twind/preset-tailwind": "^1.1.4",
				"@twind/preset-typography": "^1.0.7",
				"auriserve": "file:../../api/build",
				"bufferutil": "^4.0.7",
				"common": "file:../../common/build",
				"graphql": "^16.5.0",
				"preact": "^10.13.2",
				"react-router-dom": "^6.3.0",
				"utf-8-validate": "^5.0.10",
				"vibin-hooks": "^0.6.2",
				"ws": "^8.8.1"
			},
			"devDependencies": {
				"@types/routes": "file:../routes",
				"@types/users": "file:../users",
				"@types/ws": "^8.5.3",
				"webpack-gen": "file:../../webpack-gen"
			}
		},
		"../elements": {
			"name": "@auriserve/plugin-elements",
			"version": "0.0.1",
			"dev": true,
			"license": "MIT",
			"dependencies": {
				"common": "file:../../common/build"
			},
			"devDependencies": {
				"preact": "^10.10.2",
				"preact-render-to-string": "^5.2.1",
				"webpack-gen": "file:../../webpack-gen"
			}
		},
		"../elements-base": {
			"name": "@auriserve/plugin-elements-base",
			"version": "0.0.1",
			"dev": true,
			"license": "MIT",
			"dependencies": {
				"@tiptap/react": "^2.0.0-beta.114",
				"@tiptap/starter-kit": "^2.0.0-beta.191",
				"auriserve": "file:../../api/build",
				"common": "file:../../common/build",
				"pdfjs-dist": "^3.2.146"
			},
			"devDependencies": {
				"@types/dashboard": "file:../dashboard",
				"@types/elements": "file:../elements",
				"@types/hydrated": "file:../hydrated",
				"@types/media": "file:../media",
				"@types/page-editor": "file:../page-editor",
				"@types/pages": "file:../pages",
				"@types/routes": "file:../routes",
				"file-loader": "^6.2.0",
				"preact": "^10.13.2",
				"raw-loader": "^4.0.2",
				"webpack-gen": "file:../../webpack-gen"
			}
		},
		"../hydrated": {
			"name": "@auriserve/plugin-hydrated",
			"version": "0.0.1",
			"dev": true,
			"license": "MIT",
			"dependencies": {
				"auriserve": "file:../../api/build",
				"common": "file:../../common/build"
			},
			"devDependencies": {
				"@types/elements": "file:../elements",
				"preact": "^10.13.2",
				"webpack-gen": "file:../../webpack-gen"
			}
		},
		"../media": {
			"name": "@auriserve/plugin-media",
			"version": "0.0.1",
			"dev": true,
			"license": "UNLICENSED",
			"dependencies": {
				"auriserve": "file:../../api/build",
				"common": "file:../../common/build",
				"escape-html": "^1.0.3",
				"image-size": "^1.0.2",
				"node-watch": "^0.7.3",
				"svgo": "^3.0.2",
				"vibin-hooks": "^0.6.1"
			},
			"devDependencies": {
				"@types/dashboard": "file:../dashboard",
				"@types/escape-html": "^1.0.2",
				"preact": "^10.10.2",
				"webpack-gen": "file:../../webpack-gen"
			}
		},
		"../page-editor": {
			"name": "@auriserve/plugin-page-editor",
			"version": "0.0.1",
			"dev": true,
			"license": "UNLICENSED",
			"dependencies": {
				"auriserve": "file:../../api/build",
				"common": "file:../../common/build",
				"escape-html": "^1.0.3",
				"vibin-hooks": "^0.2.1"
			},
			"devDependencies": {
				"@types/dashboard": "file:../dashboard",
				"@types/elements": "file:../elements",
				"@types/escape-html": "^1.0.1",
				"@types/pages": "file:../pages",
				"@types/routes": "file:../routes",
				"@types/users": "file:../users",
				"preact": "^10.13.2",
				"webpack-gen": "file:../../webpack-gen"
			}
		},
		"../pages": {
			"name": "@auriserve/plugin-pages",
			"version": "0.0.1",
			"dev": true,
			"license": "UNLICENSED",
			"dependencies": {
				"auriserve": "file:../../api/build",
				"bufferutil": "^4.0.7",
				"common": "file:../../common/build",
				"escape-html": "^1.0.3",
				"utf-8-validate": "^6.0.3",
				"ws": "^8.13.0"
			},
			"devDependencies": {
				"@types/elements": "file:../elements",
				"@types/escape-html": "^1.0.1",
				"@types/routes": "file:../routes",
				"@types/ws": "^8.5.4",
				"webpack-gen": "file:../../webpack-gen"
			}
		},
		"../routes": {
			"name": "@auriserve/plugin-routes",
			"version": "0.0.1",
			"dev": true,
			"license": "UNLICENSED",
			"dependencies": {
				"auriserve": "file:../../api/build",
				"common": "file:../../common/build"
			},
			"devDependencies": {
				"webpack-gen": "file:../../webpack-gen"
			}
		},
		"node_modules/@nytimes/react-prosemirror": {
			"version": "0.4.2",
			"resolved": "https://registry.npmjs.org/@nytimes/react-prosemirror/-/react-prosemirror-0.4.2.tgz",
			"integrity": "sha512-RFJT+GMG/cuMpXHd73k0hqImYsNx2iWs+9Wjs2YuRjVSMVANRhkOKq7Tatt1UcNMFA14kZW66t3Qb29pjdRgCQ==",
			"engines": {
				"node": ">=16.9"
			},
			"peerDependencies": {
				"prosemirror-state": "^1.0.0",
				"prosemirror-view": "^1.0.0",
				"react": ">=17",
				"react-dom": ">=17"
			}
		},
		"node_modules/@types/color": {
			"version": "3.0.4",
			"resolved": "https://registry.npmjs.org/@types/color/-/color-3.0.4.tgz",
			"integrity": "sha512-OpisS4bqJJwbkkQRrMvURf3DOxBoAg9mysHYI7WgrWpSYHqHGKYBULHdz4ih77SILcLDo/zyHGFyfIl9yb8NZQ==",
			"dev": true,
			"dependencies": {
				"@types/color-convert": "*"
			}
		},
		"node_modules/@types/color-convert": {
			"version": "2.0.1",
			"resolved": "https://registry.npmjs.org/@types/color-convert/-/color-convert-2.0.1.tgz",
			"integrity": "sha512-GwXanrvq/tBHJtudbl1lSy9Ybt7KS9+rA+YY3bcuIIM+d6jSHUr+5yjO83gtiRpuaPiBccwFjSnAK2qSrIPA7w==",
			"dev": true,
			"dependencies": {
				"@types/color-name": "*"
			}
		},
		"node_modules/@types/color-name": {
			"version": "1.1.1",
			"resolved": "https://registry.npmjs.org/@types/color-name/-/color-name-1.1.1.tgz",
			"integrity": "sha512-rr+OQyAjxze7GgWrSaJwydHStIhHq2lvY3BOC2Mj7KnzI7XK0Uw1TOOdI9lDoajEbSWLiYgoo4f1R51erQfhPQ==",
			"dev": true
		},
		"node_modules/@types/dashboard": {
			"resolved": "../dashboard",
			"link": true
		},
		"node_modules/@types/elements": {
			"resolved": "../elements",
			"link": true
		},
		"node_modules/@types/elements-base": {
			"resolved": "../elements-base",
			"link": true
		},
		"node_modules/@types/hydrated": {
			"resolved": "../hydrated",
			"link": true
		},
		"node_modules/@types/media": {
			"resolved": "../media",
			"link": true
		},
		"node_modules/@types/page-editor": {
			"resolved": "../page-editor",
			"link": true
		},
		"node_modules/@types/pages": {
			"resolved": "../pages",
			"link": true
		},
		"node_modules/@types/routes": {
			"resolved": "../routes",
			"link": true
		},
		"node_modules/auriserve": {
			"resolved": "../../api/build",
			"link": true
		},
		"node_modules/color": {
			"version": "4.2.3",
			"resolved": "https://registry.npmjs.org/color/-/color-4.2.3.tgz",
			"integrity": "sha512-1rXeuUUiGGrykh+CeBdu5Ie7OJwinCgQY0bc7GCRxy5xVHy+moaqkpL/jqQq0MtQOeYcrqEz4abc5f0KtU7W4A==",
			"dependencies": {
				"color-convert": "^2.0.1",
				"color-string": "^1.9.0"
			},
			"engines": {
				"node": ">=12.5.0"
			}
		},
		"node_modules/color-convert": {
			"version": "2.0.1",
			"resolved": "https://registry.npmjs.org/color-convert/-/color-convert-2.0.1.tgz",
			"integrity": "sha512-RRECPsj7iu/xb5oKYcsFHSppFNnsj/52OVTRKb4zP5onXwVF3zVmmToNcOfGC+CRDpfK/U584fMg38ZHCaElKQ==",
			"dependencies": {
				"color-name": "~1.1.4"
			},
			"engines": {
				"node": ">=7.0.0"
			}
		},
		"node_modules/color-name": {
			"version": "1.1.4",
			"resolved": "https://registry.npmjs.org/color-name/-/color-name-1.1.4.tgz",
			"integrity": "sha512-dOy+3AuW3a2wNbZHIuMZpTcgjGuLU/uBL/ubcZF9OXbDo8ff4O8yVp5Bf0efS8uEoYo5q4Fx7dY9OgQGXgAsQA=="
		},
		"node_modules/color-string": {
			"version": "1.9.1",
			"resolved": "https://registry.npmjs.org/color-string/-/color-string-1.9.1.tgz",
			"integrity": "sha512-shrVawQFojnZv6xM40anx4CkoDP+fZsw/ZerEMsW/pyzsRbElpsL/DBVW7q3ExxwusdNXI3lXpuhEZkzs8p5Eg==",
			"dependencies": {
				"color-name": "^1.0.0",
				"simple-swizzle": "^0.2.2"
			}
		},
		"node_modules/common": {
			"resolved": "../../common/build",
			"link": true
		},
		"node_modules/crelt": {
			"version": "1.0.6",
			"resolved": "https://registry.npmjs.org/crelt/-/crelt-1.0.6.tgz",
			"integrity": "sha512-VQ2MBenTq1fWZUH9DJNGti7kKv6EeAuYr3cLwxUWhIu1baTaXh4Ib5W2CqHVqib4/MqbYGJqiL3Zb8GJZr3l4g=="
		},
		"node_modules/emojilib": {
			"version": "3.0.11",
			"resolved": "https://registry.npmjs.org/emojilib/-/emojilib-3.0.11.tgz",
			"integrity": "sha512-OuML9z640prB+0Rms1RgzJrBAqNC9mFdqT2HeFcXSGSGNEiZh9adsaPPxWbqRoMyJPzu+zNKPyGKv4/sPmJDyg=="
		},
		"node_modules/fast-average-color": {
			"version": "9.4.0",
			"resolved": "https://registry.npmjs.org/fast-average-color/-/fast-average-color-9.4.0.tgz",
			"integrity": "sha512-bvM8vV6YwK07dPbzFz77zJaBcfF6ABVfgNwaxVgXc2G+o0e/tzLCF9WU8Ryp1r0Nkk6JuJNsWCzbb4cLOMlB+Q==",
			"engines": {
				"node": ">= 12"
			}
		},
		"node_modules/is-arrayish": {
			"version": "0.3.2",
			"resolved": "https://registry.npmjs.org/is-arrayish/-/is-arrayish-0.3.2.tgz",
			"integrity": "sha512-eVRqCvVlZbuw3GrM63ovNSNAeA1K16kaR/LRY/92w0zxQ5/1YzwblUX652i4Xs9RwAGjW9d9y6X88t8OaAJfWQ=="
		},
		"node_modules/js-tokens": {
			"version": "4.0.0",
			"resolved": "https://registry.npmjs.org/js-tokens/-/js-tokens-4.0.0.tgz",
			"integrity": "sha512-RdJUflcE3cUzKiMqQgsCu06FPu9UdIJO0beYbPhHN4k6apgJtifcoCtT9bcxOpYBtpD2kCM6Sbzg4CausW/PKQ==",
			"peer": true
		},
		"node_modules/loose-envify": {
			"version": "1.4.0",
			"resolved": "https://registry.npmjs.org/loose-envify/-/loose-envify-1.4.0.tgz",
			"integrity": "sha512-lyuxPGr/Wfhrlem2CL/UcnUc1zcqKAImBDzukY7Y5F/yQiNdko6+fRLevlw1HgMySw7f611UIY408EtxRSoK3Q==",
			"peer": true,
			"dependencies": {
				"js-tokens": "^3.0.0 || ^4.0.0"
			},
			"bin": {
				"loose-envify": "cli.js"
			}
		},
		"node_modules/orderedmap": {
			"version": "2.1.1",
			"resolved": "https://registry.npmjs.org/orderedmap/-/orderedmap-2.1.1.tgz",
			"integrity": "sha512-TvAWxi0nDe1j/rtMcWcIj94+Ffe6n7zhow33h40SKxmsmozs6dz/e+EajymfoFcHd7sxNn8yHM8839uixMOV6g=="
		},
		"node_modules/preact": {
			"version": "10.18.1",
			"resolved": "https://registry.npmjs.org/preact/-/preact-10.18.1.tgz",
			"integrity": "sha512-mKUD7RRkQQM6s7Rkmi7IFkoEHjuFqRQUaXamO61E6Nn7vqF/bo7EZCmSyrUnp2UWHw0O7XjZ2eeXis+m7tf4lg==",
			"dev": true,
			"funding": {
				"type": "opencollective",
				"url": "https://opencollective.com/preact"
			}
		},
		"node_modules/prosemirror-autocomplete": {
			"version": "0.4.3",
			"resolved": "https://registry.npmjs.org/prosemirror-autocomplete/-/prosemirror-autocomplete-0.4.3.tgz",
			"integrity": "sha512-a4w/SOzgrTjXaWpSYMrai6H3KHSUBuADZC/DBm4VApiD9LGHpv98zQbHzsHgInrEoWcBGzYVT0HUD3tLgrsEVQ==",
			"dependencies": {
				"prosemirror-inputrules": "^1.2.0",
				"prosemirror-state": "^1.4.1",
				"prosemirror-view": "^1.27.0"
			}
		},
		"node_modules/prosemirror-commands": {
			"version": "1.5.2",
			"resolved": "https://registry.npmjs.org/prosemirror-commands/-/prosemirror-commands-1.5.2.tgz",
			"integrity": "sha512-hgLcPaakxH8tu6YvVAaILV2tXYsW3rAdDR8WNkeKGcgeMVQg3/TMhPdVoh7iAmfgVjZGtcOSjKiQaoeKjzd2mQ==",
			"dependencies": {
				"prosemirror-model": "^1.0.0",
				"prosemirror-state": "^1.0.0",
				"prosemirror-transform": "^1.0.0"
			}
		},
		"node_modules/prosemirror-dropcursor": {
			"version": "1.8.1",
			"resolved": "https://registry.npmjs.org/prosemirror-dropcursor/-/prosemirror-dropcursor-1.8.1.tgz",
			"integrity": "sha512-M30WJdJZLyXHi3N8vxN6Zh5O8ZBbQCz0gURTfPmTIBNQ5pxrdU7A58QkNqfa98YEjSAL1HUyyU34f6Pm5xBSGw==",
			"dependencies": {
				"prosemirror-state": "^1.0.0",
				"prosemirror-transform": "^1.1.0",
				"prosemirror-view": "^1.1.0"
			}
		},
		"node_modules/prosemirror-example-setup": {
			"version": "1.2.2",
			"resolved": "https://registry.npmjs.org/prosemirror-example-setup/-/prosemirror-example-setup-1.2.2.tgz",
			"integrity": "sha512-pHJc656IgYm249RNp0eQaWNmnyWGk6OrzysWfYI4+NwE14HQ7YNYOlRBLErUS6uCAHIYJLNXf0/XCmf1OCtNbQ==",
			"dependencies": {
				"prosemirror-commands": "^1.0.0",
				"prosemirror-dropcursor": "^1.0.0",
				"prosemirror-gapcursor": "^1.0.0",
				"prosemirror-history": "^1.0.0",
				"prosemirror-inputrules": "^1.0.0",
				"prosemirror-keymap": "^1.0.0",
				"prosemirror-menu": "^1.0.0",
				"prosemirror-schema-list": "^1.0.0",
				"prosemirror-state": "^1.0.0"
			}
		},
		"node_modules/prosemirror-gapcursor": {
			"version": "1.3.2",
			"resolved": "https://registry.npmjs.org/prosemirror-gapcursor/-/prosemirror-gapcursor-1.3.2.tgz",
			"integrity": "sha512-wtjswVBd2vaQRrnYZaBCbyDqr232Ed4p2QPtRIUK5FuqHYKGWkEwl08oQM4Tw7DOR0FsasARV5uJFvMZWxdNxQ==",
			"dependencies": {
				"prosemirror-keymap": "^1.0.0",
				"prosemirror-model": "^1.0.0",
				"prosemirror-state": "^1.0.0",
				"prosemirror-view": "^1.0.0"
			}
		},
		"node_modules/prosemirror-history": {
			"version": "1.3.2",
			"resolved": "https://registry.npmjs.org/prosemirror-history/-/prosemirror-history-1.3.2.tgz",
			"integrity": "sha512-/zm0XoU/N/+u7i5zepjmZAEnpvjDtzoPWW6VmKptcAnPadN/SStsBjMImdCEbb3seiNTpveziPTIrXQbHLtU1g==",
			"dependencies": {
				"prosemirror-state": "^1.2.2",
				"prosemirror-transform": "^1.0.0",
				"prosemirror-view": "^1.31.0",
				"rope-sequence": "^1.3.0"
			}
		},
		"node_modules/prosemirror-inputrules": {
			"version": "1.2.1",
			"resolved": "https://registry.npmjs.org/prosemirror-inputrules/-/prosemirror-inputrules-1.2.1.tgz",
			"integrity": "sha512-3LrWJX1+ULRh5SZvbIQlwZafOXqp1XuV21MGBu/i5xsztd+9VD15x6OtN6mdqSFI7/8Y77gYUbQ6vwwJ4mr6QQ==",
			"dependencies": {
				"prosemirror-state": "^1.0.0",
				"prosemirror-transform": "^1.0.0"
			}
		},
		"node_modules/prosemirror-keymap": {
			"version": "1.2.2",
			"resolved": "https://registry.npmjs.org/prosemirror-keymap/-/prosemirror-keymap-1.2.2.tgz",
			"integrity": "sha512-EAlXoksqC6Vbocqc0GtzCruZEzYgrn+iiGnNjsJsH4mrnIGex4qbLdWWNza3AW5W36ZRrlBID0eM6bdKH4OStQ==",
			"dependencies": {
				"prosemirror-state": "^1.0.0",
				"w3c-keyname": "^2.2.0"
			}
		},
		"node_modules/prosemirror-menu": {
			"version": "1.2.4",
			"resolved": "https://registry.npmjs.org/prosemirror-menu/-/prosemirror-menu-1.2.4.tgz",
			"integrity": "sha512-S/bXlc0ODQup6aiBbWVsX/eM+xJgCTAfMq/nLqaO5ID/am4wS0tTCIkzwytmao7ypEtjj39i7YbJjAgO20mIqA==",
			"dependencies": {
				"crelt": "^1.0.0",
				"prosemirror-commands": "^1.0.0",
				"prosemirror-history": "^1.0.0",
				"prosemirror-state": "^1.0.0"
			}
		},
		"node_modules/prosemirror-model": {
			"version": "1.19.4",
			"resolved": "https://registry.npmjs.org/prosemirror-model/-/prosemirror-model-1.19.4.tgz",
			"integrity": "sha512-RPmVXxUfOhyFdayHawjuZCxiROsm9L4FCUA6pWI+l7n2yCBsWy9VpdE1hpDHUS8Vad661YLY9AzqfjLhAKQ4iQ==",
			"dependencies": {
				"orderedmap": "^2.0.0"
			}
		},
		"node_modules/prosemirror-schema-basic": {
			"version": "1.2.2",
			"resolved": "https://registry.npmjs.org/prosemirror-schema-basic/-/prosemirror-schema-basic-1.2.2.tgz",
			"integrity": "sha512-/dT4JFEGyO7QnNTe9UaKUhjDXbTNkiWTq/N4VpKaF79bBjSExVV2NXmJpcM7z/gD7mbqNjxbmWW5nf1iNSSGnw==",
			"dependencies": {
				"prosemirror-model": "^1.19.0"
			}
		},
		"node_modules/prosemirror-schema-list": {
			"version": "1.3.0",
			"resolved": "https://registry.npmjs.org/prosemirror-schema-list/-/prosemirror-schema-list-1.3.0.tgz",
			"integrity": "sha512-Hz/7gM4skaaYfRPNgr421CU4GSwotmEwBVvJh5ltGiffUJwm7C8GfN/Bc6DR1EKEp5pDKhODmdXXyi9uIsZl5A==",
			"dependencies": {
				"prosemirror-model": "^1.0.0",
				"prosemirror-state": "^1.0.0",
				"prosemirror-transform": "^1.7.3"
			}
		},
		"node_modules/prosemirror-state": {
			"version": "1.4.3",
			"resolved": "https://registry.npmjs.org/prosemirror-state/-/prosemirror-state-1.4.3.tgz",
			"integrity": "sha512-goFKORVbvPuAQaXhpbemJFRKJ2aixr+AZMGiquiqKxaucC6hlpHNZHWgz5R7dS4roHiwq9vDctE//CZ++o0W1Q==",
			"dependencies": {
				"prosemirror-model": "^1.0.0",
				"prosemirror-transform": "^1.0.0",
				"prosemirror-view": "^1.27.0"
			}
		},
		"node_modules/prosemirror-transform": {
			"version": "1.8.0",
			"resolved": "https://registry.npmjs.org/prosemirror-transform/-/prosemirror-transform-1.8.0.tgz",
			"integrity": "sha512-BaSBsIMv52F1BVVMvOmp1yzD3u65uC3HTzCBQV1WDPqJRQ2LuHKcyfn0jwqodo8sR9vVzMzZyI+Dal5W9E6a9A==",
			"dependencies": {
				"prosemirror-model": "^1.0.0"
			}
		},
		"node_modules/prosemirror-view": {
			"version": "1.32.7",
			"resolved": "https://registry.npmjs.org/prosemirror-view/-/prosemirror-view-1.32.7.tgz",
			"integrity": "sha512-pvxiOoD4shW41X5bYDjRQk3DSG4fMqxh36yPMt7VYgU3dWRmqFzWJM/R6zeo1KtC8nyk717ZbQND3CC9VNeptw==",
			"dependencies": {
				"prosemirror-model": "^1.16.0",
				"prosemirror-state": "^1.0.0",
				"prosemirror-transform": "^1.1.0"
			}
		},
		"node_modules/prosemirror-virtual-cursor": {
			"version": "0.4.2",
			"resolved": "https://registry.npmjs.org/prosemirror-virtual-cursor/-/prosemirror-virtual-cursor-0.4.2.tgz",
			"integrity": "sha512-pUMKnIuOhhnMcgIJUjhIQTVJruBEGxfMBVQSrK0g2qhGPDm1i12KdsVaFw15dYk+29tZcxjMeR7P5VDKwmbwJg==",
			"funding": {
				"url": "https://github.com/sponsors/ocavue"
			},
			"peerDependencies": {
				"prosemirror-model": "^1.0.0",
				"prosemirror-state": "^1.0.0",
				"prosemirror-view": "^1.0.0"
			},
			"peerDependenciesMeta": {
				"prosemirror-model": {
					"optional": true
				},
				"prosemirror-state": {
					"optional": true
				},
				"prosemirror-view": {
					"optional": true
				}
			}
		},
		"node_modules/react": {
			"version": "18.2.0",
			"resolved": "https://registry.npmjs.org/react/-/react-18.2.0.tgz",
			"integrity": "sha512-/3IjMdb2L9QbBdWiW5e3P2/npwMBaU9mHCSCUzNln0ZCYbcfTsGbTJrU/kGemdH2IWmB2ioZ+zkxtmq6g09fGQ==",
			"peer": true,
			"dependencies": {
				"loose-envify": "^1.1.0"
			},
			"engines": {
				"node": ">=0.10.0"
			}
		},
		"node_modules/react-dom": {
			"version": "18.2.0",
			"resolved": "https://registry.npmjs.org/react-dom/-/react-dom-18.2.0.tgz",
			"integrity": "sha512-6IMTriUmvsjHUjNtEDudZfuDQUoWXVxKHhlEGSk81n4YFS+r/Kl99wXiwlVXtPBtJenozv2P+hxDsw9eA7Xo6g==",
			"peer": true,
			"dependencies": {
				"loose-envify": "^1.1.0",
				"scheduler": "^0.23.0"
			},
			"peerDependencies": {
				"react": "^18.2.0"
			}
		},
		"node_modules/rope-sequence": {
			"version": "1.3.4",
			"resolved": "https://registry.npmjs.org/rope-sequence/-/rope-sequence-1.3.4.tgz",
			"integrity": "sha512-UT5EDe2cu2E/6O4igUr5PSFs23nvvukicWHx6GnOPlHAiiYbzNuCRQCuiUdHJQcqKalLKlrYJnjY0ySGsXNQXQ=="
		},
		"node_modules/scheduler": {
			"version": "0.23.0",
			"resolved": "https://registry.npmjs.org/scheduler/-/scheduler-0.23.0.tgz",
			"integrity": "sha512-CtuThmgHNg7zIZWAXi3AsyIzA3n4xx7aNyjwC2VJldO2LMVDhFK+63xGqq6CsJH4rTAt6/M+N4GhZiDYPx9eUw==",
			"peer": true,
			"dependencies": {
				"loose-envify": "^1.1.0"
			}
		},
		"node_modules/simple-swizzle": {
			"version": "0.2.2",
			"resolved": "https://registry.npmjs.org/simple-swizzle/-/simple-swizzle-0.2.2.tgz",
			"integrity": "sha512-JA//kQgZtbuY83m+xT+tXJkmJncGMTFT+C+g2h2R9uxkYIrE2yy9sgmcLhCnw57/WSD+Eh3J97FPEDFnbXnDUg==",
			"dependencies": {
				"is-arrayish": "^0.3.1"
			}
		},
		"node_modules/unicode-emoji-json": {
			"version": "0.4.0",
			"resolved": "https://registry.npmjs.org/unicode-emoji-json/-/unicode-emoji-json-0.4.0.tgz",
			"integrity": "sha512-lVNOwh2AnmbwqtSrEVjAWKQoVzWgyWmXVqPuPkPfKb0tnA0+uYN/4ILCTdy9IRj/+3drAVhmjwjNJQr2dhCwnA=="
		},
		"node_modules/vibin-hooks": {
			"version": "0.6.3",
			"resolved": "https://registry.npmjs.org/vibin-hooks/-/vibin-hooks-0.6.3.tgz",
			"integrity": "sha512-mjZbDMtI5MDymkq/gZE2MCmNvVtKSRJ8x/7lVbkxcLNeF6NArfryK/0cg3kkxzjQXiJUUbLuODmFt9m2EoCkeA==",
			"peerDependencies": {
				"react": ">16.0.0"
			}
		},
		"node_modules/w3c-keyname": {
			"version": "2.2.8",
			"resolved": "https://registry.npmjs.org/w3c-keyname/-/w3c-keyname-2.2.8.tgz",
			"integrity": "sha512-dpojBhNsCNN7T82Tm7k26A6G9ML3NkhDsnw9n/eoxSRlVBB4CEtIQ/KTCLI2Fwf3ataSXRhYFkQi3SlnFwPvPQ=="
		},
		"node_modules/webpack-gen": {
			"resolved": "../../webpack-gen",
			"link": true
		}
	},
	"dependencies": {
		"@nytimes/react-prosemirror": {
			"version": "0.4.2",
			"resolved": "https://registry.npmjs.org/@nytimes/react-prosemirror/-/react-prosemirror-0.4.2.tgz",
			"integrity": "sha512-RFJT+GMG/cuMpXHd73k0hqImYsNx2iWs+9Wjs2YuRjVSMVANRhkOKq7Tatt1UcNMFA14kZW66t3Qb29pjdRgCQ==",
			"requires": {}
		},
		"@types/color": {
			"version": "3.0.4",
			"resolved": "https://registry.npmjs.org/@types/color/-/color-3.0.4.tgz",
			"integrity": "sha512-OpisS4bqJJwbkkQRrMvURf3DOxBoAg9mysHYI7WgrWpSYHqHGKYBULHdz4ih77SILcLDo/zyHGFyfIl9yb8NZQ==",
			"dev": true,
			"requires": {
				"@types/color-convert": "*"
			}
		},
		"@types/color-convert": {
			"version": "2.0.1",
			"resolved": "https://registry.npmjs.org/@types/color-convert/-/color-convert-2.0.1.tgz",
			"integrity": "sha512-GwXanrvq/tBHJtudbl1lSy9Ybt7KS9+rA+YY3bcuIIM+d6jSHUr+5yjO83gtiRpuaPiBccwFjSnAK2qSrIPA7w==",
			"dev": true,
			"requires": {
				"@types/color-name": "*"
			}
		},
		"@types/color-name": {
			"version": "1.1.1",
			"resolved": "https://registry.npmjs.org/@types/color-name/-/color-name-1.1.1.tgz",
			"integrity": "sha512-rr+OQyAjxze7GgWrSaJwydHStIhHq2lvY3BOC2Mj7KnzI7XK0Uw1TOOdI9lDoajEbSWLiYgoo4f1R51erQfhPQ==",
			"dev": true
		},
		"@types/dashboard": {
			"version": "file:../dashboard",
			"requires": {
				"@headlessui/react": "^1.6.6",
				"@twind/core": "^1.1.3",
				"@twind/preset-ext": "^1.0.7",
				"@twind/preset-line-clamp": "^1.0.7",
				"@twind/preset-tailwind": "^1.1.4",
				"@twind/preset-typography": "^1.0.7",
				"@types/routes": "file:../routes",
				"@types/users": "file:../users",
				"@types/ws": "^8.5.3",
				"auriserve": "file:../../api/build",
				"bufferutil": "^4.0.7",
				"common": "file:../../common/build",
				"graphql": "^16.5.0",
				"preact": "^10.13.2",
				"react-router-dom": "^6.3.0",
				"utf-8-validate": "^5.0.10",
				"vibin-hooks": "^0.6.2",
				"webpack-gen": "file:../../webpack-gen",
				"ws": "^8.8.1"
			}
		},
		"@types/elements": {
			"version": "file:../elements",
			"requires": {
				"common": "file:../../common/build",
				"preact": "^10.10.2",
				"preact-render-to-string": "^5.2.1",
				"webpack-gen": "file:../../webpack-gen"
			}
		},
		"@types/elements-base": {
			"version": "file:../elements-base",
			"requires": {
				"@tiptap/react": "^2.0.0-beta.114",
				"@tiptap/starter-kit": "^2.0.0-beta.191",
				"@types/dashboard": "file:../dashboard",
				"@types/elements": "file:../elements",
				"@types/hydrated": "file:../hydrated",
				"@types/media": "file:../media",
				"@types/page-editor": "file:../page-editor",
				"@types/pages": "file:../pages",
				"@types/routes": "file:../routes",
				"auriserve": "file:../../api/build",
				"common": "file:../../common/build",
				"file-loader": "^6.2.0",
				"pdfjs-dist": "^3.2.146",
				"preact": "^10.13.2",
				"raw-loader": "^4.0.2",
				"webpack-gen": "file:../../webpack-gen"
			}
		},
		"@types/hydrated": {
			"version": "file:../hydrated",
			"requires": {
				"@types/elements": "file:../elements",
				"auriserve": "file:../../api/build",
				"common": "file:../../common/build",
				"preact": "^10.13.2",
				"webpack-gen": "file:../../webpack-gen"
			}
		},
		"@types/media": {
			"version": "file:../media",
			"requires": {
				"@types/dashboard": "file:../dashboard",
				"@types/escape-html": "^1.0.2",
				"auriserve": "file:../../api/build",
				"common": "file:../../common/build",
				"escape-html": "^1.0.3",
				"image-size": "^1.0.2",
				"node-watch": "^0.7.3",
				"preact": "^10.10.2",
				"svgo": "^3.0.2",
				"vibin-hooks": "^0.6.1",
				"webpack-gen": "file:../../webpack-gen"
			}
		},
		"@types/page-editor": {
			"version": "file:../page-editor",
			"requires": {
				"@types/dashboard": "file:../dashboard",
				"@types/elements": "file:../elements",
				"@types/escape-html": "^1.0.1",
				"@types/pages": "file:../pages",
				"@types/routes": "file:../routes",
				"@types/users": "file:../users",
				"auriserve": "file:../../api/build",
				"common": "file:../../common/build",
				"escape-html": "^1.0.3",
				"preact": "^10.13.2",
				"vibin-hooks": "^0.2.1",
				"webpack-gen": "file:../../webpack-gen"
			}
		},
		"@types/pages": {
			"version": "file:../pages",
			"requires": {
				"@types/elements": "file:../elements",
				"@types/escape-html": "^1.0.1",
				"@types/routes": "file:../routes",
				"@types/ws": "^8.5.4",
				"auriserve": "file:../../api/build",
				"bufferutil": "^4.0.7",
				"common": "file:../../common/build",
				"escape-html": "^1.0.3",
				"utf-8-validate": "^6.0.3",
				"webpack-gen": "file:../../webpack-gen",
				"ws": "^8.13.0"
			}
		},
		"@types/routes": {
			"version": "file:../routes",
			"requires": {
				"auriserve": "file:../../api/build",
				"common": "file:../../common/build",
				"webpack-gen": "file:../../webpack-gen"
			}
		},
		"auriserve": {
			"version": "file:../../api/build"
		},
		"color": {
			"version": "4.2.3",
			"resolved": "https://registry.npmjs.org/color/-/color-4.2.3.tgz",
			"integrity": "sha512-1rXeuUUiGGrykh+CeBdu5Ie7OJwinCgQY0bc7GCRxy5xVHy+moaqkpL/jqQq0MtQOeYcrqEz4abc5f0KtU7W4A==",
			"requires": {
				"color-convert": "^2.0.1",
				"color-string": "^1.9.0"
			}
		},
		"color-convert": {
			"version": "2.0.1",
			"resolved": "https://registry.npmjs.org/color-convert/-/color-convert-2.0.1.tgz",
			"integrity": "sha512-RRECPsj7iu/xb5oKYcsFHSppFNnsj/52OVTRKb4zP5onXwVF3zVmmToNcOfGC+CRDpfK/U584fMg38ZHCaElKQ==",
			"requires": {
				"color-name": "~1.1.4"
			}
		},
		"color-name": {
			"version": "1.1.4",
			"resolved": "https://registry.npmjs.org/color-name/-/color-name-1.1.4.tgz",
			"integrity": "sha512-dOy+3AuW3a2wNbZHIuMZpTcgjGuLU/uBL/ubcZF9OXbDo8ff4O8yVp5Bf0efS8uEoYo5q4Fx7dY9OgQGXgAsQA=="
		},
		"color-string": {
			"version": "1.9.1",
			"resolved": "https://registry.npmjs.org/color-string/-/color-string-1.9.1.tgz",
			"integrity": "sha512-shrVawQFojnZv6xM40anx4CkoDP+fZsw/ZerEMsW/pyzsRbElpsL/DBVW7q3ExxwusdNXI3lXpuhEZkzs8p5Eg==",
			"requires": {
				"color-name": "^1.0.0",
				"simple-swizzle": "^0.2.2"
			}
		},
		"common": {
			"version": "file:../../common/build"
		},
		"crelt": {
			"version": "1.0.6",
			"resolved": "https://registry.npmjs.org/crelt/-/crelt-1.0.6.tgz",
			"integrity": "sha512-VQ2MBenTq1fWZUH9DJNGti7kKv6EeAuYr3cLwxUWhIu1baTaXh4Ib5W2CqHVqib4/MqbYGJqiL3Zb8GJZr3l4g=="
		},
		"emojilib": {
			"version": "3.0.11",
			"resolved": "https://registry.npmjs.org/emojilib/-/emojilib-3.0.11.tgz",
			"integrity": "sha512-OuML9z640prB+0Rms1RgzJrBAqNC9mFdqT2HeFcXSGSGNEiZh9adsaPPxWbqRoMyJPzu+zNKPyGKv4/sPmJDyg=="
		},
		"fast-average-color": {
			"version": "9.4.0",
			"resolved": "https://registry.npmjs.org/fast-average-color/-/fast-average-color-9.4.0.tgz",
			"integrity": "sha512-bvM8vV6YwK07dPbzFz77zJaBcfF6ABVfgNwaxVgXc2G+o0e/tzLCF9WU8Ryp1r0Nkk6JuJNsWCzbb4cLOMlB+Q=="
		},
		"is-arrayish": {
			"version": "0.3.2",
			"resolved": "https://registry.npmjs.org/is-arrayish/-/is-arrayish-0.3.2.tgz",
			"integrity": "sha512-eVRqCvVlZbuw3GrM63ovNSNAeA1K16kaR/LRY/92w0zxQ5/1YzwblUX652i4Xs9RwAGjW9d9y6X88t8OaAJfWQ=="
		},
		"js-tokens": {
			"version": "4.0.0",
			"resolved": "https://registry.npmjs.org/js-tokens/-/js-tokens-4.0.0.tgz",
			"integrity": "sha512-RdJUflcE3cUzKiMqQgsCu06FPu9UdIJO0beYbPhHN4k6apgJtifcoCtT9bcxOpYBtpD2kCM6Sbzg4CausW/PKQ==",
			"peer": true
		},
		"loose-envify": {
			"version": "1.4.0",
			"resolved": "https://registry.npmjs.org/loose-envify/-/loose-envify-1.4.0.tgz",
			"integrity": "sha512-lyuxPGr/Wfhrlem2CL/UcnUc1zcqKAImBDzukY7Y5F/yQiNdko6+fRLevlw1HgMySw7f611UIY408EtxRSoK3Q==",
			"peer": true,
			"requires": {
				"js-tokens": "^3.0.0 || ^4.0.0"
			}
		},
		"orderedmap": {
			"version": "2.1.1",
			"resolved": "https://registry.npmjs.org/orderedmap/-/orderedmap-2.1.1.tgz",
			"integrity": "sha512-TvAWxi0nDe1j/rtMcWcIj94+Ffe6n7zhow33h40SKxmsmozs6dz/e+EajymfoFcHd7sxNn8yHM8839uixMOV6g=="
		},
		"preact": {
			"version": "10.18.1",
			"resolved": "https://registry.npmjs.org/preact/-/preact-10.18.1.tgz",
			"integrity": "sha512-mKUD7RRkQQM6s7Rkmi7IFkoEHjuFqRQUaXamO61E6Nn7vqF/bo7EZCmSyrUnp2UWHw0O7XjZ2eeXis+m7tf4lg==",
			"dev": true
		},
		"prosemirror-autocomplete": {
			"version": "0.4.3",
			"resolved": "https://registry.npmjs.org/prosemirror-autocomplete/-/prosemirror-autocomplete-0.4.3.tgz",
			"integrity": "sha512-a4w/SOzgrTjXaWpSYMrai6H3KHSUBuADZC/DBm4VApiD9LGHpv98zQbHzsHgInrEoWcBGzYVT0HUD3tLgrsEVQ==",
			"requires": {
				"prosemirror-inputrules": "^1.2.0",
				"prosemirror-state": "^1.4.1",
				"prosemirror-view": "^1.27.0"
			}
		},
		"prosemirror-commands": {
			"version": "1.5.2",
			"resolved": "https://registry.npmjs.org/prosemirror-commands/-/prosemirror-commands-1.5.2.tgz",
			"integrity": "sha512-hgLcPaakxH8tu6YvVAaILV2tXYsW3rAdDR8WNkeKGcgeMVQg3/TMhPdVoh7iAmfgVjZGtcOSjKiQaoeKjzd2mQ==",
			"requires": {
				"prosemirror-model": "^1.0.0",
				"prosemirror-state": "^1.0.0",
				"prosemirror-transform": "^1.0.0"
			}
		},
		"prosemirror-dropcursor": {
			"version": "1.8.1",
			"resolved": "https://registry.npmjs.org/prosemirror-dropcursor/-/prosemirror-dropcursor-1.8.1.tgz",
			"integrity": "sha512-M30WJdJZLyXHi3N8vxN6Zh5O8ZBbQCz0gURTfPmTIBNQ5pxrdU7A58QkNqfa98YEjSAL1HUyyU34f6Pm5xBSGw==",
			"requires": {
				"prosemirror-state": "^1.0.0",
				"prosemirror-transform": "^1.1.0",
				"prosemirror-view": "^1.1.0"
			}
		},
		"prosemirror-example-setup": {
			"version": "1.2.2",
			"resolved": "https://registry.npmjs.org/prosemirror-example-setup/-/prosemirror-example-setup-1.2.2.tgz",
			"integrity": "sha512-pHJc656IgYm249RNp0eQaWNmnyWGk6OrzysWfYI4+NwE14HQ7YNYOlRBLErUS6uCAHIYJLNXf0/XCmf1OCtNbQ==",
			"requires": {
				"prosemirror-commands": "^1.0.0",
				"prosemirror-dropcursor": "^1.0.0",
				"prosemirror-gapcursor": "^1.0.0",
				"prosemirror-history": "^1.0.0",
				"prosemirror-inputrules": "^1.0.0",
				"prosemirror-keymap": "^1.0.0",
				"prosemirror-menu": "^1.0.0",
				"prosemirror-schema-list": "^1.0.0",
				"prosemirror-state": "^1.0.0"
			}
		},
		"prosemirror-gapcursor": {
			"version": "1.3.2",
			"resolved": "https://registry.npmjs.org/prosemirror-gapcursor/-/prosemirror-gapcursor-1.3.2.tgz",
			"integrity": "sha512-wtjswVBd2vaQRrnYZaBCbyDqr232Ed4p2QPtRIUK5FuqHYKGWkEwl08oQM4Tw7DOR0FsasARV5uJFvMZWxdNxQ==",
			"requires": {
				"prosemirror-keymap": "^1.0.0",
				"prosemirror-model": "^1.0.0",
				"prosemirror-state": "^1.0.0",
				"prosemirror-view": "^1.0.0"
			}
		},
		"prosemirror-history": {
			"version": "1.3.2",
			"resolved": "https://registry.npmjs.org/prosemirror-history/-/prosemirror-history-1.3.2.tgz",
			"integrity": "sha512-/zm0XoU/N/+u7i5zepjmZAEnpvjDtzoPWW6VmKptcAnPadN/SStsBjMImdCEbb3seiNTpveziPTIrXQbHLtU1g==",
			"requires": {
				"prosemirror-state": "^1.2.2",
				"prosemirror-transform": "^1.0.0",
				"prosemirror-view": "^1.31.0",
				"rope-sequence": "^1.3.0"
			}
		},
		"prosemirror-inputrules": {
			"version": "1.2.1",
			"resolved": "https://registry.npmjs.org/prosemirror-inputrules/-/prosemirror-inputrules-1.2.1.tgz",
			"integrity": "sha512-3LrWJX1+ULRh5SZvbIQlwZafOXqp1XuV21MGBu/i5xsztd+9VD15x6OtN6mdqSFI7/8Y77gYUbQ6vwwJ4mr6QQ==",
			"requires": {
				"prosemirror-state": "^1.0.0",
				"prosemirror-transform": "^1.0.0"
			}
		},
		"prosemirror-keymap": {
			"version": "1.2.2",
			"resolved": "https://registry.npmjs.org/prosemirror-keymap/-/prosemirror-keymap-1.2.2.tgz",
			"integrity": "sha512-EAlXoksqC6Vbocqc0GtzCruZEzYgrn+iiGnNjsJsH4mrnIGex4qbLdWWNza3AW5W36ZRrlBID0eM6bdKH4OStQ==",
			"requires": {
				"prosemirror-state": "^1.0.0",
				"w3c-keyname": "^2.2.0"
			}
		},
		"prosemirror-menu": {
			"version": "1.2.4",
			"resolved": "https://registry.npmjs.org/prosemirror-menu/-/prosemirror-menu-1.2.4.tgz",
			"integrity": "sha512-S/bXlc0ODQup6aiBbWVsX/eM+xJgCTAfMq/nLqaO5ID/am4wS0tTCIkzwytmao7ypEtjj39i7YbJjAgO20mIqA==",
			"requires": {
				"crelt": "^1.0.0",
				"prosemirror-commands": "^1.0.0",
				"prosemirror-history": "^1.0.0",
				"prosemirror-state": "^1.0.0"
			}
		},
		"prosemirror-model": {
			"version": "1.19.4",
			"resolved": "https://registry.npmjs.org/prosemirror-model/-/prosemirror-model-1.19.4.tgz",
			"integrity": "sha512-RPmVXxUfOhyFdayHawjuZCxiROsm9L4FCUA6pWI+l7n2yCBsWy9VpdE1hpDHUS8Vad661YLY9AzqfjLhAKQ4iQ==",
			"requires": {
				"orderedmap": "^2.0.0"
			}
		},
		"prosemirror-schema-basic": {
			"version": "1.2.2",
			"resolved": "https://registry.npmjs.org/prosemirror-schema-basic/-/prosemirror-schema-basic-1.2.2.tgz",
			"integrity": "sha512-/dT4JFEGyO7QnNTe9UaKUhjDXbTNkiWTq/N4VpKaF79bBjSExVV2NXmJpcM7z/gD7mbqNjxbmWW5nf1iNSSGnw==",
			"requires": {
				"prosemirror-model": "^1.19.0"
			}
		},
		"prosemirror-schema-list": {
			"version": "1.3.0",
			"resolved": "https://registry.npmjs.org/prosemirror-schema-list/-/prosemirror-schema-list-1.3.0.tgz",
			"integrity": "sha512-Hz/7gM4skaaYfRPNgr421CU4GSwotmEwBVvJh5ltGiffUJwm7C8GfN/Bc6DR1EKEp5pDKhODmdXXyi9uIsZl5A==",
			"requires": {
				"prosemirror-model": "^1.0.0",
				"prosemirror-state": "^1.0.0",
				"prosemirror-transform": "^1.7.3"
			}
		},
		"prosemirror-state": {
			"version": "1.4.3",
			"resolved": "https://registry.npmjs.org/prosemirror-state/-/prosemirror-state-1.4.3.tgz",
			"integrity": "sha512-goFKORVbvPuAQaXhpbemJFRKJ2aixr+AZMGiquiqKxaucC6hlpHNZHWgz5R7dS4roHiwq9vDctE//CZ++o0W1Q==",
			"requires": {
				"prosemirror-model": "^1.0.0",
				"prosemirror-transform": "^1.0.0",
				"prosemirror-view": "^1.27.0"
			}
		},
		"prosemirror-transform": {
			"version": "1.8.0",
			"resolved": "https://registry.npmjs.org/prosemirror-transform/-/prosemirror-transform-1.8.0.tgz",
			"integrity": "sha512-BaSBsIMv52F1BVVMvOmp1yzD3u65uC3HTzCBQV1WDPqJRQ2LuHKcyfn0jwqodo8sR9vVzMzZyI+Dal5W9E6a9A==",
			"requires": {
				"prosemirror-model": "^1.0.0"
			}
		},
		"prosemirror-view": {
			"version": "1.32.7",
			"resolved": "https://registry.npmjs.org/prosemirror-view/-/prosemirror-view-1.32.7.tgz",
			"integrity": "sha512-pvxiOoD4shW41X5bYDjRQk3DSG4fMqxh36yPMt7VYgU3dWRmqFzWJM/R6zeo1KtC8nyk717ZbQND3CC9VNeptw==",
			"requires": {
				"prosemirror-model": "^1.16.0",
				"prosemirror-state": "^1.0.0",
				"prosemirror-transform": "^1.1.0"
			}
		},
		"prosemirror-virtual-cursor": {
			"version": "0.4.2",
			"resolved": "https://registry.npmjs.org/prosemirror-virtual-cursor/-/prosemirror-virtual-cursor-0.4.2.tgz",
			"integrity": "sha512-pUMKnIuOhhnMcgIJUjhIQTVJruBEGxfMBVQSrK0g2qhGPDm1i12KdsVaFw15dYk+29tZcxjMeR7P5VDKwmbwJg==",
			"requires": {}
		},
		"react": {
			"version": "18.2.0",
			"resolved": "https://registry.npmjs.org/react/-/react-18.2.0.tgz",
			"integrity": "sha512-/3IjMdb2L9QbBdWiW5e3P2/npwMBaU9mHCSCUzNln0ZCYbcfTsGbTJrU/kGemdH2IWmB2ioZ+zkxtmq6g09fGQ==",
			"peer": true,
			"requires": {
				"loose-envify": "^1.1.0"
			}
		},
		"react-dom": {
			"version": "18.2.0",
			"resolved": "https://registry.npmjs.org/react-dom/-/react-dom-18.2.0.tgz",
			"integrity": "sha512-6IMTriUmvsjHUjNtEDudZfuDQUoWXVxKHhlEGSk81n4YFS+r/Kl99wXiwlVXtPBtJenozv2P+hxDsw9eA7Xo6g==",
			"peer": true,
			"requires": {
				"loose-envify": "^1.1.0",
				"scheduler": "^0.23.0"
			}
		},
		"rope-sequence": {
			"version": "1.3.4",
			"resolved": "https://registry.npmjs.org/rope-sequence/-/rope-sequence-1.3.4.tgz",
			"integrity": "sha512-UT5EDe2cu2E/6O4igUr5PSFs23nvvukicWHx6GnOPlHAiiYbzNuCRQCuiUdHJQcqKalLKlrYJnjY0ySGsXNQXQ=="
		},
		"scheduler": {
			"version": "0.23.0",
			"resolved": "https://registry.npmjs.org/scheduler/-/scheduler-0.23.0.tgz",
			"integrity": "sha512-CtuThmgHNg7zIZWAXi3AsyIzA3n4xx7aNyjwC2VJldO2LMVDhFK+63xGqq6CsJH4rTAt6/M+N4GhZiDYPx9eUw==",
			"peer": true,
			"requires": {
				"loose-envify": "^1.1.0"
			}
		},
		"simple-swizzle": {
			"version": "0.2.2",
			"resolved": "https://registry.npmjs.org/simple-swizzle/-/simple-swizzle-0.2.2.tgz",
			"integrity": "sha512-JA//kQgZtbuY83m+xT+tXJkmJncGMTFT+C+g2h2R9uxkYIrE2yy9sgmcLhCnw57/WSD+Eh3J97FPEDFnbXnDUg==",
			"requires": {
				"is-arrayish": "^0.3.1"
			}
		},
		"unicode-emoji-json": {
			"version": "0.4.0",
			"resolved": "https://registry.npmjs.org/unicode-emoji-json/-/unicode-emoji-json-0.4.0.tgz",
			"integrity": "sha512-lVNOwh2AnmbwqtSrEVjAWKQoVzWgyWmXVqPuPkPfKb0tnA0+uYN/4ILCTdy9IRj/+3drAVhmjwjNJQr2dhCwnA=="
		},
		"vibin-hooks": {
			"version": "0.6.3",
			"resolved": "https://registry.npmjs.org/vibin-hooks/-/vibin-hooks-0.6.3.tgz",
			"integrity": "sha512-mjZbDMtI5MDymkq/gZE2MCmNvVtKSRJ8x/7lVbkxcLNeF6NArfryK/0cg3kkxzjQXiJUUbLuODmFt9m2EoCkeA==",
			"requires": {}
		},
		"w3c-keyname": {
			"version": "2.2.8",
			"resolved": "https://registry.npmjs.org/w3c-keyname/-/w3c-keyname-2.2.8.tgz",
			"integrity": "sha512-dpojBhNsCNN7T82Tm7k26A6G9ML3NkhDsnw9n/eoxSRlVBB4CEtIQ/KTCLI2Fwf3ataSXRhYFkQi3SlnFwPvPQ=="
		},
		"webpack-gen": {
			"version": "file:../../webpack-gen",
			"requires": {
				"@babel/core": "^7.18.13",
				"@babel/plugin-transform-react-jsx": "^7.18.10",
				"@babel/preset-env": "^7.18.10",
				"@babel/preset-typescript": "^7.18.6",
				"@types/js-yaml": "^4.0.5",
				"@types/minimist": "^1.2.2",
				"@types/webpack-node-externals": "^2.5.3",
				"babel-loader": "^8.2.5",
				"css-loader": "^6.8.1",
				"eslint-webpack-plugin": "^3.2.0",
				"fork-ts-checker-webpack-plugin": "^7.2.13",
				"js-yaml": "^4.1.0",
				"mini-css-extract-plugin": "^2.6.1",
				"minimist": "^1.2.6",
				"nodemon": "^2.0.19",
				"null-loader": "^4.0.1",
				"postcss-loader": "^7.0.1",
				"postcss-minify": "^1.1.0",
				"postcss-nested": "^5.0.6",
				"style-loader": "^3.3.3",
				"typescript": "^4.7.4",
				"webpack-merge": "^5.8.0",
				"webpack-node-externals": "^3.0.0"
			}
		}
	}
}
