{
	"name": "@auriserve/plugin-elements-base",
	"version": "0.0.1",
	"lockfileVersion": 2,
	"requires": true,
	"packages": {
		"": {
			"name": "@auriserve/plugin-elements-base",
			"version": "0.0.1",
			"license": "MIT",
			"dependencies": {
				"auriserve": "file:../../api/build",
				"color": "^4.2.3",
				"common": "file:../../common/build",
				"fast-average-color": "^9.4.0"
			},
			"devDependencies": {
				"@types/color": "^3.0.4",
				"@types/dashboard": "file:../dashboard",
				"@types/elements": "file:../elements",
				"@types/hydrated": "file:../hydrated",
				"@types/media": "file:../media",
				"@types/page-editor": "file:../page-editor",
				"@types/pages": "file:../pages",
				"@types/routes": "file:../routes",
				"preact": "^10.10.2",
				"webpack-gen": "file:../../webpack-gen"
			}
		},
		"../../api/build": {},
		"../../common/build": {},
		"../../webpack-gen": {
			"version": "0.0.1",
			"dev": true,
			"license": "MIT",
			"dependencies": {
				"js-yaml": "^4.1.0",
				"minimist": "^1.2.6",
				"null-loader": "^4.0.1"
			},
			"bin": {
				"webpack-gen": "build/Main.js"
			},
			"devDependencies": {
				"@babel/core": "^7.18.13",
				"@babel/plugin-transform-react-jsx": "^7.18.10",
				"@babel/preset-env": "^7.18.10",
				"@babel/preset-typescript": "^7.18.6",
				"@types/js-yaml": "^4.0.5",
				"@types/minimist": "^1.2.2",
				"@types/webpack-node-externals": "^2.5.3",
				"babel-loader": "^8.2.5",
				"css-loader": "^6.7.1",
				"eslint-webpack-plugin": "^3.2.0",
				"fork-ts-checker-webpack-plugin": "^7.2.13",
				"mini-css-extract-plugin": "^2.6.1",
				"nodemon": "^2.0.19",
				"postcss-loader": "^7.0.1",
				"postcss-minify": "^1.1.0",
				"postcss-nested": "^5.0.6",
				"typescript": "^4.7.4",
				"webpack-merge": "^5.8.0",
				"webpack-node-externals": "^3.0.0"
			}
		},
		"../dashboard": {
			"name": "@auriserve/plugin-dashboard",
			"version": "0.0.1",
			"dev": true,
			"license": "AGPL-3.0-only",
			"dependencies": {
				"@headlessui/react": "^1.6.6",
				"@twind/core": "^1.1.3",
				"@twind/preset-tailwind": "^1.0.0-next.35",
				"auriserve": "file:../../api/build",
				"bufferutil": "^4.0.7",
				"common": "file:../../common/build",
				"graphql": "^16.5.0",
				"preact": "^10.13.2",
				"react-router-dom": "^6.3.0",
				"utf-8-validate": "^5.0.10",
				"vibin-hooks": "^0.3.0",
				"ws": "^8.8.1"
			},
			"devDependencies": {
				"@types/routes": "file:../routes",
				"@types/users": "file:../users",
				"@types/ws": "^8.5.3",
				"webpack-gen": "file:../../webpack-gen"
			}
		},
		"../elements": {
			"name": "@auriserve/plugin-elements",
			"version": "0.0.1",
			"dev": true,
			"license": "MIT",
			"dependencies": {
				"common": "file:../../common/build"
			},
			"devDependencies": {
				"preact": "^10.10.2",
				"preact-render-to-string": "^5.2.1",
				"webpack-gen": "file:../../webpack-gen"
			}
		},
		"../hydrated": {
			"name": "@auriserve/plugin-hydrated",
			"version": "0.0.1",
			"dev": true,
			"license": "MIT",
			"dependencies": {
				"auriserve": "file:../../api/build",
				"common": "file:../../common/build"
			},
			"devDependencies": {
				"@types/elements": "file:../elements",
				"preact": "^10.13.2",
				"webpack-gen": "file:../../webpack-gen"
			}
		},
		"../media": {
			"name": "@auriserve/plugin-media",
			"version": "0.0.1",
			"dev": true,
			"license": "UNLICENSED",
			"dependencies": {
				"auriserve": "file:../../api/build",
				"common": "file:../../common/build",
				"escape-html": "^1.0.3",
				"image-size": "^1.0.2",
				"node-watch": "^0.7.3",
				"svgo": "^3.0.2"
			},
			"devDependencies": {
				"@types/escape-html": "^1.0.2",
				"webpack-gen": "file:../../webpack-gen"
			}
		},
		"../page-editor": {
			"name": "@auriserve/plugin-page-editor",
			"version": "0.0.1",
			"dev": true,
			"license": "UNLICENSED",
			"dependencies": {
				"auriserve": "file:../../api/build",
				"common": "file:../../common/build",
				"escape-html": "^1.0.3",
				"vibin-hooks": "^0.2.1"
			},
			"devDependencies": {
				"@types/dashboard": "file:../dashboard",
				"@types/elements": "file:../elements",
				"@types/escape-html": "^1.0.1",
				"@types/pages": "file:../pages",
				"@types/routes": "file:../routes",
				"@types/users": "file:../users",
				"preact": "^10.13.2",
				"webpack-gen": "file:../../webpack-gen"
			}
		},
		"../pages": {
			"name": "@auriserve/plugin-pages",
			"version": "0.0.1",
			"dev": true,
			"license": "UNLICENSED",
			"dependencies": {
				"auriserve": "file:../../api/build",
				"bufferutil": "^4.0.7",
				"common": "file:../../common/build",
				"escape-html": "^1.0.3",
				"utf-8-validate": "^6.0.3",
				"ws": "^8.13.0"
			},
			"devDependencies": {
				"@types/elements": "file:../elements",
				"@types/escape-html": "^1.0.1",
				"@types/routes": "file:../routes",
				"@types/ws": "^8.5.4",
				"webpack-gen": "file:../../webpack-gen"
			}
		},
		"../routes": {
			"name": "@auriserve/plugin-routes",
			"version": "0.0.1",
			"dev": true,
			"license": "UNLICENSED",
			"dependencies": {
				"auriserve": "file:../../api/build",
				"common": "file:../../common/build"
			},
			"devDependencies": {
				"webpack-gen": "file:../../webpack-gen"
			}
		},
		"node_modules/@types/color": {
			"version": "3.0.4",
			"resolved": "https://registry.npmjs.org/@types/color/-/color-3.0.4.tgz",
			"integrity": "sha512-OpisS4bqJJwbkkQRrMvURf3DOxBoAg9mysHYI7WgrWpSYHqHGKYBULHdz4ih77SILcLDo/zyHGFyfIl9yb8NZQ==",
			"dev": true,
			"dependencies": {
				"@types/color-convert": "*"
			}
		},
		"node_modules/@types/color-convert": {
			"version": "2.0.1",
			"resolved": "https://registry.npmjs.org/@types/color-convert/-/color-convert-2.0.1.tgz",
			"integrity": "sha512-GwXanrvq/tBHJtudbl1lSy9Ybt7KS9+rA+YY3bcuIIM+d6jSHUr+5yjO83gtiRpuaPiBccwFjSnAK2qSrIPA7w==",
			"dev": true,
			"dependencies": {
				"@types/color-name": "*"
			}
		},
		"node_modules/@types/color-name": {
			"version": "1.1.1",
			"resolved": "https://registry.npmjs.org/@types/color-name/-/color-name-1.1.1.tgz",
			"integrity": "sha512-rr+OQyAjxze7GgWrSaJwydHStIhHq2lvY3BOC2Mj7KnzI7XK0Uw1TOOdI9lDoajEbSWLiYgoo4f1R51erQfhPQ==",
			"dev": true
		},
		"node_modules/@types/dashboard": {
			"resolved": "../dashboard",
			"link": true
		},
		"node_modules/@types/elements": {
			"resolved": "../elements",
			"link": true
		},
		"node_modules/@types/hydrated": {
			"resolved": "../hydrated",
			"link": true
		},
		"node_modules/@types/media": {
			"resolved": "../media",
			"link": true
		},
		"node_modules/@types/page-editor": {
			"resolved": "../page-editor",
			"link": true
		},
		"node_modules/@types/pages": {
			"resolved": "../pages",
			"link": true
		},
		"node_modules/@types/routes": {
			"resolved": "../routes",
			"link": true
		},
		"node_modules/auriserve": {
			"resolved": "../../api/build",
			"link": true
		},
		"node_modules/color": {
			"version": "4.2.3",
			"resolved": "https://registry.npmjs.org/color/-/color-4.2.3.tgz",
			"integrity": "sha512-1rXeuUUiGGrykh+CeBdu5Ie7OJwinCgQY0bc7GCRxy5xVHy+moaqkpL/jqQq0MtQOeYcrqEz4abc5f0KtU7W4A==",
			"dependencies": {
				"color-convert": "^2.0.1",
				"color-string": "^1.9.0"
			},
			"engines": {
				"node": ">=12.5.0"
			}
		},
		"node_modules/color-convert": {
			"version": "2.0.1",
			"resolved": "https://registry.npmjs.org/color-convert/-/color-convert-2.0.1.tgz",
			"integrity": "sha512-RRECPsj7iu/xb5oKYcsFHSppFNnsj/52OVTRKb4zP5onXwVF3zVmmToNcOfGC+CRDpfK/U584fMg38ZHCaElKQ==",
			"dependencies": {
				"color-name": "~1.1.4"
			},
			"engines": {
				"node": ">=7.0.0"
			}
		},
		"node_modules/color-name": {
			"version": "1.1.4",
			"resolved": "https://registry.npmjs.org/color-name/-/color-name-1.1.4.tgz",
			"integrity": "sha512-dOy+3AuW3a2wNbZHIuMZpTcgjGuLU/uBL/ubcZF9OXbDo8ff4O8yVp5Bf0efS8uEoYo5q4Fx7dY9OgQGXgAsQA=="
		},
		"node_modules/color-string": {
			"version": "1.9.1",
			"resolved": "https://registry.npmjs.org/color-string/-/color-string-1.9.1.tgz",
			"integrity": "sha512-shrVawQFojnZv6xM40anx4CkoDP+fZsw/ZerEMsW/pyzsRbElpsL/DBVW7q3ExxwusdNXI3lXpuhEZkzs8p5Eg==",
			"dependencies": {
				"color-name": "^1.0.0",
				"simple-swizzle": "^0.2.2"
			}
		},
		"node_modules/common": {
			"resolved": "../../common/build",
			"link": true
		},
		"node_modules/fast-average-color": {
			"version": "9.4.0",
			"resolved": "https://registry.npmjs.org/fast-average-color/-/fast-average-color-9.4.0.tgz",
			"integrity": "sha512-bvM8vV6YwK07dPbzFz77zJaBcfF6ABVfgNwaxVgXc2G+o0e/tzLCF9WU8Ryp1r0Nkk6JuJNsWCzbb4cLOMlB+Q==",
			"engines": {
				"node": ">= 12"
			}
		},
		"node_modules/is-arrayish": {
			"version": "0.3.2",
			"resolved": "https://registry.npmjs.org/is-arrayish/-/is-arrayish-0.3.2.tgz",
			"integrity": "sha512-eVRqCvVlZbuw3GrM63ovNSNAeA1K16kaR/LRY/92w0zxQ5/1YzwblUX652i4Xs9RwAGjW9d9y6X88t8OaAJfWQ=="
		},
		"node_modules/preact": {
			"version": "10.18.1",
			"resolved": "https://registry.npmjs.org/preact/-/preact-10.18.1.tgz",
			"integrity": "sha512-mKUD7RRkQQM6s7Rkmi7IFkoEHjuFqRQUaXamO61E6Nn7vqF/bo7EZCmSyrUnp2UWHw0O7XjZ2eeXis+m7tf4lg==",
			"dev": true,
			"funding": {
				"type": "opencollective",
				"url": "https://opencollective.com/preact"
			}
		},
		"node_modules/simple-swizzle": {
			"version": "0.2.2",
			"resolved": "https://registry.npmjs.org/simple-swizzle/-/simple-swizzle-0.2.2.tgz",
			"integrity": "sha512-JA//kQgZtbuY83m+xT+tXJkmJncGMTFT+C+g2h2R9uxkYIrE2yy9sgmcLhCnw57/WSD+Eh3J97FPEDFnbXnDUg==",
			"dependencies": {
				"is-arrayish": "^0.3.1"
			}
		},
		"node_modules/webpack-gen": {
			"resolved": "../../webpack-gen",
			"link": true
		}
	},
	"dependencies": {
		"@types/color": {
			"version": "3.0.4",
			"resolved": "https://registry.npmjs.org/@types/color/-/color-3.0.4.tgz",
			"integrity": "sha512-OpisS4bqJJwbkkQRrMvURf3DOxBoAg9mysHYI7WgrWpSYHqHGKYBULHdz4ih77SILcLDo/zyHGFyfIl9yb8NZQ==",
			"dev": true,
			"requires": {
				"@types/color-convert": "*"
			}
		},
		"@types/color-convert": {
			"version": "2.0.1",
			"resolved": "https://registry.npmjs.org/@types/color-convert/-/color-convert-2.0.1.tgz",
			"integrity": "sha512-GwXanrvq/tBHJtudbl1lSy9Ybt7KS9+rA+YY3bcuIIM+d6jSHUr+5yjO83gtiRpuaPiBccwFjSnAK2qSrIPA7w==",
			"dev": true,
			"requires": {
				"@types/color-name": "*"
			}
		},
		"@types/color-name": {
			"version": "1.1.1",
			"resolved": "https://registry.npmjs.org/@types/color-name/-/color-name-1.1.1.tgz",
			"integrity": "sha512-rr+OQyAjxze7GgWrSaJwydHStIhHq2lvY3BOC2Mj7KnzI7XK0Uw1TOOdI9lDoajEbSWLiYgoo4f1R51erQfhPQ==",
			"dev": true
		},
		"@types/dashboard": {
			"version": "file:../dashboard",
			"requires": {
				"@headlessui/react": "^1.6.6",
				"@twind/core": "^1.1.3",
				"@twind/preset-tailwind": "^1.0.0-next.35",
				"@types/routes": "file:../routes",
				"@types/users": "file:../users",
				"@types/ws": "^8.5.3",
				"auriserve": "file:../../api/build",
				"bufferutil": "^4.0.7",
				"common": "file:../../common/build",
				"graphql": "^16.5.0",
				"preact": "^10.13.2",
				"react-router-dom": "^6.3.0",
				"utf-8-validate": "^5.0.10",
				"vibin-hooks": "^0.3.0",
				"webpack-gen": "file:../../webpack-gen",
				"ws": "^8.8.1"
			}
		},
		"@types/elements": {
			"version": "file:../elements",
			"requires": {
				"common": "file:../../common/build",
				"preact": "^10.10.2",
				"preact-render-to-string": "^5.2.1",
				"webpack-gen": "file:../../webpack-gen"
			}
		},
		"@types/hydrated": {
			"version": "file:../hydrated",
			"requires": {
				"@types/elements": "file:../elements",
				"auriserve": "file:../../api/build",
				"common": "file:../../common/build",
				"preact": "^10.13.2",
				"webpack-gen": "file:../../webpack-gen"
			}
		},
		"@types/media": {
			"version": "file:../media",
			"requires": {
				"@types/escape-html": "^1.0.2",
				"auriserve": "file:../../api/build",
				"common": "file:../../common/build",
				"escape-html": "^1.0.3",
				"image-size": "^1.0.2",
				"node-watch": "^0.7.3",
				"svgo": "^3.0.2",
				"webpack-gen": "file:../../webpack-gen"
			}
		},
		"@types/page-editor": {
			"version": "file:../page-editor",
			"requires": {
				"@types/dashboard": "file:../dashboard",
				"@types/elements": "file:../elements",
				"@types/escape-html": "^1.0.1",
				"@types/pages": "file:../pages",
				"@types/routes": "file:../routes",
				"@types/users": "file:../users",
				"auriserve": "file:../../api/build",
				"common": "file:../../common/build",
				"escape-html": "^1.0.3",
				"preact": "^10.13.2",
				"vibin-hooks": "^0.2.1",
				"webpack-gen": "file:../../webpack-gen"
			}
		},
		"@types/pages": {
			"version": "file:../pages",
			"requires": {
				"@types/elements": "file:../elements",
				"@types/escape-html": "^1.0.1",
				"@types/routes": "file:../routes",
				"@types/ws": "^8.5.4",
				"auriserve": "file:../../api/build",
				"bufferutil": "^4.0.7",
				"common": "file:../../common/build",
				"escape-html": "^1.0.3",
				"utf-8-validate": "^6.0.3",
				"webpack-gen": "file:../../webpack-gen",
				"ws": "^8.13.0"
			}
		},
		"@types/routes": {
			"version": "file:../routes",
			"requires": {
				"auriserve": "file:../../api/build",
				"common": "file:../../common/build",
				"webpack-gen": "file:../../webpack-gen"
			}
		},
		"auriserve": {
			"version": "file:../../api/build"
		},
		"color": {
			"version": "4.2.3",
			"resolved": "https://registry.npmjs.org/color/-/color-4.2.3.tgz",
			"integrity": "sha512-1rXeuUUiGGrykh+CeBdu5Ie7OJwinCgQY0bc7GCRxy5xVHy+moaqkpL/jqQq0MtQOeYcrqEz4abc5f0KtU7W4A==",
			"requires": {
				"color-convert": "^2.0.1",
				"color-string": "^1.9.0"
			}
		},
		"color-convert": {
			"version": "2.0.1",
			"resolved": "https://registry.npmjs.org/color-convert/-/color-convert-2.0.1.tgz",
			"integrity": "sha512-RRECPsj7iu/xb5oKYcsFHSppFNnsj/52OVTRKb4zP5onXwVF3zVmmToNcOfGC+CRDpfK/U584fMg38ZHCaElKQ==",
			"requires": {
				"color-name": "~1.1.4"
			}
		},
		"color-name": {
			"version": "1.1.4",
			"resolved": "https://registry.npmjs.org/color-name/-/color-name-1.1.4.tgz",
			"integrity": "sha512-dOy+3AuW3a2wNbZHIuMZpTcgjGuLU/uBL/ubcZF9OXbDo8ff4O8yVp5Bf0efS8uEoYo5q4Fx7dY9OgQGXgAsQA=="
		},
		"color-string": {
			"version": "1.9.1",
			"resolved": "https://registry.npmjs.org/color-string/-/color-string-1.9.1.tgz",
			"integrity": "sha512-shrVawQFojnZv6xM40anx4CkoDP+fZsw/ZerEMsW/pyzsRbElpsL/DBVW7q3ExxwusdNXI3lXpuhEZkzs8p5Eg==",
			"requires": {
				"color-name": "^1.0.0",
				"simple-swizzle": "^0.2.2"
			}
		},
		"common": {
			"version": "file:../../common/build"
		},
		"fast-average-color": {
			"version": "9.4.0",
			"resolved": "https://registry.npmjs.org/fast-average-color/-/fast-average-color-9.4.0.tgz",
			"integrity": "sha512-bvM8vV6YwK07dPbzFz77zJaBcfF6ABVfgNwaxVgXc2G+o0e/tzLCF9WU8Ryp1r0Nkk6JuJNsWCzbb4cLOMlB+Q=="
		},
		"is-arrayish": {
			"version": "0.3.2",
			"resolved": "https://registry.npmjs.org/is-arrayish/-/is-arrayish-0.3.2.tgz",
			"integrity": "sha512-eVRqCvVlZbuw3GrM63ovNSNAeA1K16kaR/LRY/92w0zxQ5/1YzwblUX652i4Xs9RwAGjW9d9y6X88t8OaAJfWQ=="
		},
		"preact": {
			"version": "10.18.1",
			"resolved": "https://registry.npmjs.org/preact/-/preact-10.18.1.tgz",
			"integrity": "sha512-mKUD7RRkQQM6s7Rkmi7IFkoEHjuFqRQUaXamO61E6Nn7vqF/bo7EZCmSyrUnp2UWHw0O7XjZ2eeXis+m7tf4lg==",
			"dev": true
		},
		"simple-swizzle": {
			"version": "0.2.2",
			"resolved": "https://registry.npmjs.org/simple-swizzle/-/simple-swizzle-0.2.2.tgz",
			"integrity": "sha512-JA//kQgZtbuY83m+xT+tXJkmJncGMTFT+C+g2h2R9uxkYIrE2yy9sgmcLhCnw57/WSD+Eh3J97FPEDFnbXnDUg==",
			"requires": {
				"is-arrayish": "^0.3.1"
			}
		},
		"webpack-gen": {
			"version": "file:../../webpack-gen",
			"requires": {
				"@babel/core": "^7.18.13",
				"@babel/plugin-transform-react-jsx": "^7.18.10",
				"@babel/preset-env": "^7.18.10",
				"@babel/preset-typescript": "^7.18.6",
				"@types/js-yaml": "^4.0.5",
				"@types/minimist": "^1.2.2",
				"@types/webpack-node-externals": "^2.5.3",
				"babel-loader": "^8.2.5",
				"css-loader": "^6.7.1",
				"eslint-webpack-plugin": "^3.2.0",
				"fork-ts-checker-webpack-plugin": "^7.2.13",
				"js-yaml": "^4.1.0",
				"mini-css-extract-plugin": "^2.6.1",
				"minimist": "^1.2.6",
				"nodemon": "^2.0.19",
				"null-loader": "^4.0.1",
				"postcss-loader": "^7.0.1",
				"postcss-minify": "^1.1.0",
				"postcss-nested": "^5.0.6",
				"typescript": "^4.7.4",
				"webpack-merge": "^5.8.0",
				"webpack-node-externals": "^3.0.0"
			}
		}
	}
}
