{
	"name": "@auriserve/plugin-users",
	"version": "0.0.1",
	"lockfileVersion": 2,
	"requires": true,
	"packages": {
		"": {
			"name": "@auriserve/plugin-users",
			"version": "0.0.1",
			"license": "MIT",
			"dependencies": {
				"auriserve": "file:../../api/build",
				"bcryptjs": "^2.4.3",
				"common": "file:../../common/build",
				"nanoid": "^3.3.1"
			},
			"devDependencies": {
				"@types/bcryptjs": "^2.4.2",
				"preact": "^10.10.2",
				"webpack-gen": "file:../../webpack-gen"
			}
		},
		"../../api/build": {
			"name": "@auriserve/api",
			"version": "0.0.0",
			"license": "MIT",
			"dependencies": {
				"common": "file:../../common/build/"
			}
		},
		"../../common/build": {
			"name": "@auriserve/common",
			"version": "0.0.0",
			"license": "MIT",
			"dependencies": {
				"dayjs": "^1.10.5"
			}
		},
		"../../webpack-gen": {
			"version": "0.0.1",
			"dev": true,
			"license": "MIT",
			"dependencies": {
				"js-yaml": "^4.1.0",
				"minimist": "^1.2.6"
			},
			"bin": {
				"webpack-gen": "build/Main.js"
			},
			"devDependencies": {
				"@babel/core": "^7.18.13",
				"@babel/plugin-transform-react-jsx": "^7.18.10",
				"@babel/preset-env": "^7.18.10",
				"@babel/preset-typescript": "^7.18.6",
				"@types/js-yaml": "^4.0.5",
				"@types/minimist": "^1.2.2",
				"babel-loader": "^8.2.5",
				"css-loader": "^6.7.1",
				"eslint-webpack-plugin": "^3.2.0",
				"fork-ts-checker-webpack-plugin": "^7.2.13",
				"mini-css-extract-plugin": "^2.6.1",
				"nodemon": "^2.0.19",
				"postcss-loader": "^7.0.1",
				"postcss-minify": "^1.1.0",
				"postcss-nested": "^5.0.6",
				"typescript": "^4.7.4",
				"webpack-merge": "^5.8.0"
			}
		},
		"../preact": {
			"name": "@auriserve/plugin-preact",
			"version": "1.0.0",
			"extraneous": true,
			"license": "MIT",
			"dependencies": {
				"auriserve": "file:../../api/build",
				"common": "file:../../common/build",
				"preact": "^10.10.2",
				"preact-render-to-string": "^5.2.1"
			},
			"devDependencies": {
				"@babel/core": "^7.18.10",
				"@babel/plugin-transform-react-jsx": "^7.18.10",
				"@babel/preset-env": "^7.18.10",
				"@babel/preset-typescript": "^7.18.6",
				"@typescript-eslint/eslint-plugin": "^5.33.0",
				"@typescript-eslint/parser": "^5.33.0",
				"babel-loader": "^8.2.5",
				"fork-ts-checker-webpack-plugin": "^7.2.13",
				"ts-loader": "^9.3.1",
				"webpack-cli": "^4.10.0",
				"webpack-gen": "file:../../webpack-gen"
			}
		},
		"../routes": {
			"name": "@auriserve/plugin-routes",
			"version": "0.0.1",
			"extraneous": true,
			"license": "UNLICENSED",
			"dependencies": {
				"auriserve": "file:../../api/build",
				"common": "file:../../common/build"
			},
			"devDependencies": {
				"@babel/core": "^7.18.10",
				"@babel/plugin-transform-react-jsx": "^7.18.10",
				"@babel/preset-env": "^7.18.10",
				"@babel/preset-typescript": "^7.18.6",
				"@typescript-eslint/eslint-plugin": "^5.33.0",
				"@typescript-eslint/parser": "^5.33.0",
				"babel-loader": "^8.2.5",
				"fork-ts-checker-webpack-plugin": "^7.2.13",
				"ts-loader": "^9.3.1",
				"webpack-cli": "^4.10.0",
				"webpack-gen": "file:../../webpack-gen"
			}
		},
		"node_modules/@types/bcryptjs": {
			"version": "2.4.2",
			"resolved": "https://registry.npmjs.org/@types/bcryptjs/-/bcryptjs-2.4.2.tgz",
			"integrity": "sha512-LiMQ6EOPob/4yUL66SZzu6Yh77cbzJFYll+ZfaPiPPFswtIlA/Fs1MzdKYA7JApHU49zQTbJGX3PDmCpIdDBRQ==",
			"dev": true
		},
		"node_modules/auriserve": {
			"resolved": "../../api/build",
			"link": true
		},
		"node_modules/bcryptjs": {
			"version": "2.4.3",
			"resolved": "https://registry.npmjs.org/bcryptjs/-/bcryptjs-2.4.3.tgz",
			"integrity": "sha1-mrVie5PmBiH/fNrF2pczAn3x0Ms="
		},
		"node_modules/common": {
			"resolved": "../../common/build",
			"link": true
		},
		"node_modules/nanoid": {
			"version": "3.3.1",
			"resolved": "https://registry.npmjs.org/nanoid/-/nanoid-3.3.1.tgz",
			"integrity": "sha512-n6Vs/3KGyxPQd6uO0eH4Bv0ojGSUvuLlIHtC3Y0kEO23YRge8H9x1GCzLn28YX0H66pMkxuaeESFq4tKISKwdw==",
			"bin": {
				"nanoid": "bin/nanoid.cjs"
			},
			"engines": {
				"node": "^10 || ^12 || ^13.7 || ^14 || >=15.0.1"
			}
		},
		"node_modules/preact": {
			"version": "10.10.2",
			"resolved": "https://registry.npmjs.org/preact/-/preact-10.10.2.tgz",
			"integrity": "sha512-GUXSsfwq4NKhlLYY5ctfNE0IjFk7Xo4952yPI8yMkXdhzeQmQ+FahZITe7CeHXMPyKBVQ8SoCmGNIy9TSOdhgQ==",
			"dev": true,
			"funding": {
				"type": "opencollective",
				"url": "https://opencollective.com/preact"
			}
		},
		"node_modules/webpack-gen": {
			"resolved": "../../webpack-gen",
			"link": true
		}
	},
	"dependencies": {
		"@types/bcryptjs": {
			"version": "2.4.2",
			"resolved": "https://registry.npmjs.org/@types/bcryptjs/-/bcryptjs-2.4.2.tgz",
			"integrity": "sha512-LiMQ6EOPob/4yUL66SZzu6Yh77cbzJFYll+ZfaPiPPFswtIlA/Fs1MzdKYA7JApHU49zQTbJGX3PDmCpIdDBRQ==",
			"dev": true
		},
		"auriserve": {
			"version": "file:../../api/build",
			"requires": {
				"common": "file:../../common/build"
			}
		},
		"bcryptjs": {
			"version": "2.4.3",
			"resolved": "https://registry.npmjs.org/bcryptjs/-/bcryptjs-2.4.3.tgz",
			"integrity": "sha1-mrVie5PmBiH/fNrF2pczAn3x0Ms="
		},
		"common": {
			"version": "file:../../common/build",
			"requires": {
				"dayjs": "^1.10.5"
			}
		},
		"nanoid": {
			"version": "3.3.1",
			"resolved": "https://registry.npmjs.org/nanoid/-/nanoid-3.3.1.tgz",
			"integrity": "sha512-n6Vs/3KGyxPQd6uO0eH4Bv0ojGSUvuLlIHtC3Y0kEO23YRge8H9x1GCzLn28YX0H66pMkxuaeESFq4tKISKwdw=="
		},
		"preact": {
			"version": "10.10.2",
			"resolved": "https://registry.npmjs.org/preact/-/preact-10.10.2.tgz",
			"integrity": "sha512-GUXSsfwq4NKhlLYY5ctfNE0IjFk7Xo4952yPI8yMkXdhzeQmQ+FahZITe7CeHXMPyKBVQ8SoCmGNIy9TSOdhgQ==",
			"dev": true
		},
		"webpack-gen": {
			"version": "file:../../webpack-gen",
			"requires": {
				"@babel/core": "^7.18.13",
				"@babel/plugin-transform-react-jsx": "^7.18.10",
				"@babel/preset-env": "^7.18.10",
				"@babel/preset-typescript": "^7.18.6",
				"@types/js-yaml": "^4.0.5",
				"@types/minimist": "^1.2.2",
				"babel-loader": "^8.2.5",
				"css-loader": "^6.7.1",
				"eslint-webpack-plugin": "^3.2.0",
				"fork-ts-checker-webpack-plugin": "^7.2.13",
				"js-yaml": "^4.1.0",
				"mini-css-extract-plugin": "^2.6.1",
				"minimist": "^1.2.6",
				"nodemon": "^2.0.19",
				"postcss-loader": "^7.0.1",
				"postcss-minify": "^1.1.0",
				"postcss-nested": "^5.0.6",
				"typescript": "^4.7.4",
				"webpack-merge": "^5.8.0"
			}
		}
	}
}
