{
	"name": "@auriserve/plugin-page-editor",
	"version": "0.0.1",
	"lockfileVersion": 2,
	"requires": true,
	"packages": {
		"": {
			"name": "@auriserve/plugin-page-editor",
			"version": "0.0.1",
			"license": "UNLICENSED",
			"dependencies": {
				"auriserve": "file:../../api/build",
				"common": "file:../../common/build",
				"escape-html": "^1.0.3",
				"vibin-hooks": "^0.2.1"
			},
			"devDependencies": {
				"@types/dashboard": "file:../dashboard",
				"@types/elements": "file:../elements",
				"@types/escape-html": "^1.0.1",
				"@types/pages": "file:../pages",
				"@types/routes": "file:../routes",
				"@types/users": "file:../users",
				"preact": "^10.13.2",
				"webpack-gen": "file:../../webpack-gen"
			}
		},
		"../../api/build": {
			"name": "@auriserve/api",
			"version": "0.0.0",
			"license": "MIT",
			"dependencies": {
				"common": "file:../../common/build/"
			}
		},
		"../../common/build": {
			"name": "@auriserve/common",
			"version": "0.0.0",
			"license": "MIT",
			"dependencies": {
				"dayjs": "^1.10.5"
			}
		},
		"../../webpack-gen": {
			"version": "0.0.1",
			"dev": true,
			"license": "MIT",
			"dependencies": {
				"js-yaml": "^4.1.0",
				"minimist": "^1.2.6",
				"null-loader": "^4.0.1",
				"style-loader": "^3.3.3"
			},
			"bin": {
				"webpack-gen": "build/Main.js"
			},
			"devDependencies": {
				"@babel/core": "^7.18.13",
				"@babel/plugin-transform-react-jsx": "^7.18.10",
				"@babel/preset-env": "^7.18.10",
				"@babel/preset-typescript": "^7.18.6",
				"@types/js-yaml": "^4.0.5",
				"@types/minimist": "^1.2.2",
				"@types/webpack-node-externals": "^2.5.3",
				"babel-loader": "^8.2.5",
				"css-loader": "^6.8.1",
				"eslint-webpack-plugin": "^3.2.0",
				"fork-ts-checker-webpack-plugin": "^7.2.13",
				"mini-css-extract-plugin": "^2.6.1",
				"nodemon": "^2.0.19",
				"postcss-loader": "^7.0.1",
				"postcss-minify": "^1.1.0",
				"postcss-nested": "^5.0.6",
				"typescript": "^4.7.4",
				"webpack-merge": "^5.8.0",
				"webpack-node-externals": "^3.0.0"
			}
		},
		"../dashboard": {
			"name": "@auriserve/plugin-dashboard",
			"version": "0.0.1",
			"dev": true,
			"license": "AGPL-3.0-only",
			"dependencies": {
				"@headlessui/react": "^1.6.6",
				"@twind/core": "^1.1.3",
				"@twind/preset-ext": "^1.0.7",
				"@twind/preset-line-clamp": "^1.0.7",
				"@twind/preset-tailwind": "^1.1.4",
				"@twind/preset-typography": "^1.0.7",
				"auriserve": "file:../../api/build",
				"bufferutil": "^4.0.7",
				"common": "file:../../common/build",
				"graphql": "^16.5.0",
				"preact": "^10.13.2",
				"react-router-dom": "^6.3.0",
				"utf-8-validate": "^5.0.10",
				"vibin-hooks": "^0.6.2",
				"ws": "^8.8.1"
			},
			"devDependencies": {
				"@types/routes": "file:../routes",
				"@types/users": "file:../users",
				"@types/ws": "^8.5.3",
				"webpack-gen": "file:../../webpack-gen"
			}
		},
		"../elements": {
			"name": "@auriserve/plugin-elements",
			"version": "0.0.1",
			"dev": true,
			"license": "MIT",
			"dependencies": {
				"common": "file:../../common/build"
			},
			"devDependencies": {
				"preact": "^10.10.2",
				"preact-render-to-string": "^5.2.1",
				"webpack-gen": "file:../../webpack-gen"
			}
		},
		"../pages": {
			"name": "@auriserve/plugin-pages",
			"version": "0.0.1",
			"dev": true,
			"license": "UNLICENSED",
			"dependencies": {
				"auriserve": "file:../../api/build",
				"bufferutil": "^4.0.7",
				"common": "file:../../common/build",
				"escape-html": "^1.0.3",
				"utf-8-validate": "^6.0.3",
				"ws": "^8.13.0"
			},
			"devDependencies": {
				"@types/elements": "file:../elements",
				"@types/escape-html": "^1.0.1",
				"@types/routes": "file:../routes",
				"@types/ws": "^8.5.4",
				"webpack-gen": "file:../../webpack-gen"
			}
		},
		"../routes": {
			"name": "@auriserve/plugin-routes",
			"version": "0.0.1",
			"dev": true,
			"license": "UNLICENSED",
			"dependencies": {
				"auriserve": "file:../../api/build",
				"common": "file:../../common/build"
			},
			"devDependencies": {
				"webpack-gen": "file:../../webpack-gen"
			}
		},
		"../users": {
			"name": "@auriserve/plugin-users",
			"version": "0.0.1",
			"dev": true,
			"license": "MIT",
			"dependencies": {
				"auriserve": "file:../../api/build",
				"bcryptjs": "^2.4.3",
				"common": "file:../../common/build",
				"nanoid": "^3.3.1"
			},
			"devDependencies": {
				"@types/bcryptjs": "^2.4.2",
				"preact": "^10.10.2",
				"webpack-gen": "file:../../webpack-gen"
			}
		},
		"node_modules/@types/dashboard": {
			"resolved": "../dashboard",
			"link": true
		},
		"node_modules/@types/elements": {
			"resolved": "../elements",
			"link": true
		},
		"node_modules/@types/escape-html": {
			"version": "1.0.1",
			"resolved": "https://registry.npmjs.org/@types/escape-html/-/escape-html-1.0.1.tgz",
			"integrity": "sha512-4mI1FuUUZiuT95fSVqvZxp/ssQK9zsa86S43h9x3zPOSU9BBJ+BfDkXwuaU7BfsD+e7U0/cUUfJFk3iW2M4okA==",
			"dev": true
		},
		"node_modules/@types/pages": {
			"resolved": "../pages",
			"link": true
		},
		"node_modules/@types/routes": {
			"resolved": "../routes",
			"link": true
		},
		"node_modules/@types/users": {
			"resolved": "../users",
			"link": true
		},
		"node_modules/auriserve": {
			"resolved": "../../api/build",
			"link": true
		},
		"node_modules/common": {
			"resolved": "../../common/build",
			"link": true
		},
		"node_modules/escape-html": {
			"version": "1.0.3",
			"resolved": "https://registry.npmjs.org/escape-html/-/escape-html-1.0.3.tgz",
			"integrity": "sha1-Aljq5NPQwJdN4cFpGI7wBR0dGYg="
		},
		"node_modules/js-tokens": {
			"version": "4.0.0",
			"resolved": "https://registry.npmjs.org/js-tokens/-/js-tokens-4.0.0.tgz",
			"integrity": "sha512-RdJUflcE3cUzKiMqQgsCu06FPu9UdIJO0beYbPhHN4k6apgJtifcoCtT9bcxOpYBtpD2kCM6Sbzg4CausW/PKQ==",
			"peer": true
		},
		"node_modules/loose-envify": {
			"version": "1.4.0",
			"resolved": "https://registry.npmjs.org/loose-envify/-/loose-envify-1.4.0.tgz",
			"integrity": "sha512-lyuxPGr/Wfhrlem2CL/UcnUc1zcqKAImBDzukY7Y5F/yQiNdko6+fRLevlw1HgMySw7f611UIY408EtxRSoK3Q==",
			"peer": true,
			"dependencies": {
				"js-tokens": "^3.0.0 || ^4.0.0"
			},
			"bin": {
				"loose-envify": "cli.js"
			}
		},
		"node_modules/object-assign": {
			"version": "4.1.1",
			"resolved": "https://registry.npmjs.org/object-assign/-/object-assign-4.1.1.tgz",
			"integrity": "sha1-IQmtx5ZYh8/AXLvUQsrIv7s2CGM=",
			"peer": true,
			"engines": {
				"node": ">=0.10.0"
			}
		},
		"node_modules/preact": {
			"version": "10.13.2",
			"resolved": "https://registry.npmjs.org/preact/-/preact-10.13.2.tgz",
			"integrity": "sha512-q44QFLhOhty2Bd0Y46fnYW0gD/cbVM9dUVtNTDKPcdXSMA7jfY+Jpd6rk3GB0lcQss0z5s/6CmVP0Z/hV+g6pw==",
			"dev": true,
			"funding": {
				"type": "opencollective",
				"url": "https://opencollective.com/preact"
			}
		},
		"node_modules/react": {
			"version": "17.0.2",
			"resolved": "https://registry.npmjs.org/react/-/react-17.0.2.tgz",
			"integrity": "sha512-gnhPt75i/dq/z3/6q/0asP78D0u592D5L1pd7M8P+dck6Fu/jJeL6iVVK23fptSUZj8Vjf++7wXA8UNclGQcbA==",
			"peer": true,
			"dependencies": {
				"loose-envify": "^1.1.0",
				"object-assign": "^4.1.1"
			},
			"engines": {
				"node": ">=0.10.0"
			}
		},
		"node_modules/vibin-hooks": {
			"version": "0.2.1",
			"resolved": "https://registry.npmjs.org/vibin-hooks/-/vibin-hooks-0.2.1.tgz",
			"integrity": "sha512-3GIuwP0DSl80Qa4C31uhwD3UmToCnpowXGcurfB6fAbxu7tFYztXGrRtyrGv0PZ44cHEdroHm6Ra0gL5TvKE+A==",
			"peerDependencies": {
				"react": ">16.0.0"
			}
		},
		"node_modules/webpack-gen": {
			"resolved": "../../webpack-gen",
			"link": true
		}
	},
	"dependencies": {
		"@types/dashboard": {
			"version": "file:../dashboard",
			"requires": {
				"@headlessui/react": "^1.6.6",
				"@twind/core": "^1.1.3",
				"@twind/preset-ext": "^1.0.7",
				"@twind/preset-line-clamp": "^1.0.7",
				"@twind/preset-tailwind": "^1.1.4",
				"@twind/preset-typography": "^1.0.7",
				"@types/routes": "file:../routes",
				"@types/users": "file:../users",
				"@types/ws": "^8.5.3",
				"auriserve": "file:../../api/build",
				"bufferutil": "^4.0.7",
				"common": "file:../../common/build",
				"graphql": "^16.5.0",
				"preact": "^10.13.2",
				"react-router-dom": "^6.3.0",
				"utf-8-validate": "^5.0.10",
				"vibin-hooks": "^0.6.2",
				"webpack-gen": "file:../../webpack-gen",
				"ws": "^8.8.1"
			}
		},
		"@types/elements": {
			"version": "file:../elements",
			"requires": {
				"common": "file:../../common/build",
				"preact": "^10.10.2",
				"preact-render-to-string": "^5.2.1",
				"webpack-gen": "file:../../webpack-gen"
			}
		},
		"@types/escape-html": {
			"version": "1.0.1",
			"resolved": "https://registry.npmjs.org/@types/escape-html/-/escape-html-1.0.1.tgz",
			"integrity": "sha512-4mI1FuUUZiuT95fSVqvZxp/ssQK9zsa86S43h9x3zPOSU9BBJ+BfDkXwuaU7BfsD+e7U0/cUUfJFk3iW2M4okA==",
			"dev": true
		},
		"@types/pages": {
			"version": "file:../pages",
			"requires": {
				"@types/elements": "file:../elements",
				"@types/escape-html": "^1.0.1",
				"@types/routes": "file:../routes",
				"@types/ws": "^8.5.4",
				"auriserve": "file:../../api/build",
				"bufferutil": "^4.0.7",
				"common": "file:../../common/build",
				"escape-html": "^1.0.3",
				"utf-8-validate": "^6.0.3",
				"webpack-gen": "file:../../webpack-gen",
				"ws": "^8.13.0"
			}
		},
		"@types/routes": {
			"version": "file:../routes",
			"requires": {
				"auriserve": "file:../../api/build",
				"common": "file:../../common/build",
				"webpack-gen": "file:../../webpack-gen"
			}
		},
		"@types/users": {
			"version": "file:../users",
			"requires": {
				"@types/bcryptjs": "^2.4.2",
				"auriserve": "file:../../api/build",
				"bcryptjs": "^2.4.3",
				"common": "file:../../common/build",
				"nanoid": "^3.3.1",
				"preact": "^10.10.2",
				"webpack-gen": "file:../../webpack-gen"
			}
		},
		"auriserve": {
			"version": "file:../../api/build",
			"requires": {
				"common": "file:../../common/build"
			}
		},
		"common": {
			"version": "file:../../common/build",
			"requires": {
				"dayjs": "^1.10.5"
			}
		},
		"escape-html": {
			"version": "1.0.3",
			"resolved": "https://registry.npmjs.org/escape-html/-/escape-html-1.0.3.tgz",
			"integrity": "sha1-Aljq5NPQwJdN4cFpGI7wBR0dGYg="
		},
		"js-tokens": {
			"version": "4.0.0",
			"resolved": "https://registry.npmjs.org/js-tokens/-/js-tokens-4.0.0.tgz",
			"integrity": "sha512-RdJUflcE3cUzKiMqQgsCu06FPu9UdIJO0beYbPhHN4k6apgJtifcoCtT9bcxOpYBtpD2kCM6Sbzg4CausW/PKQ==",
			"peer": true
		},
		"loose-envify": {
			"version": "1.4.0",
			"resolved": "https://registry.npmjs.org/loose-envify/-/loose-envify-1.4.0.tgz",
			"integrity": "sha512-lyuxPGr/Wfhrlem2CL/UcnUc1zcqKAImBDzukY7Y5F/yQiNdko6+fRLevlw1HgMySw7f611UIY408EtxRSoK3Q==",
			"peer": true,
			"requires": {
				"js-tokens": "^3.0.0 || ^4.0.0"
			}
		},
		"object-assign": {
			"version": "4.1.1",
			"resolved": "https://registry.npmjs.org/object-assign/-/object-assign-4.1.1.tgz",
			"integrity": "sha1-IQmtx5ZYh8/AXLvUQsrIv7s2CGM=",
			"peer": true
		},
		"preact": {
			"version": "10.13.2",
			"resolved": "https://registry.npmjs.org/preact/-/preact-10.13.2.tgz",
			"integrity": "sha512-q44QFLhOhty2Bd0Y46fnYW0gD/cbVM9dUVtNTDKPcdXSMA7jfY+Jpd6rk3GB0lcQss0z5s/6CmVP0Z/hV+g6pw==",
			"dev": true
		},
		"react": {
			"version": "17.0.2",
			"resolved": "https://registry.npmjs.org/react/-/react-17.0.2.tgz",
			"integrity": "sha512-gnhPt75i/dq/z3/6q/0asP78D0u592D5L1pd7M8P+dck6Fu/jJeL6iVVK23fptSUZj8Vjf++7wXA8UNclGQcbA==",
			"peer": true,
			"requires": {
				"loose-envify": "^1.1.0",
				"object-assign": "^4.1.1"
			}
		},
		"vibin-hooks": {
			"version": "0.2.1",
			"resolved": "https://registry.npmjs.org/vibin-hooks/-/vibin-hooks-0.2.1.tgz",
			"integrity": "sha512-3GIuwP0DSl80Qa4C31uhwD3UmToCnpowXGcurfB6fAbxu7tFYztXGrRtyrGv0PZ44cHEdroHm6Ra0gL5TvKE+A==",
			"requires": {}
		},
		"webpack-gen": {
			"version": "file:../../webpack-gen",
			"requires": {
				"@babel/core": "^7.18.13",
				"@babel/plugin-transform-react-jsx": "^7.18.10",
				"@babel/preset-env": "^7.18.10",
				"@babel/preset-typescript": "^7.18.6",
				"@types/js-yaml": "^4.0.5",
				"@types/minimist": "^1.2.2",
				"@types/webpack-node-externals": "^2.5.3",
				"babel-loader": "^8.2.5",
				"css-loader": "^6.8.1",
				"eslint-webpack-plugin": "^3.2.0",
				"fork-ts-checker-webpack-plugin": "^7.2.13",
				"js-yaml": "^4.1.0",
				"mini-css-extract-plugin": "^2.6.1",
				"minimist": "^1.2.6",
				"nodemon": "^2.0.19",
				"null-loader": "^4.0.1",
				"postcss-loader": "^7.0.1",
				"postcss-minify": "^1.1.0",
				"postcss-nested": "^5.0.6",
				"style-loader": "^3.3.3",
				"typescript": "^4.7.4",
				"webpack-merge": "^5.8.0",
				"webpack-node-externals": "^3.0.0"
			}
		}
	}
}
