{
	"name": "@auriserve/plugin-sendmail",
	"version": "0.0.1",
	"lockfileVersion": 2,
	"requires": true,
	"packages": {
		"": {
			"name": "@auriserve/plugin-sendmail",
			"version": "0.0.1",
			"license": "UNLICENSED",
			"dependencies": {
				"auriserve": "file:../../api/build",
				"common": "file:../../common/build",
				"mailparser": "^3.6.4",
				"nodemailer": "^6.9.3",
				"zod": "^3.21.4"
			},
			"devDependencies": {
				"@types/mailparser": "^3.4.0",
				"@types/nodemailer": "^6.4.8",
				"@types/sendmail": "^1.4.4",
				"webpack-gen": "file:../../webpack-gen"
			}
		},
		"../../api/build": {
			"name": "@auriserve/api",
			"version": "0.0.0",
			"license": "MIT",
			"dependencies": {
				"common": "file:../../common/build/"
			}
		},
		"../../common/build": {
			"name": "@auriserve/common",
			"version": "0.0.0",
			"license": "MIT",
			"dependencies": {
				"dayjs": "^1.10.5"
			}
		},
		"../../webpack-gen": {
			"version": "0.0.1",
			"dev": true,
			"license": "MIT",
			"dependencies": {
				"js-yaml": "^4.1.0",
				"minimist": "^1.2.6"
			},
			"bin": {
				"webpack-gen": "build/Main.js"
			},
			"devDependencies": {
				"@babel/core": "^7.18.13",
				"@babel/plugin-transform-react-jsx": "^7.18.10",
				"@babel/preset-env": "^7.18.10",
				"@babel/preset-typescript": "^7.18.6",
				"@types/js-yaml": "^4.0.5",
				"@types/minimist": "^1.2.2",
				"@types/webpack-node-externals": "^2.5.3",
				"babel-loader": "^8.2.5",
				"css-loader": "^6.7.1",
				"eslint-webpack-plugin": "^3.2.0",
				"fork-ts-checker-webpack-plugin": "^7.2.13",
				"mini-css-extract-plugin": "^2.6.1",
				"nodemon": "^2.0.19",
				"postcss-loader": "^7.0.1",
				"postcss-minify": "^1.1.0",
				"postcss-nested": "^5.0.6",
				"typescript": "^4.7.4",
				"webpack-merge": "^5.8.0",
				"webpack-node-externals": "^3.0.0"
			}
		},
		"../routes": {
			"name": "@auriserve/plugin-routes",
			"version": "0.0.1",
			"extraneous": true,
			"license": "UNLICENSED",
			"dependencies": {
				"auriserve": "file:../../api/build",
				"common": "file:../../common/build"
			},
			"devDependencies": {
				"@babel/core": "^7.18.10",
				"@babel/plugin-transform-react-jsx": "^7.18.10",
				"@babel/preset-env": "^7.18.10",
				"@babel/preset-typescript": "^7.18.6",
				"@typescript-eslint/eslint-plugin": "^5.33.0",
				"@typescript-eslint/parser": "^5.33.0",
				"babel-loader": "^8.2.5",
				"fork-ts-checker-webpack-plugin": "^7.2.13",
				"ts-loader": "^9.3.1",
				"webpack-cli": "^4.10.0",
				"webpack-gen": "file:../../webpack-gen"
			}
		},
		"node_modules/@selderee/plugin-htmlparser2": {
			"version": "0.10.0",
			"resolved": "https://registry.npmjs.org/@selderee/plugin-htmlparser2/-/plugin-htmlparser2-0.10.0.tgz",
			"integrity": "sha512-gW69MEamZ4wk1OsOq1nG1jcyhXIQcnrsX5JwixVw/9xaiav8TCyjESAruu1Rz9yyInhgBXxkNwMeygKnN2uxNA==",
			"dependencies": {
				"domhandler": "^5.0.3",
				"selderee": "^0.10.0"
			},
			"funding": {
				"url": "https://ko-fi.com/killymxi"
			}
		},
		"node_modules/@types/mailparser": {
			"version": "3.4.0",
			"resolved": "https://registry.npmjs.org/@types/mailparser/-/mailparser-3.4.0.tgz",
			"integrity": "sha512-MotFinA1sT2nPFtQw1WpaF3X6I1OdbEloaixMmk924BOYqwHmlZkoi7XcVUXHI+7i0to8JguHqYj5k/E6c9Chw==",
			"dev": true,
			"dependencies": {
				"@types/node": "*",
				"iconv-lite": "^0.6.3"
			}
		},
		"node_modules/@types/node": {
			"version": "20.2.5",
			"resolved": "https://registry.npmjs.org/@types/node/-/node-20.2.5.tgz",
			"integrity": "sha512-JJulVEQXmiY9Px5axXHeYGLSjhkZEnD+MDPDGbCbIAbMslkKwmygtZFy1X6s/075Yo94sf8GuSlFfPzysQrWZQ==",
			"dev": true
		},
		"node_modules/@types/nodemailer": {
			"version": "6.4.8",
			"resolved": "https://registry.npmjs.org/@types/nodemailer/-/nodemailer-6.4.8.tgz",
			"integrity": "sha512-oVsJSCkqViCn8/pEu2hfjwVO+Gb3e+eTWjg3PcjeFKRItfKpKwHphQqbYmPQrlMk+op7pNNWPbsJIEthpFN/OQ==",
			"dev": true,
			"dependencies": {
				"@types/node": "*"
			}
		},
		"node_modules/@types/sendmail": {
			"version": "1.4.4",
			"resolved": "https://registry.npmjs.org/@types/sendmail/-/sendmail-1.4.4.tgz",
			"integrity": "sha512-tSr6Y2LFKTp4TD6p/B6sSIXBf8RaIjuQhRpXFy8GxwihC0P1lfzf26C4Pvb6dCdVZu12YVOCeHG3wEx15da/Rg==",
			"dev": true
		},
		"node_modules/auriserve": {
			"resolved": "../../api/build",
			"link": true
		},
		"node_modules/common": {
			"resolved": "../../common/build",
			"link": true
		},
		"node_modules/deepmerge": {
			"version": "4.3.1",
			"resolved": "https://registry.npmjs.org/deepmerge/-/deepmerge-4.3.1.tgz",
			"integrity": "sha512-3sUqbMEc77XqpdNO7FRyRog+eW3ph+GYCbj+rK+uYyRMuwsVy0rMiVtPn+QJlKFvWP/1PYpapqYn0Me2knFn+A==",
			"engines": {
				"node": ">=0.10.0"
			}
		},
		"node_modules/dom-serializer": {
			"version": "2.0.0",
			"resolved": "https://registry.npmjs.org/dom-serializer/-/dom-serializer-2.0.0.tgz",
			"integrity": "sha512-wIkAryiqt/nV5EQKqQpo3SToSOV9J0DnbJqwK7Wv/Trc92zIAYZ4FlMu+JPFW1DfGFt81ZTCGgDEabffXeLyJg==",
			"dependencies": {
				"domelementtype": "^2.3.0",
				"domhandler": "^5.0.2",
				"entities": "^4.2.0"
			},
			"funding": {
				"url": "https://github.com/cheeriojs/dom-serializer?sponsor=1"
			}
		},
		"node_modules/domelementtype": {
			"version": "2.3.0",
			"resolved": "https://registry.npmjs.org/domelementtype/-/domelementtype-2.3.0.tgz",
			"integrity": "sha512-OLETBj6w0OsagBwdXnPdN0cnMfF9opN69co+7ZrbfPGrdpPVNBUj02spi6B1N7wChLQiPn4CSH/zJvXw56gmHw==",
			"funding": [
				{
					"type": "github",
					"url": "https://github.com/sponsors/fb55"
				}
			]
		},
		"node_modules/domhandler": {
			"version": "5.0.3",
			"resolved": "https://registry.npmjs.org/domhandler/-/domhandler-5.0.3.tgz",
			"integrity": "sha512-cgwlv/1iFQiFnU96XXgROh8xTeetsnJiDsTc7TYCLFd9+/WNkIqPTxiM/8pSd8VIrhXGTf1Ny1q1hquVqDJB5w==",
			"dependencies": {
				"domelementtype": "^2.3.0"
			},
			"engines": {
				"node": ">= 4"
			},
			"funding": {
				"url": "https://github.com/fb55/domhandler?sponsor=1"
			}
		},
		"node_modules/domutils": {
			"version": "3.1.0",
			"resolved": "https://registry.npmjs.org/domutils/-/domutils-3.1.0.tgz",
			"integrity": "sha512-H78uMmQtI2AhgDJjWeQmHwJJ2bLPD3GMmO7Zja/ZZh84wkm+4ut+IUnUdRa8uCGX88DiVx1j6FRe1XfxEgjEZA==",
			"dependencies": {
				"dom-serializer": "^2.0.0",
				"domelementtype": "^2.3.0",
				"domhandler": "^5.0.3"
			},
			"funding": {
				"url": "https://github.com/fb55/domutils?sponsor=1"
			}
		},
		"node_modules/encoding-japanese": {
			"version": "2.0.0",
			"resolved": "https://registry.npmjs.org/encoding-japanese/-/encoding-japanese-2.0.0.tgz",
			"integrity": "sha512-++P0RhebUC8MJAwJOsT93dT+5oc5oPImp1HubZpAuCZ5kTLnhuuBhKHj2jJeO/Gj93idPBWmIuQ9QWMe5rX3pQ==",
			"engines": {
				"node": ">=8.10.0"
			}
		},
		"node_modules/entities": {
			"version": "4.5.0",
			"resolved": "https://registry.npmjs.org/entities/-/entities-4.5.0.tgz",
			"integrity": "sha512-V0hjH4dGPh9Ao5p0MoRY6BVqtwCjhz6vI5LT8AJ55H+4g9/4vbHx1I54fS0XuclLhDHArPQCiMjDxjaL8fPxhw==",
			"engines": {
				"node": ">=0.12"
			},
			"funding": {
				"url": "https://github.com/fb55/entities?sponsor=1"
			}
		},
		"node_modules/he": {
			"version": "1.2.0",
			"resolved": "https://registry.npmjs.org/he/-/he-1.2.0.tgz",
			"integrity": "sha512-F/1DnUGPopORZi0ni+CvrCgHQ5FyEAHRLSApuYWMmrbSwoN2Mn/7k+Gl38gJnR7yyDZk6WLXwiGod1JOWNDKGw==",
			"bin": {
				"he": "bin/he"
			}
		},
		"node_modules/html-to-text": {
			"version": "9.0.4",
			"resolved": "https://registry.npmjs.org/html-to-text/-/html-to-text-9.0.4.tgz",
			"integrity": "sha512-ckrQ5N2yZS7qSgKxUbqrBZ02NxD5cSy7KuYjCNIf+HWbdzY3fbjYjQsoRIl6TiaZ4+XWOi0ggFP8/pmgCK/o+A==",
			"dependencies": {
				"@selderee/plugin-htmlparser2": "^0.10.0",
				"deepmerge": "^4.3.0",
				"dom-serializer": "^2.0.0",
				"htmlparser2": "^8.0.1",
				"selderee": "^0.10.0"
			},
			"engines": {
				"node": ">=14"
			}
		},
		"node_modules/htmlparser2": {
			"version": "8.0.2",
			"resolved": "https://registry.npmjs.org/htmlparser2/-/htmlparser2-8.0.2.tgz",
			"integrity": "sha512-GYdjWKDkbRLkZ5geuHs5NY1puJ+PXwP7+fHPRz06Eirsb9ugf6d8kkXav6ADhcODhFFPMIXyxkxSuMf3D6NCFA==",
			"funding": [
				"https://github.com/fb55/htmlparser2?sponsor=1",
				{
					"type": "github",
					"url": "https://github.com/sponsors/fb55"
				}
			],
			"dependencies": {
				"domelementtype": "^2.3.0",
				"domhandler": "^5.0.3",
				"domutils": "^3.0.1",
				"entities": "^4.4.0"
			}
		},
		"node_modules/iconv-lite": {
			"version": "0.6.3",
			"resolved": "https://registry.npmjs.org/iconv-lite/-/iconv-lite-0.6.3.tgz",
			"integrity": "sha512-4fCk79wshMdzMp2rH06qWrJE4iolqLhCUH+OiuIgU++RB0+94NlDL81atO7GX55uUKueo0txHNtvEyI6D7WdMw==",
			"dependencies": {
				"safer-buffer": ">= 2.1.2 < 3.0.0"
			},
			"engines": {
				"node": ">=0.10.0"
			}
		},
		"node_modules/leac": {
			"version": "0.6.0",
			"resolved": "https://registry.npmjs.org/leac/-/leac-0.6.0.tgz",
			"integrity": "sha512-y+SqErxb8h7nE/fiEX07jsbuhrpO9lL8eca7/Y1nuWV2moNlXhyd59iDGcRf6moVyDMbmTNzL40SUyrFU/yDpg==",
			"funding": {
				"url": "https://ko-fi.com/killymxi"
			}
		},
		"node_modules/libbase64": {
			"version": "1.2.1",
			"resolved": "https://registry.npmjs.org/libbase64/-/libbase64-1.2.1.tgz",
			"integrity": "sha512-l+nePcPbIG1fNlqMzrh68MLkX/gTxk/+vdvAb388Ssi7UuUN31MI44w4Yf33mM3Cm4xDfw48mdf3rkdHszLNew=="
		},
		"node_modules/libmime": {
			"version": "5.2.1",
			"resolved": "https://registry.npmjs.org/libmime/-/libmime-5.2.1.tgz",
			"integrity": "sha512-A0z9O4+5q+ZTj7QwNe/Juy1KARNb4WaviO4mYeFC4b8dBT2EEqK2pkM+GC8MVnkOjqhl5nYQxRgnPYRRTNmuSQ==",
			"dependencies": {
				"encoding-japanese": "2.0.0",
				"iconv-lite": "0.6.3",
				"libbase64": "1.2.1",
				"libqp": "2.0.1"
			}
		},
		"node_modules/libqp": {
			"version": "2.0.1",
			"resolved": "https://registry.npmjs.org/libqp/-/libqp-2.0.1.tgz",
			"integrity": "sha512-Ka0eC5LkF3IPNQHJmYBWljJsw0UvM6j+QdKRbWyCdTmYwvIDE6a7bCm0UkTAL/K+3KXK5qXT/ClcInU01OpdLg=="
		},
		"node_modules/linkify-it": {
			"version": "4.0.1",
			"resolved": "https://registry.npmjs.org/linkify-it/-/linkify-it-4.0.1.tgz",
			"integrity": "sha512-C7bfi1UZmoj8+PQx22XyeXCuBlokoyWQL5pWSP+EI6nzRylyThouddufc2c1NDIcP9k5agmN9fLpA7VNJfIiqw==",
			"dependencies": {
				"uc.micro": "^1.0.1"
			}
		},
		"node_modules/mailparser": {
			"version": "3.6.4",
			"resolved": "https://registry.npmjs.org/mailparser/-/mailparser-3.6.4.tgz",
			"integrity": "sha512-4bDgbLdlcBKX8jtVskfn/G93nZo3lf7pyuLbAQ031SHQLihEqxtRwHrb9SXMTqiTkEGlOdpDrZE5uH18O+2A+A==",
			"dependencies": {
				"encoding-japanese": "2.0.0",
				"he": "1.2.0",
				"html-to-text": "9.0.4",
				"iconv-lite": "0.6.3",
				"libmime": "5.2.1",
				"linkify-it": "4.0.1",
				"mailsplit": "5.4.0",
				"nodemailer": "6.9.1",
				"tlds": "1.236.0"
			}
		},
		"node_modules/mailparser/node_modules/nodemailer": {
			"version": "6.9.1",
			"resolved": "https://registry.npmjs.org/nodemailer/-/nodemailer-6.9.1.tgz",
			"integrity": "sha512-qHw7dOiU5UKNnQpXktdgQ1d3OFgRAekuvbJLcdG5dnEo/GtcTHRYM7+UfJARdOFU9WUQO8OiIamgWPmiSFHYAA==",
			"engines": {
				"node": ">=6.0.0"
			}
		},
		"node_modules/mailsplit": {
			"version": "5.4.0",
			"resolved": "https://registry.npmjs.org/mailsplit/-/mailsplit-5.4.0.tgz",
			"integrity": "sha512-wnYxX5D5qymGIPYLwnp6h8n1+6P6vz/MJn5AzGjZ8pwICWssL+CCQjWBIToOVHASmATot4ktvlLo6CyLfOXWYA==",
			"dependencies": {
				"libbase64": "1.2.1",
				"libmime": "5.2.0",
				"libqp": "2.0.1"
			}
		},
		"node_modules/mailsplit/node_modules/libmime": {
			"version": "5.2.0",
			"resolved": "https://registry.npmjs.org/libmime/-/libmime-5.2.0.tgz",
			"integrity": "sha512-X2U5Wx0YmK0rXFbk67ASMeqYIkZ6E5vY7pNWRKtnNzqjvdYYG8xtPDpCnuUEnPU9vlgNev+JoSrcaKSUaNvfsw==",
			"dependencies": {
				"encoding-japanese": "2.0.0",
				"iconv-lite": "0.6.3",
				"libbase64": "1.2.1",
				"libqp": "2.0.1"
			}
		},
		"node_modules/nodemailer": {
			"version": "6.9.3",
			"resolved": "https://registry.npmjs.org/nodemailer/-/nodemailer-6.9.3.tgz",
			"integrity": "sha512-fy9v3NgTzBngrMFkDsKEj0r02U7jm6XfC3b52eoNV+GCrGj+s8pt5OqhiJdWKuw51zCTdiNR/IUD1z33LIIGpg==",
			"engines": {
				"node": ">=6.0.0"
			}
		},
		"node_modules/parseley": {
			"version": "0.11.0",
			"resolved": "https://registry.npmjs.org/parseley/-/parseley-0.11.0.tgz",
			"integrity": "sha512-VfcwXlBWgTF+unPcr7yu3HSSA6QUdDaDnrHcytVfj5Z8azAyKBDrYnSIfeSxlrEayndNcLmrXzg+Vxbo6DWRXQ==",
			"dependencies": {
				"leac": "^0.6.0",
				"peberminta": "^0.8.0"
			},
			"funding": {
				"url": "https://ko-fi.com/killymxi"
			}
		},
		"node_modules/peberminta": {
			"version": "0.8.0",
			"resolved": "https://registry.npmjs.org/peberminta/-/peberminta-0.8.0.tgz",
			"integrity": "sha512-YYEs+eauIjDH5nUEGi18EohWE0nV2QbGTqmxQcqgZ/0g+laPCQmuIqq7EBLVi9uim9zMgfJv0QBZEnQ3uHw/Tw==",
			"funding": {
				"url": "https://ko-fi.com/killymxi"
			}
		},
		"node_modules/safer-buffer": {
			"version": "2.1.2",
			"resolved": "https://registry.npmjs.org/safer-buffer/-/safer-buffer-2.1.2.tgz",
			"integrity": "sha512-YZo3K82SD7Riyi0E1EQPojLz7kpepnSQI9IyPbHHg1XXXevb5dJI7tpyN2ADxGcQbHG7vcyRHk0cbwqcQriUtg=="
		},
		"node_modules/selderee": {
			"version": "0.10.0",
			"resolved": "https://registry.npmjs.org/selderee/-/selderee-0.10.0.tgz",
			"integrity": "sha512-DEL/RW/f4qLw/NrVg97xKaEBC8IpzIG2fvxnzCp3Z4yk4jQ3MXom+Imav9wApjxX2dfS3eW7x0DXafJr85i39A==",
			"dependencies": {
				"parseley": "^0.11.0"
			},
			"funding": {
				"url": "https://ko-fi.com/killymxi"
			}
		},
		"node_modules/tlds": {
			"version": "1.236.0",
			"resolved": "https://registry.npmjs.org/tlds/-/tlds-1.236.0.tgz",
			"integrity": "sha512-oP2PZ3KeGlgpHgsEfrtva3/K9kzsJUNliQSbCfrJ7JMCWFoCdtG+9YMq/g2AnADQ1v5tVlbtvKJZ4KLpy/P6MA==",
			"bin": {
				"tlds": "bin.js"
			}
		},
		"node_modules/uc.micro": {
			"version": "1.0.6",
			"resolved": "https://registry.npmjs.org/uc.micro/-/uc.micro-1.0.6.tgz",
			"integrity": "sha512-8Y75pvTYkLJW2hWQHXxoqRgV7qb9B+9vFEtidML+7koHUFapnVJAZ6cKs+Qjz5Aw3aZWHMC6u0wJE3At+nSGwA=="
		},
		"node_modules/webpack-gen": {
			"resolved": "../../webpack-gen",
			"link": true
		},
		"node_modules/zod": {
			"version": "3.21.4",
			"resolved": "https://registry.npmjs.org/zod/-/zod-3.21.4.tgz",
			"integrity": "sha512-m46AKbrzKVzOzs/DZgVnG5H55N1sv1M8qZU3A8RIKbs3mrACDNeIOeilDymVb2HdmP8uwshOCF4uJ8uM9rCqJw==",
			"funding": {
				"url": "https://github.com/sponsors/colinhacks"
			}
		}
	},
	"dependencies": {
		"@selderee/plugin-htmlparser2": {
			"version": "0.10.0",
			"resolved": "https://registry.npmjs.org/@selderee/plugin-htmlparser2/-/plugin-htmlparser2-0.10.0.tgz",
			"integrity": "sha512-gW69MEamZ4wk1OsOq1nG1jcyhXIQcnrsX5JwixVw/9xaiav8TCyjESAruu1Rz9yyInhgBXxkNwMeygKnN2uxNA==",
			"requires": {
				"domhandler": "^5.0.3",
				"selderee": "^0.10.0"
			}
		},
		"@types/mailparser": {
			"version": "3.4.0",
			"resolved": "https://registry.npmjs.org/@types/mailparser/-/mailparser-3.4.0.tgz",
			"integrity": "sha512-MotFinA1sT2nPFtQw1WpaF3X6I1OdbEloaixMmk924BOYqwHmlZkoi7XcVUXHI+7i0to8JguHqYj5k/E6c9Chw==",
			"dev": true,
			"requires": {
				"@types/node": "*",
				"iconv-lite": "^0.6.3"
			}
		},
		"@types/node": {
			"version": "20.2.5",
			"resolved": "https://registry.npmjs.org/@types/node/-/node-20.2.5.tgz",
			"integrity": "sha512-JJulVEQXmiY9Px5axXHeYGLSjhkZEnD+MDPDGbCbIAbMslkKwmygtZFy1X6s/075Yo94sf8GuSlFfPzysQrWZQ==",
			"dev": true
		},
		"@types/nodemailer": {
			"version": "6.4.8",
			"resolved": "https://registry.npmjs.org/@types/nodemailer/-/nodemailer-6.4.8.tgz",
			"integrity": "sha512-oVsJSCkqViCn8/pEu2hfjwVO+Gb3e+eTWjg3PcjeFKRItfKpKwHphQqbYmPQrlMk+op7pNNWPbsJIEthpFN/OQ==",
			"dev": true,
			"requires": {
				"@types/node": "*"
			}
		},
		"@types/sendmail": {
			"version": "1.4.4",
			"resolved": "https://registry.npmjs.org/@types/sendmail/-/sendmail-1.4.4.tgz",
			"integrity": "sha512-tSr6Y2LFKTp4TD6p/B6sSIXBf8RaIjuQhRpXFy8GxwihC0P1lfzf26C4Pvb6dCdVZu12YVOCeHG3wEx15da/Rg==",
			"dev": true
		},
		"auriserve": {
			"version": "file:../../api/build",
			"requires": {
				"common": "file:../../common/build"
			}
		},
		"common": {
			"version": "file:../../common/build",
			"requires": {
				"dayjs": "^1.10.5"
			}
		},
		"deepmerge": {
			"version": "4.3.1",
			"resolved": "https://registry.npmjs.org/deepmerge/-/deepmerge-4.3.1.tgz",
			"integrity": "sha512-3sUqbMEc77XqpdNO7FRyRog+eW3ph+GYCbj+rK+uYyRMuwsVy0rMiVtPn+QJlKFvWP/1PYpapqYn0Me2knFn+A=="
		},
		"dom-serializer": {
			"version": "2.0.0",
			"resolved": "https://registry.npmjs.org/dom-serializer/-/dom-serializer-2.0.0.tgz",
			"integrity": "sha512-wIkAryiqt/nV5EQKqQpo3SToSOV9J0DnbJqwK7Wv/Trc92zIAYZ4FlMu+JPFW1DfGFt81ZTCGgDEabffXeLyJg==",
			"requires": {
				"domelementtype": "^2.3.0",
				"domhandler": "^5.0.2",
				"entities": "^4.2.0"
			}
		},
		"domelementtype": {
			"version": "2.3.0",
			"resolved": "https://registry.npmjs.org/domelementtype/-/domelementtype-2.3.0.tgz",
			"integrity": "sha512-OLETBj6w0OsagBwdXnPdN0cnMfF9opN69co+7ZrbfPGrdpPVNBUj02spi6B1N7wChLQiPn4CSH/zJvXw56gmHw=="
		},
		"domhandler": {
			"version": "5.0.3",
			"resolved": "https://registry.npmjs.org/domhandler/-/domhandler-5.0.3.tgz",
			"integrity": "sha512-cgwlv/1iFQiFnU96XXgROh8xTeetsnJiDsTc7TYCLFd9+/WNkIqPTxiM/8pSd8VIrhXGTf1Ny1q1hquVqDJB5w==",
			"requires": {
				"domelementtype": "^2.3.0"
			}
		},
		"domutils": {
			"version": "3.1.0",
			"resolved": "https://registry.npmjs.org/domutils/-/domutils-3.1.0.tgz",
			"integrity": "sha512-H78uMmQtI2AhgDJjWeQmHwJJ2bLPD3GMmO7Zja/ZZh84wkm+4ut+IUnUdRa8uCGX88DiVx1j6FRe1XfxEgjEZA==",
			"requires": {
				"dom-serializer": "^2.0.0",
				"domelementtype": "^2.3.0",
				"domhandler": "^5.0.3"
			}
		},
		"encoding-japanese": {
			"version": "2.0.0",
			"resolved": "https://registry.npmjs.org/encoding-japanese/-/encoding-japanese-2.0.0.tgz",
			"integrity": "sha512-++P0RhebUC8MJAwJOsT93dT+5oc5oPImp1HubZpAuCZ5kTLnhuuBhKHj2jJeO/Gj93idPBWmIuQ9QWMe5rX3pQ=="
		},
		"entities": {
			"version": "4.5.0",
			"resolved": "https://registry.npmjs.org/entities/-/entities-4.5.0.tgz",
			"integrity": "sha512-V0hjH4dGPh9Ao5p0MoRY6BVqtwCjhz6vI5LT8AJ55H+4g9/4vbHx1I54fS0XuclLhDHArPQCiMjDxjaL8fPxhw=="
		},
		"he": {
			"version": "1.2.0",
			"resolved": "https://registry.npmjs.org/he/-/he-1.2.0.tgz",
			"integrity": "sha512-F/1DnUGPopORZi0ni+CvrCgHQ5FyEAHRLSApuYWMmrbSwoN2Mn/7k+Gl38gJnR7yyDZk6WLXwiGod1JOWNDKGw=="
		},
		"html-to-text": {
			"version": "9.0.4",
			"resolved": "https://registry.npmjs.org/html-to-text/-/html-to-text-9.0.4.tgz",
			"integrity": "sha512-ckrQ5N2yZS7qSgKxUbqrBZ02NxD5cSy7KuYjCNIf+HWbdzY3fbjYjQsoRIl6TiaZ4+XWOi0ggFP8/pmgCK/o+A==",
			"requires": {
				"@selderee/plugin-htmlparser2": "^0.10.0",
				"deepmerge": "^4.3.0",
				"dom-serializer": "^2.0.0",
				"htmlparser2": "^8.0.1",
				"selderee": "^0.10.0"
			}
		},
		"htmlparser2": {
			"version": "8.0.2",
			"resolved": "https://registry.npmjs.org/htmlparser2/-/htmlparser2-8.0.2.tgz",
			"integrity": "sha512-GYdjWKDkbRLkZ5geuHs5NY1puJ+PXwP7+fHPRz06Eirsb9ugf6d8kkXav6ADhcODhFFPMIXyxkxSuMf3D6NCFA==",
			"requires": {
				"domelementtype": "^2.3.0",
				"domhandler": "^5.0.3",
				"domutils": "^3.0.1",
				"entities": "^4.4.0"
			}
		},
		"iconv-lite": {
			"version": "0.6.3",
			"resolved": "https://registry.npmjs.org/iconv-lite/-/iconv-lite-0.6.3.tgz",
			"integrity": "sha512-4fCk79wshMdzMp2rH06qWrJE4iolqLhCUH+OiuIgU++RB0+94NlDL81atO7GX55uUKueo0txHNtvEyI6D7WdMw==",
			"requires": {
				"safer-buffer": ">= 2.1.2 < 3.0.0"
			}
		},
		"leac": {
			"version": "0.6.0",
			"resolved": "https://registry.npmjs.org/leac/-/leac-0.6.0.tgz",
			"integrity": "sha512-y+SqErxb8h7nE/fiEX07jsbuhrpO9lL8eca7/Y1nuWV2moNlXhyd59iDGcRf6moVyDMbmTNzL40SUyrFU/yDpg=="
		},
		"libbase64": {
			"version": "1.2.1",
			"resolved": "https://registry.npmjs.org/libbase64/-/libbase64-1.2.1.tgz",
			"integrity": "sha512-l+nePcPbIG1fNlqMzrh68MLkX/gTxk/+vdvAb388Ssi7UuUN31MI44w4Yf33mM3Cm4xDfw48mdf3rkdHszLNew=="
		},
		"libmime": {
			"version": "5.2.1",
			"resolved": "https://registry.npmjs.org/libmime/-/libmime-5.2.1.tgz",
			"integrity": "sha512-A0z9O4+5q+ZTj7QwNe/Juy1KARNb4WaviO4mYeFC4b8dBT2EEqK2pkM+GC8MVnkOjqhl5nYQxRgnPYRRTNmuSQ==",
			"requires": {
				"encoding-japanese": "2.0.0",
				"iconv-lite": "0.6.3",
				"libbase64": "1.2.1",
				"libqp": "2.0.1"
			}
		},
		"libqp": {
			"version": "2.0.1",
			"resolved": "https://registry.npmjs.org/libqp/-/libqp-2.0.1.tgz",
			"integrity": "sha512-Ka0eC5LkF3IPNQHJmYBWljJsw0UvM6j+QdKRbWyCdTmYwvIDE6a7bCm0UkTAL/K+3KXK5qXT/ClcInU01OpdLg=="
		},
		"linkify-it": {
			"version": "4.0.1",
			"resolved": "https://registry.npmjs.org/linkify-it/-/linkify-it-4.0.1.tgz",
			"integrity": "sha512-C7bfi1UZmoj8+PQx22XyeXCuBlokoyWQL5pWSP+EI6nzRylyThouddufc2c1NDIcP9k5agmN9fLpA7VNJfIiqw==",
			"requires": {
				"uc.micro": "^1.0.1"
			}
		},
		"mailparser": {
			"version": "3.6.4",
			"resolved": "https://registry.npmjs.org/mailparser/-/mailparser-3.6.4.tgz",
			"integrity": "sha512-4bDgbLdlcBKX8jtVskfn/G93nZo3lf7pyuLbAQ031SHQLihEqxtRwHrb9SXMTqiTkEGlOdpDrZE5uH18O+2A+A==",
			"requires": {
				"encoding-japanese": "2.0.0",
				"he": "1.2.0",
				"html-to-text": "9.0.4",
				"iconv-lite": "0.6.3",
				"libmime": "5.2.1",
				"linkify-it": "4.0.1",
				"mailsplit": "5.4.0",
				"nodemailer": "6.9.1",
				"tlds": "1.236.0"
			},
			"dependencies": {
				"nodemailer": {
					"version": "6.9.1",
					"resolved": "https://registry.npmjs.org/nodemailer/-/nodemailer-6.9.1.tgz",
					"integrity": "sha512-qHw7dOiU5UKNnQpXktdgQ1d3OFgRAekuvbJLcdG5dnEo/GtcTHRYM7+UfJARdOFU9WUQO8OiIamgWPmiSFHYAA=="
				}
			}
		},
		"mailsplit": {
			"version": "5.4.0",
			"resolved": "https://registry.npmjs.org/mailsplit/-/mailsplit-5.4.0.tgz",
			"integrity": "sha512-wnYxX5D5qymGIPYLwnp6h8n1+6P6vz/MJn5AzGjZ8pwICWssL+CCQjWBIToOVHASmATot4ktvlLo6CyLfOXWYA==",
			"requires": {
				"libbase64": "1.2.1",
				"libmime": "5.2.0",
				"libqp": "2.0.1"
			},
			"dependencies": {
				"libmime": {
					"version": "5.2.0",
					"resolved": "https://registry.npmjs.org/libmime/-/libmime-5.2.0.tgz",
					"integrity": "sha512-X2U5Wx0YmK0rXFbk67ASMeqYIkZ6E5vY7pNWRKtnNzqjvdYYG8xtPDpCnuUEnPU9vlgNev+JoSrcaKSUaNvfsw==",
					"requires": {
						"encoding-japanese": "2.0.0",
						"iconv-lite": "0.6.3",
						"libbase64": "1.2.1",
						"libqp": "2.0.1"
					}
				}
			}
		},
		"nodemailer": {
			"version": "6.9.3",
			"resolved": "https://registry.npmjs.org/nodemailer/-/nodemailer-6.9.3.tgz",
			"integrity": "sha512-fy9v3NgTzBngrMFkDsKEj0r02U7jm6XfC3b52eoNV+GCrGj+s8pt5OqhiJdWKuw51zCTdiNR/IUD1z33LIIGpg=="
		},
		"parseley": {
			"version": "0.11.0",
			"resolved": "https://registry.npmjs.org/parseley/-/parseley-0.11.0.tgz",
			"integrity": "sha512-VfcwXlBWgTF+unPcr7yu3HSSA6QUdDaDnrHcytVfj5Z8azAyKBDrYnSIfeSxlrEayndNcLmrXzg+Vxbo6DWRXQ==",
			"requires": {
				"leac": "^0.6.0",
				"peberminta": "^0.8.0"
			}
		},
		"peberminta": {
			"version": "0.8.0",
			"resolved": "https://registry.npmjs.org/peberminta/-/peberminta-0.8.0.tgz",
			"integrity": "sha512-YYEs+eauIjDH5nUEGi18EohWE0nV2QbGTqmxQcqgZ/0g+laPCQmuIqq7EBLVi9uim9zMgfJv0QBZEnQ3uHw/Tw=="
		},
		"safer-buffer": {
			"version": "2.1.2",
			"resolved": "https://registry.npmjs.org/safer-buffer/-/safer-buffer-2.1.2.tgz",
			"integrity": "sha512-YZo3K82SD7Riyi0E1EQPojLz7kpepnSQI9IyPbHHg1XXXevb5dJI7tpyN2ADxGcQbHG7vcyRHk0cbwqcQriUtg=="
		},
		"selderee": {
			"version": "0.10.0",
			"resolved": "https://registry.npmjs.org/selderee/-/selderee-0.10.0.tgz",
			"integrity": "sha512-DEL/RW/f4qLw/NrVg97xKaEBC8IpzIG2fvxnzCp3Z4yk4jQ3MXom+Imav9wApjxX2dfS3eW7x0DXafJr85i39A==",
			"requires": {
				"parseley": "^0.11.0"
			}
		},
		"tlds": {
			"version": "1.236.0",
			"resolved": "https://registry.npmjs.org/tlds/-/tlds-1.236.0.tgz",
			"integrity": "sha512-oP2PZ3KeGlgpHgsEfrtva3/K9kzsJUNliQSbCfrJ7JMCWFoCdtG+9YMq/g2AnADQ1v5tVlbtvKJZ4KLpy/P6MA=="
		},
		"uc.micro": {
			"version": "1.0.6",
			"resolved": "https://registry.npmjs.org/uc.micro/-/uc.micro-1.0.6.tgz",
			"integrity": "sha512-8Y75pvTYkLJW2hWQHXxoqRgV7qb9B+9vFEtidML+7koHUFapnVJAZ6cKs+Qjz5Aw3aZWHMC6u0wJE3At+nSGwA=="
		},
		"webpack-gen": {
			"version": "file:../../webpack-gen",
			"requires": {
				"@babel/core": "^7.18.13",
				"@babel/plugin-transform-react-jsx": "^7.18.10",
				"@babel/preset-env": "^7.18.10",
				"@babel/preset-typescript": "^7.18.6",
				"@types/js-yaml": "^4.0.5",
				"@types/minimist": "^1.2.2",
				"@types/webpack-node-externals": "^2.5.3",
				"babel-loader": "^8.2.5",
				"css-loader": "^6.7.1",
				"eslint-webpack-plugin": "^3.2.0",
				"fork-ts-checker-webpack-plugin": "^7.2.13",
				"js-yaml": "^4.1.0",
				"mini-css-extract-plugin": "^2.6.1",
				"minimist": "^1.2.6",
				"nodemon": "^2.0.19",
				"postcss-loader": "^7.0.1",
				"postcss-minify": "^1.1.0",
				"postcss-nested": "^5.0.6",
				"typescript": "^4.7.4",
				"webpack-merge": "^5.8.0",
				"webpack-node-externals": "^3.0.0"
			}
		},
		"zod": {
			"version": "3.21.4",
			"resolved": "https://registry.npmjs.org/zod/-/zod-3.21.4.tgz",
			"integrity": "sha512-m46AKbrzKVzOzs/DZgVnG5H55N1sv1M8qZU3A8RIKbs3mrACDNeIOeilDymVb2HdmP8uwshOCF4uJ8uM9rCqJw=="
		}
	}
}
