{
	"name": "@auriserve/plugin-themes",
	"version": "1.0.0",
	"lockfileVersion": 2,
	"requires": true,
	"packages": {
		"": {
			"name": "@auriserve/plugin-themes",
			"version": "1.0.0",
			"license": "MIT",
			"dependencies": {
				"auriserve": "file:../../api/build",
				"clean-css": "^5.3.2",
				"common": "file:../../common/build",
				"preact": "^10.10.2",
				"preact-render-to-string": "^5.2.1"
			},
			"devDependencies": {
				"@types/clean-css": "^4.2.6",
				"@types/elements": "file:../elements",
				"@types/pages": "file:../pages",
				"webpack-gen": "file:../../webpack-gen"
			}
		},
		"../../api/build": {
			"name": "@auriserve/api",
			"version": "0.0.0",
			"license": "MIT",
			"dependencies": {
				"common": "file:../../common/build/"
			}
		},
		"../../common/build": {
			"name": "@auriserve/common",
			"version": "0.0.0",
			"license": "MIT",
			"dependencies": {
				"dayjs": "^1.10.5"
			}
		},
		"../../webpack-gen": {
			"version": "0.0.1",
			"dev": true,
			"license": "MIT",
			"dependencies": {
				"js-yaml": "^4.1.0",
				"minimist": "^1.2.6"
			},
			"bin": {
				"webpack-gen": "build/Main.js"
			},
			"devDependencies": {
				"@babel/core": "^7.18.13",
				"@babel/plugin-transform-react-jsx": "^7.18.10",
				"@babel/preset-env": "^7.18.10",
				"@babel/preset-typescript": "^7.18.6",
				"@types/js-yaml": "^4.0.5",
				"@types/minimist": "^1.2.2",
				"@types/webpack-node-externals": "^2.5.3",
				"babel-loader": "^8.2.5",
				"css-loader": "^6.7.1",
				"eslint-webpack-plugin": "^3.2.0",
				"fork-ts-checker-webpack-plugin": "^7.2.13",
				"mini-css-extract-plugin": "^2.6.1",
				"nodemon": "^2.0.19",
				"postcss-loader": "^7.0.1",
				"postcss-minify": "^1.1.0",
				"postcss-nested": "^5.0.6",
				"typescript": "^4.7.4",
				"webpack-merge": "^5.8.0",
				"webpack-node-externals": "^3.0.0"
			}
		},
		"../elements": {
			"name": "@auriserve/plugin-elements",
			"version": "0.0.1",
			"dev": true,
			"license": "MIT",
			"dependencies": {
				"common": "file:../../common/build"
			},
			"devDependencies": {
				"preact": "^10.10.2",
				"preact-render-to-string": "^5.2.1",
				"webpack-gen": "file:../../webpack-gen"
			}
		},
		"../pages": {
			"name": "@auriserve/plugin-pages",
			"version": "0.0.1",
			"dev": true,
			"license": "UNLICENSED",
			"dependencies": {
				"auriserve": "file:../../api/build",
				"bufferutil": "^4.0.7",
				"common": "file:../../common/build",
				"escape-html": "^1.0.3",
				"utf-8-validate": "^6.0.3",
				"ws": "^8.13.0"
			},
			"devDependencies": {
				"@types/elements": "file:../elements",
				"@types/escape-html": "^1.0.1",
				"@types/routes": "file:../routes",
				"@types/ws": "^8.5.4",
				"webpack-gen": "file:../../webpack-gen"
			}
		},
		"node_modules/@types/clean-css": {
			"version": "4.2.6",
			"resolved": "https://registry.npmjs.org/@types/clean-css/-/clean-css-4.2.6.tgz",
			"integrity": "sha512-Ze1tf+LnGPmG6hBFMi0B4TEB0mhF7EiMM5oyjLDNPE9hxrPU0W+5+bHvO+eFPA+bt0iC1zkQMoU/iGdRVjcRbw==",
			"dev": true,
			"dependencies": {
				"@types/node": "*",
				"source-map": "^0.6.0"
			}
		},
		"node_modules/@types/clean-css/node_modules/source-map": {
			"version": "0.6.1",
			"resolved": "https://registry.npmjs.org/source-map/-/source-map-0.6.1.tgz",
			"integrity": "sha512-UjgapumWlbMhkBgzT7Ykc5YXUT46F0iKu8SGXq0bcwP5dz/h0Plj6enJqjz1Zbq2l5WaqYnrVbwWOWMyF3F47g==",
			"dev": true,
			"engines": {
				"node": ">=0.10.0"
			}
		},
		"node_modules/@types/elements": {
			"resolved": "../elements",
			"link": true
		},
		"node_modules/@types/node": {
			"version": "17.0.8",
			"resolved": "https://registry.npmjs.org/@types/node/-/node-17.0.8.tgz",
			"integrity": "sha512-YofkM6fGv4gDJq78g4j0mMuGMkZVxZDgtU0JRdx6FgiJDG+0fY0GKVolOV8WqVmEhLCXkQRjwDdKyPxJp/uucg==",
			"dev": true
		},
		"node_modules/@types/pages": {
			"resolved": "../pages",
			"link": true
		},
		"node_modules/auriserve": {
			"resolved": "../../api/build",
			"link": true
		},
		"node_modules/clean-css": {
			"version": "5.3.2",
			"resolved": "https://registry.npmjs.org/clean-css/-/clean-css-5.3.2.tgz",
			"integrity": "sha512-JVJbM+f3d3Q704rF4bqQ5UUyTtuJ0JRKNbTKVEeujCCBoMdkEi+V+e8oktO9qGQNSvHrFTM6JZRXrUvGR1czww==",
			"dependencies": {
				"source-map": "~0.6.0"
			},
			"engines": {
				"node": ">= 10.0"
			}
		},
		"node_modules/clean-css/node_modules/source-map": {
			"version": "0.6.1",
			"resolved": "https://registry.npmjs.org/source-map/-/source-map-0.6.1.tgz",
			"integrity": "sha512-UjgapumWlbMhkBgzT7Ykc5YXUT46F0iKu8SGXq0bcwP5dz/h0Plj6enJqjz1Zbq2l5WaqYnrVbwWOWMyF3F47g==",
			"engines": {
				"node": ">=0.10.0"
			}
		},
		"node_modules/common": {
			"resolved": "../../common/build",
			"link": true
		},
		"node_modules/preact": {
			"version": "10.10.2",
			"resolved": "https://registry.npmjs.org/preact/-/preact-10.10.2.tgz",
			"integrity": "sha512-GUXSsfwq4NKhlLYY5ctfNE0IjFk7Xo4952yPI8yMkXdhzeQmQ+FahZITe7CeHXMPyKBVQ8SoCmGNIy9TSOdhgQ==",
			"funding": {
				"type": "opencollective",
				"url": "https://opencollective.com/preact"
			}
		},
		"node_modules/preact-render-to-string": {
			"version": "5.2.1",
			"resolved": "https://registry.npmjs.org/preact-render-to-string/-/preact-render-to-string-5.2.1.tgz",
			"integrity": "sha512-Wp3ner1aIVBpKg02C4AoLdBiw4kNaiFSYHr4wUF+fR7FWKAQzNri+iPfPp31sEhAtBfWoJrSxiEFzd5wp5zCgQ==",
			"dependencies": {
				"pretty-format": "^3.8.0"
			},
			"peerDependencies": {
				"preact": ">=10"
			}
		},
		"node_modules/pretty-format": {
			"version": "3.8.0",
			"resolved": "https://registry.npmjs.org/pretty-format/-/pretty-format-3.8.0.tgz",
			"integrity": "sha1-v77VbV6ad2ZF9LH/eqGjrE+jw4U="
		},
		"node_modules/webpack-gen": {
			"resolved": "../../webpack-gen",
			"link": true
		}
	},
	"dependencies": {
		"@types/clean-css": {
			"version": "4.2.6",
			"resolved": "https://registry.npmjs.org/@types/clean-css/-/clean-css-4.2.6.tgz",
			"integrity": "sha512-Ze1tf+LnGPmG6hBFMi0B4TEB0mhF7EiMM5oyjLDNPE9hxrPU0W+5+bHvO+eFPA+bt0iC1zkQMoU/iGdRVjcRbw==",
			"dev": true,
			"requires": {
				"@types/node": "*",
				"source-map": "^0.6.0"
			},
			"dependencies": {
				"source-map": {
					"version": "0.6.1",
					"resolved": "https://registry.npmjs.org/source-map/-/source-map-0.6.1.tgz",
					"integrity": "sha512-UjgapumWlbMhkBgzT7Ykc5YXUT46F0iKu8SGXq0bcwP5dz/h0Plj6enJqjz1Zbq2l5WaqYnrVbwWOWMyF3F47g==",
					"dev": true
				}
			}
		},
		"@types/elements": {
			"version": "file:../elements",
			"requires": {
				"common": "file:../../common/build",
				"preact": "^10.10.2",
				"preact-render-to-string": "^5.2.1",
				"webpack-gen": "file:../../webpack-gen"
			}
		},
		"@types/node": {
			"version": "17.0.8",
			"resolved": "https://registry.npmjs.org/@types/node/-/node-17.0.8.tgz",
			"integrity": "sha512-YofkM6fGv4gDJq78g4j0mMuGMkZVxZDgtU0JRdx6FgiJDG+0fY0GKVolOV8WqVmEhLCXkQRjwDdKyPxJp/uucg==",
			"dev": true
		},
		"@types/pages": {
			"version": "file:../pages",
			"requires": {
				"@types/elements": "file:../elements",
				"@types/escape-html": "^1.0.1",
				"@types/routes": "file:../routes",
				"@types/ws": "^8.5.4",
				"auriserve": "file:../../api/build",
				"bufferutil": "^4.0.7",
				"common": "file:../../common/build",
				"escape-html": "^1.0.3",
				"utf-8-validate": "^6.0.3",
				"webpack-gen": "file:../../webpack-gen",
				"ws": "^8.13.0"
			}
		},
		"auriserve": {
			"version": "file:../../api/build",
			"requires": {
				"common": "file:../../common/build"
			}
		},
		"clean-css": {
			"version": "5.3.2",
			"resolved": "https://registry.npmjs.org/clean-css/-/clean-css-5.3.2.tgz",
			"integrity": "sha512-JVJbM+f3d3Q704rF4bqQ5UUyTtuJ0JRKNbTKVEeujCCBoMdkEi+V+e8oktO9qGQNSvHrFTM6JZRXrUvGR1czww==",
			"requires": {
				"source-map": "~0.6.0"
			},
			"dependencies": {
				"source-map": {
					"version": "0.6.1",
					"resolved": "https://registry.npmjs.org/source-map/-/source-map-0.6.1.tgz",
					"integrity": "sha512-UjgapumWlbMhkBgzT7Ykc5YXUT46F0iKu8SGXq0bcwP5dz/h0Plj6enJqjz1Zbq2l5WaqYnrVbwWOWMyF3F47g=="
				}
			}
		},
		"common": {
			"version": "file:../../common/build",
			"requires": {
				"dayjs": "^1.10.5"
			}
		},
		"preact": {
			"version": "10.10.2",
			"resolved": "https://registry.npmjs.org/preact/-/preact-10.10.2.tgz",
			"integrity": "sha512-GUXSsfwq4NKhlLYY5ctfNE0IjFk7Xo4952yPI8yMkXdhzeQmQ+FahZITe7CeHXMPyKBVQ8SoCmGNIy9TSOdhgQ=="
		},
		"preact-render-to-string": {
			"version": "5.2.1",
			"resolved": "https://registry.npmjs.org/preact-render-to-string/-/preact-render-to-string-5.2.1.tgz",
			"integrity": "sha512-Wp3ner1aIVBpKg02C4AoLdBiw4kNaiFSYHr4wUF+fR7FWKAQzNri+iPfPp31sEhAtBfWoJrSxiEFzd5wp5zCgQ==",
			"requires": {
				"pretty-format": "^3.8.0"
			}
		},
		"pretty-format": {
			"version": "3.8.0",
			"resolved": "https://registry.npmjs.org/pretty-format/-/pretty-format-3.8.0.tgz",
			"integrity": "sha1-v77VbV6ad2ZF9LH/eqGjrE+jw4U="
		},
		"webpack-gen": {
			"version": "file:../../webpack-gen",
			"requires": {
				"@babel/core": "^7.18.13",
				"@babel/plugin-transform-react-jsx": "^7.18.10",
				"@babel/preset-env": "^7.18.10",
				"@babel/preset-typescript": "^7.18.6",
				"@types/js-yaml": "^4.0.5",
				"@types/minimist": "^1.2.2",
				"@types/webpack-node-externals": "^2.5.3",
				"babel-loader": "^8.2.5",
				"css-loader": "^6.7.1",
				"eslint-webpack-plugin": "^3.2.0",
				"fork-ts-checker-webpack-plugin": "^7.2.13",
				"js-yaml": "^4.1.0",
				"mini-css-extract-plugin": "^2.6.1",
				"minimist": "^1.2.6",
				"nodemon": "^2.0.19",
				"postcss-loader": "^7.0.1",
				"postcss-minify": "^1.1.0",
				"postcss-nested": "^5.0.6",
				"typescript": "^4.7.4",
				"webpack-merge": "^5.8.0",
				"webpack-node-externals": "^3.0.0"
			}
		}
	}
}
